// !$*UTF8*$!
{
	archiveVersion = 1;
	classes = {
	};
	objectVersion = 46;
	objects = {

/* Begin PBXBuildFile section */
		2B7DA0DE1F26146A00589BFF /* YAJL.framework in Frameworks */ = {isa = PBXBuildFile; fileRef = 2B7DA0DD1F26146A00589BFF /* YAJL.framework */; };
		2B7DA0E01F26146A00589BFF /* GXFoundation.framework in Frameworks */ = {isa = PBXBuildFile; fileRef = 2B7DA0DF1F26146A00589BFF /* GXFoundation.framework */; };
		2B7DA0E21F26146A00589BFF /* GXObjectsModel.framework in Frameworks */ = {isa = PBXBuildFile; fileRef = 2B7DA0E11F26146A00589BFF /* GXObjectsModel.framework */; };
		2B7DA0E41F26146A00589BFF /* GXDataLayer.framework in Frameworks */ = {isa = PBXBuildFile; fileRef = 2B7DA0E31F26146A00589BFF /* GXDataLayer.framework */; };
		2B7DA0E61F26146A00589BFF /* GXStandardClasses.framework in Frameworks */ = {isa = PBXBuildFile; fileRef = 2B7DA0E51F26146A00589BFF /* GXStandardClasses.framework */; };
		2B7DA0E81F26146A00589BFF /* GXCoreBL.framework in Frameworks */ = {isa = PBXBuildFile; fileRef = 2B7DA0E71F26146A00589BFF /* GXCoreBL.framework */; };
		2B7DA0F11F26146A00589BFF /* YAJL.framework in Frameworks */ = {isa = PBXBuildFile; fileRef = 2B7DA0DD1F26146A00589BFF /* YAJL.framework */; };
		2B7DA0F21F26146A00589BFF /* GXFoundation.framework in Frameworks */ = {isa = PBXBuildFile; fileRef = 2B7DA0DF1F26146A00589BFF /* GXFoundation.framework */; };
		2B7DA0F31F26146A00589BFF /* GXObjectsModel.framework in Frameworks */ = {isa = PBXBuildFile; fileRef = 2B7DA0E11F26146A00589BFF /* GXObjectsModel.framework */; };
		2B7DA0F41F26146A00589BFF /* GXDataLayer.framework in Frameworks */ = {isa = PBXBuildFile; fileRef = 2B7DA0E31F26146A00589BFF /* GXDataLayer.framework */; };
		2B7DA0F51F26146A00589BFF /* GXStandardClasses.framework in Frameworks */ = {isa = PBXBuildFile; fileRef = 2B7DA0E51F26146A00589BFF /* GXStandardClasses.framework */; };
		2B7DA0F61F26146A00589BFF /* GXCoreBL.framework in Frameworks */ = {isa = PBXBuildFile; fileRef = 2B7DA0E71F26146A00589BFF /* GXCoreBL.framework */; };
		2B7DA0FE1F26146A00589BFF /* YAJL.framework in Frameworks */ = {isa = PBXBuildFile; fileRef = 2B7DA0DD1F26146A00589BFF /* YAJL.framework */; };
		2B7DA0FF1F26146A00589BFF /* GXFoundation.framework in Frameworks */ = {isa = PBXBuildFile; fileRef = 2B7DA0DF1F26146A00589BFF /* GXFoundation.framework */; };
		2B7DA1001F26146A00589BFF /* GXObjectsModel.framework in Frameworks */ = {isa = PBXBuildFile; fileRef = 2B7DA0E11F26146A00589BFF /* GXObjectsModel.framework */; };
		2B7DA1011F26146A00589BFF /* GXDataLayer.framework in Frameworks */ = {isa = PBXBuildFile; fileRef = 2B7DA0E31F26146A00589BFF /* GXDataLayer.framework */; };
		2B7DA1021F26146A00589BFF /* GXStandardClasses.framework in Frameworks */ = {isa = PBXBuildFile; fileRef = 2B7DA0E51F26146A00589BFF /* GXStandardClasses.framework */; };
		2B7DA1031F26146A00589BFF /* GXCoreBL.framework in Frameworks */ = {isa = PBXBuildFile; fileRef = 2B7DA0E71F26146A00589BFF /* GXCoreBL.framework */; };
		2B7DA1131F26146A00589BFF /* GXUCAnimationView.h in Headers */ = {isa = PBXBuildFile; fileRef = 2B7DA10C1F26146A00589BFF /* GXUCAnimationView.h */; settings = {ATTRIBUTES = (Public, ); }; };
		2B7DA1141F26146A00589BFF /* GXUCAnimationView.h in Headers */ = {isa = PBXBuildFile; fileRef = 2B7DA10C1F26146A00589BFF /* GXUCAnimationView.h */; settings = {ATTRIBUTES = (Public, ); }; };
		2B7DA1151F26146A00589BFF /* GXUCAnimationView.h in Headers */ = {isa = PBXBuildFile; fileRef = 2B7DA10C1F26146A00589BFF /* GXUCAnimationView.h */; settings = {ATTRIBUTES = (Public, ); }; };
		2B7DA1341F2618C900589BFF /* GXCoreUI.framework in Frameworks */ = {isa = PBXBuildFile; fileRef = 2B7DA1281F26186E00589BFF /* GXCoreUI.framework */; };
		2B7DA1351F2618D400589BFF /* GXCoreUI.framework in Frameworks */ = {isa = PBXBuildFile; fileRef = 2B7DA12A1F26186E00589BFF /* GXCoreUI.framework */; };
		2B7DA1361F2618DC00589BFF /* GXCoreUI.framework in Frameworks */ = {isa = PBXBuildFile; fileRef = 2B7DA12C1F26186E00589BFF /* GXCoreUI.framework */; };
		2B7DA1381F26254A00589BFF /* GXUCAnimationViewControl.swift in Sources */ = {isa = PBXBuildFile; fileRef = 2B7DA1371F26254A00589BFF /* GXUCAnimationViewControl.swift */; };
		2B7DA13A1F26254A00589BFF /* GXUCAnimationViewControl.swift in Sources */ = {isa = PBXBuildFile; fileRef = 2B7DA1371F26254A00589BFF /* GXUCAnimationViewControl.swift */; };
		35B3D788FDAE22FDEFB78C10 /* Pods_GXUCAnimationView_GXUCAnimationView_iOS.framework in Frameworks */ = {isa = PBXBuildFile; fileRef = 1BC15F5E33D8D19669354F39 /* Pods_GXUCAnimationView_GXUCAnimationView_iOS.framework */; };
		B41D3EC34AAEE88E376AA18E /* Pods_GXUCAnimationView_GXUCAnimationView_tvOS.framework in Frameworks */ = {isa = PBXBuildFile; fileRef = 5EB352730DA72332B88A5174 /* Pods_GXUCAnimationView_GXUCAnimationView_tvOS.framework */; };
/* End PBXBuildFile section */

/* Begin PBXContainerItemProxy section */
		2B7DA1271F26186E00589BFF /* PBXContainerItemProxy */ = {
			isa = PBXContainerItemProxy;
			containerPortal = 2B7DA1211F26186E00589BFF /* GXCoreUI.xcodeproj */;
			proxyType = 2;
			remoteGlobalIDString = AE93276A1C6B9E9B00B090E4;
			remoteInfo = "GXCoreUI-iOS";
		};
		2B7DA1291F26186E00589BFF /* PBXContainerItemProxy */ = {
			isa = PBXContainerItemProxy;
			containerPortal = 2B7DA1211F26186E00589BFF /* GXCoreUI.xcodeproj */;
			proxyType = 2;
			remoteGlobalIDString = AE9327711C6B9E9B00B090E4;
			remoteInfo = "GXCoreUI-watchOS";
		};
		2B7DA12B1F26186E00589BFF /* PBXContainerItemProxy */ = {
			isa = PBXContainerItemProxy;
			containerPortal = 2B7DA1211F26186E00589BFF /* GXCoreUI.xcodeproj */;
			proxyType = 2;
			remoteGlobalIDString = AE9327771C6B9E9B00B090E4;
			remoteInfo = "GXCoreUI-tvOS";
		};
		2B7DA12E1F2618AB00589BFF /* PBXContainerItemProxy */ = {
			isa = PBXContainerItemProxy;
			containerPortal = 2B7DA1211F26186E00589BFF /* GXCoreUI.xcodeproj */;
			proxyType = 1;
			remoteGlobalIDString = AE9327691C6B9E9B00B090E4;
			remoteInfo = "GXCoreUI-iOS";
		};
		2B7DA1301F2618AF00589BFF /* PBXContainerItemProxy */ = {
			isa = PBXContainerItemProxy;
			containerPortal = 2B7DA1211F26186E00589BFF /* GXCoreUI.xcodeproj */;
			proxyType = 1;
			remoteGlobalIDString = AE9327701C6B9E9B00B090E4;
			remoteInfo = "GXCoreUI-watchOS";
		};
		2B7DA1321F2618B300589BFF /* PBXContainerItemProxy */ = {
			isa = PBXContainerItemProxy;
			containerPortal = 2B7DA1211F26186E00589BFF /* GXCoreUI.xcodeproj */;
			proxyType = 1;
			remoteGlobalIDString = AE9327761C6B9E9B00B090E4;
			remoteInfo = "GXCoreUI-tvOS";
		};
		572D63A7214BFC5F00163A79 /* PBXContainerItemProxy */ = {
			isa = PBXContainerItemProxy;
			containerPortal = AE14796C202272F70097847B /* Pods.xcodeproj */;
			proxyType = 2;
			remoteGlobalIDString = A2C82D5E9EDCB296B8CC81695C99B997;
			remoteInfo = "Pods-GoogleMaps-GXGoogleMaps-iOS";
		};
		572D63A9214BFC5F00163A79 /* PBXContainerItemProxy */ = {
			isa = PBXContainerItemProxy;
			containerPortal = AE14796C202272F70097847B /* Pods.xcodeproj */;
			proxyType = 2;
			remoteGlobalIDString = 574C394208DDF157024ABC19FFBA7C30;
			remoteInfo = "Pods-GoogleMaps-GXGoogleMapsDirectionsProvider-iOS";
		};
		572D63AB214BFC5F00163A79 /* PBXContainerItemProxy */ = {
			isa = PBXContainerItemProxy;
			containerPortal = AE14796C202272F70097847B /* Pods.xcodeproj */;
			proxyType = 2;
			remoteGlobalIDString = CBB73FB44E09C3DEA03E715E68A3880F;
			remoteInfo = "Pods-GoogleMaps-GXGoogleMapsSDMaps-iOS";
		};
		AE0CE9EF207D02FD004CC447 /* PBXContainerItemProxy */ = {
			isa = PBXContainerItemProxy;
			containerPortal = AE14796C202272F70097847B /* Pods.xcodeproj */;
			proxyType = 2;
			remoteGlobalIDString = 5E5C6ECAA1E13E7828A45F0B47F63467;
			remoteInfo = "Pods-GXCoreModule_SD_Media_PhotoLibrary-iOS";
		};
		AE0CE9F1207D02FD004CC447 /* PBXContainerItemProxy */ = {
			isa = PBXContainerItemProxy;
			containerPortal = AE14796C202272F70097847B /* Pods.xcodeproj */;
			proxyType = 2;
			remoteGlobalIDString = 0B60E5A16DD1A59F39849AB164FD12F4;
			remoteInfo = "Pods-GXFlexLayout-GXFlexLayout-iOS";
		};
		AE0CE9F5207D02FD004CC447 /* PBXContainerItemProxy */ = {
			isa = PBXContainerItemProxy;
			containerPortal = AE14796C202272F70097847B /* Pods.xcodeproj */;
			proxyType = 2;
			remoteGlobalIDString = 8A11C14882CC2208E6D0A0C0011E5C48;
			remoteInfo = "Pods-GXUCMobFox-iOS";
		};
		AE0CE9F7207D02FD004CC447 /* PBXContainerItemProxy */ = {
			isa = PBXContainerItemProxy;
			containerPortal = AE14796C202272F70097847B /* Pods.xcodeproj */;
			proxyType = 2;
			remoteGlobalIDString = 6C9AA09006CB804F4442DD42B09B28E4;
			remoteInfo = QBImagePickerController;
		};
		AE0CE9F9207D02FD004CC447 /* PBXContainerItemProxy */ = {
			isa = PBXContainerItemProxy;
			containerPortal = AE14796C202272F70097847B /* Pods.xcodeproj */;
			proxyType = 2;
			remoteGlobalIDString = CF2EC1F4DD1B5D3E99987BE1010E3830;
			remoteInfo = "QBImagePickerController-QBImagePicker";
		};
		AE0CE9FB207D02FD004CC447 /* PBXContainerItemProxy */ = {
			isa = PBXContainerItemProxy;
			containerPortal = AE14796C202272F70097847B /* Pods.xcodeproj */;
			proxyType = 2;
			remoteGlobalIDString = 568F5E38E16D01D713E38180752B22C7;
			remoteInfo = Yoga;
		};
		AE0CE9FD207D02FD004CC447 /* PBXContainerItemProxy */ = {
			isa = PBXContainerItemProxy;
			containerPortal = AE14796C202272F70097847B /* Pods.xcodeproj */;
			proxyType = 2;
			remoteGlobalIDString = 1361E114ECCF57DDC2BA47F305A42D44;
			remoteInfo = YogaKit;
		};
		AE0CEEE3207D2857004CC447 /* PBXContainerItemProxy */ = {
			isa = PBXContainerItemProxy;
			containerPortal = AE14796C202272F70097847B /* Pods.xcodeproj */;
			proxyType = 2;
			remoteGlobalIDString = EBA218A7FF24931BF9AB7A0230691EC0;
			remoteInfo = "Pods-GXKnowledgeBaseNavigator-GXKnowledgeBaseNavigator-tvOS";
		};
		AE245F98202C44BA009043AB /* PBXContainerItemProxy */ = {
			isa = PBXContainerItemProxy;
			containerPortal = AE14796C202272F70097847B /* Pods.xcodeproj */;
			proxyType = 2;
			remoteGlobalIDString = F49508E093543933E830EB608E50A83E;
			remoteInfo = Bolts;
		};
		AE245F9A202C44BA009043AB /* PBXContainerItemProxy */ = {
			isa = PBXContainerItemProxy;
			containerPortal = AE14796C202272F70097847B /* Pods.xcodeproj */;
			proxyType = 2;
			remoteGlobalIDString = CDA89982F13B63BEAAD801CC81D67034;
			remoteInfo = "FBSDKCoreKit-iOS";
		};
		AE245F9C202C44BA009043AB /* PBXContainerItemProxy */ = {
			isa = PBXContainerItemProxy;
			containerPortal = AE14796C202272F70097847B /* Pods.xcodeproj */;
			proxyType = 2;
			remoteGlobalIDString = CCCD122322F5BFE3ABBFB657E21D4D35;
			remoteInfo = "FBSDKCoreKit-tvOS";
		};
		AE245F9E202C44BA009043AB /* PBXContainerItemProxy */ = {
			isa = PBXContainerItemProxy;
			containerPortal = AE14796C202272F70097847B /* Pods.xcodeproj */;
			proxyType = 2;
			remoteGlobalIDString = 9A7B22CB7E55EF16A1A9D111E14BAE32;
			remoteInfo = FBSDKLoginKit;
		};
		AE245FA0202C44BA009043AB /* PBXContainerItemProxy */ = {
			isa = PBXContainerItemProxy;
			containerPortal = AE14796C202272F70097847B /* Pods.xcodeproj */;
			proxyType = 2;
			remoteGlobalIDString = BDE9AC14B7538A04079474053826B8FD;
			remoteInfo = "FBSDKShareKit-iOS";
		};
		AE245FA2202C44BA009043AB /* PBXContainerItemProxy */ = {
			isa = PBXContainerItemProxy;
			containerPortal = AE14796C202272F70097847B /* Pods.xcodeproj */;
			proxyType = 2;
			remoteGlobalIDString = 3FEA7E5DA051C6B60B59D93F212295FB;
			remoteInfo = "FBSDKShareKit-tvOS";
		};
		AE245FA4202C44BA009043AB /* PBXContainerItemProxy */ = {
			isa = PBXContainerItemProxy;
			containerPortal = AE14796C202272F70097847B /* Pods.xcodeproj */;
			proxyType = 2;
			remoteGlobalIDString = B4934A36BF1CC6AF109A518752C1EE60;
			remoteInfo = FBSDKTVOSKit;
		};
		AE245FA6202C44BA009043AB /* PBXContainerItemProxy */ = {
			isa = PBXContainerItemProxy;
			containerPortal = AE14796C202272F70097847B /* Pods.xcodeproj */;
			proxyType = 2;
			remoteGlobalIDString = BA36EB9EF19D5EB2D7D48EB88AC6D02E;
			remoteInfo = "Pods-GXCoreModule_Common_Analytics-iOS";
		};
		AE245FA8202C44BA009043AB /* PBXContainerItemProxy */ = {
			isa = PBXContainerItemProxy;
			containerPortal = AE14796C202272F70097847B /* Pods.xcodeproj */;
			proxyType = 2;
			remoteGlobalIDString = 5A169E044CE0B0E07264390255A965AF;
			remoteInfo = "Pods-GXFacebook-GXFacebook-iOS";
		};
		AE245FAA202C44BA009043AB /* PBXContainerItemProxy */ = {
			isa = PBXContainerItemProxy;
			containerPortal = AE14796C202272F70097847B /* Pods.xcodeproj */;
			proxyType = 2;
			remoteGlobalIDString = C3CC7266D565D27D23523079639DEBBE;
			remoteInfo = "Pods-GXFacebook-GXFacebook-tvOS";
		};
		AE245FAC202C44BA009043AB /* PBXContainerItemProxy */ = {
			isa = PBXContainerItemProxy;
			containerPortal = AE14796C202272F70097847B /* Pods.xcodeproj */;
			proxyType = 2;
			remoteGlobalIDString = 81BB57A2DC96D0BA63B43CA3CDE1ADC5;
			remoteInfo = "Pods-GXKnowledgeBaseNavigator-GXKnowledgeBaseNavigator-iOS";
		};
		AE245FAE202C44BA009043AB /* PBXContainerItemProxy */ = {
			isa = PBXContainerItemProxy;
			containerPortal = AE14796C202272F70097847B /* Pods.xcodeproj */;
			proxyType = 2;
			remoteGlobalIDString = B7B76189150100B611509744FFB1FA6B;
			remoteInfo = "Pods-GXTwitter-iOS";
		};
		AE550C3E2023AA88000C0E8A /* PBXContainerItemProxy */ = {
			isa = PBXContainerItemProxy;
			containerPortal = AE14796C202272F70097847B /* Pods.xcodeproj */;
			proxyType = 2;
			remoteGlobalIDString = E87BA56C746422927A3E16CD73FBB8BA;
			remoteInfo = "lottie-ios-iOS";
		};
		AE550C402023AA88000C0E8A /* PBXContainerItemProxy */ = {
			isa = PBXContainerItemProxy;
			containerPortal = AE14796C202272F70097847B /* Pods.xcodeproj */;
			proxyType = 2;
			remoteGlobalIDString = 2C5C886D434FF6C6E8B8EE7097ED68B5;
			remoteInfo = "lottie-ios-tvOS";
		};
		AE550C422023AA88000C0E8A /* PBXContainerItemProxy */ = {
			isa = PBXContainerItemProxy;
			containerPortal = AE14796C202272F70097847B /* Pods.xcodeproj */;
			proxyType = 2;
			remoteGlobalIDString = 7395FD61AEA324EA2399D203E5C5B34D;
			remoteInfo = "Pods-GXUCAnimationView-GXUCAnimationView-iOS";
		};
		AE550C442023AA88000C0E8A /* PBXContainerItemProxy */ = {
			isa = PBXContainerItemProxy;
			containerPortal = AE14796C202272F70097847B /* Pods.xcodeproj */;
			proxyType = 2;
			remoteGlobalIDString = 41E1E24D86820108FDB789A30B0B972E;
			remoteInfo = "Pods-GXUCAnimationView-GXUCAnimationView-tvOS";
		};
		AE550C462023AA9E000C0E8A /* PBXContainerItemProxy */ = {
			isa = PBXContainerItemProxy;
			containerPortal = AE14796C202272F70097847B /* Pods.xcodeproj */;
			proxyType = 1;
			remoteGlobalIDString = 435063D1987388575AFB59167DC2DF55;
			remoteInfo = "Pods-GXUCAnimationView-GXUCAnimationView-iOS";
		};
		AE550C482023AAAD000C0E8A /* PBXContainerItemProxy */ = {
			isa = PBXContainerItemProxy;
			containerPortal = AE14796C202272F70097847B /* Pods.xcodeproj */;
			proxyType = 1;
			remoteGlobalIDString = 9A5F29DF9D6EE4A2329A2120978E7A96;
			remoteInfo = "Pods-GXUCAnimationView-GXUCAnimationView-tvOS";
		};
/* End PBXContainerItemProxy section */

/* Begin PBXFileReference section */
		14307B164195254C225CFD8B /* Pods-GXUCAnimationView-GXUCAnimationView-tvOS.debug.xcconfig */ = {isa = PBXFileReference; includeInIndex = 1; lastKnownFileType = text.xcconfig; name = "Pods-GXUCAnimationView-GXUCAnimationView-tvOS.debug.xcconfig"; path = "../../GXFlexibleClient/Pods/Target Support Files/Pods-GXUCAnimationView-GXUCAnimationView-tvOS/Pods-GXUCAnimationView-GXUCAnimationView-tvOS.debug.xcconfig"; sourceTree = "<group>"; };
		1BC15F5E33D8D19669354F39 /* Pods_GXUCAnimationView_GXUCAnimationView_iOS.framework */ = {isa = PBXFileReference; explicitFileType = wrapper.framework; includeInIndex = 0; path = Pods_GXUCAnimationView_GXUCAnimationView_iOS.framework; sourceTree = BUILT_PRODUCTS_DIR; };
		21DF7BCBBB58BAD0CFACE139 /* Pods-GXUCAnimationView-GXUCAnimationView-iOS.debug.xcconfig */ = {isa = PBXFileReference; includeInIndex = 1; lastKnownFileType = text.xcconfig; name = "Pods-GXUCAnimationView-GXUCAnimationView-iOS.debug.xcconfig"; path = "../../GXFlexibleClient/Pods/Target Support Files/Pods-GXUCAnimationView-GXUCAnimationView-iOS/Pods-GXUCAnimationView-GXUCAnimationView-iOS.debug.xcconfig"; sourceTree = "<group>"; };
		2B7DA0DA1F26146A00589BFF /* GXUCAnimationView.framework */ = {isa = PBXFileReference; explicitFileType = wrapper.framework; includeInIndex = 0; path = GXUCAnimationView.framework; sourceTree = BUILT_PRODUCTS_DIR; };
		2B7DA0DD1F26146A00589BFF /* YAJL.framework */ = {isa = PBXFileReference; lastKnownFileType = wrapper.framework; path = YAJL.framework; sourceTree = BUILT_PRODUCTS_DIR; };
		2B7DA0DF1F26146A00589BFF /* GXFoundation.framework */ = {isa = PBXFileReference; lastKnownFileType = wrapper.framework; path = GXFoundation.framework; sourceTree = BUILT_PRODUCTS_DIR; };
		2B7DA0E11F26146A00589BFF /* GXObjectsModel.framework */ = {isa = PBXFileReference; lastKnownFileType = wrapper.framework; path = GXObjectsModel.framework; sourceTree = BUILT_PRODUCTS_DIR; };
		2B7DA0E31F26146A00589BFF /* GXDataLayer.framework */ = {isa = PBXFileReference; lastKnownFileType = wrapper.framework; path = GXDataLayer.framework; sourceTree = BUILT_PRODUCTS_DIR; };
		2B7DA0E51F26146A00589BFF /* GXStandardClasses.framework */ = {isa = PBXFileReference; lastKnownFileType = wrapper.framework; path = GXStandardClasses.framework; sourceTree = BUILT_PRODUCTS_DIR; };
		2B7DA0E71F26146A00589BFF /* GXCoreBL.framework */ = {isa = PBXFileReference; lastKnownFileType = wrapper.framework; path = GXCoreBL.framework; sourceTree = BUILT_PRODUCTS_DIR; };
		2B7DA0F01F26146A00589BFF /* GXUCAnimationView.framework */ = {isa = PBXFileReference; explicitFileType = wrapper.framework; includeInIndex = 0; path = GXUCAnimationView.framework; sourceTree = BUILT_PRODUCTS_DIR; };
		2B7DA0FD1F26146A00589BFF /* GXUCAnimationView.framework */ = {isa = PBXFileReference; explicitFileType = wrapper.framework; includeInIndex = 0; path = GXUCAnimationView.framework; sourceTree = BUILT_PRODUCTS_DIR; };
		2B7DA1091F26146A00589BFF /* Info.plist */ = {isa = PBXFileReference; lastKnownFileType = text.plist.xml; path = Info.plist; sourceTree = "<group>"; };
		2B7DA10A1F26146A00589BFF /* Info.plist */ = {isa = PBXFileReference; lastKnownFileType = text.plist.xml; path = Info.plist; sourceTree = "<group>"; };
		2B7DA10B1F26146A00589BFF /* Info.plist */ = {isa = PBXFileReference; lastKnownFileType = text.plist.xml; path = Info.plist; sourceTree = "<group>"; };
		2B7DA10C1F26146A00589BFF /* GXUCAnimationView.h */ = {isa = PBXFileReference; lastKnownFileType = sourcecode.c.h; path = GXUCAnimationView.h; sourceTree = "<group>"; };
		2B7DA10E1F26146A00589BFF /* GXProjectDebug.xcconfig */ = {isa = PBXFileReference; lastKnownFileType = text.xcconfig; name = GXProjectDebug.xcconfig; path = ../../../../xcConfigFiles/GXProjectDebug.xcconfig; sourceTree = "<group>"; };
		2B7DA10F1F26146A00589BFF /* GXProjectRelease.xcconfig */ = {isa = PBXFileReference; lastKnownFileType = text.xcconfig; name = GXProjectRelease.xcconfig; path = ../../../../xcConfigFiles/GXProjectRelease.xcconfig; sourceTree = "<group>"; };
		2B7DA1101F26146A00589BFF /* GXiOSTarget.xcconfig */ = {isa = PBXFileReference; lastKnownFileType = text.xcconfig; name = GXiOSTarget.xcconfig; path = ../../../../xcConfigFiles/GXiOSTarget.xcconfig; sourceTree = "<group>"; };
		2B7DA1111F26146A00589BFF /* GXwatchOSTarget.xcconfig */ = {isa = PBXFileReference; lastKnownFileType = text.xcconfig; name = GXwatchOSTarget.xcconfig; path = ../../../../xcConfigFiles/GXwatchOSTarget.xcconfig; sourceTree = "<group>"; };
		2B7DA1121F26146A00589BFF /* GXtvOSTarget.xcconfig */ = {isa = PBXFileReference; lastKnownFileType = text.xcconfig; name = GXtvOSTarget.xcconfig; path = ../../../../xcConfigFiles/GXtvOSTarget.xcconfig; sourceTree = "<group>"; };
		2B7DA1211F26186E00589BFF /* GXCoreUI.xcodeproj */ = {isa = PBXFileReference; lastKnownFileType = "wrapper.pb-project"; name = GXCoreUI.xcodeproj; path = ../../GXFlexibleClient/GXCoreUI/GXCoreUI.xcodeproj; sourceTree = "<group>"; };
		2B7DA1371F26254A00589BFF /* GXUCAnimationViewControl.swift */ = {isa = PBXFileReference; fileEncoding = 4; lastKnownFileType = sourcecode.swift; path = GXUCAnimationViewControl.swift; sourceTree = SOURCE_ROOT; };
		5EB352730DA72332B88A5174 /* Pods_GXUCAnimationView_GXUCAnimationView_tvOS.framework */ = {isa = PBXFileReference; explicitFileType = wrapper.framework; includeInIndex = 0; path = Pods_GXUCAnimationView_GXUCAnimationView_tvOS.framework; sourceTree = BUILT_PRODUCTS_DIR; };
		AE14796C202272F70097847B /* Pods.xcodeproj */ = {isa = PBXFileReference; lastKnownFileType = "wrapper.pb-project"; name = Pods.xcodeproj; path = ../../GXFlexibleClient/Pods/Pods.xcodeproj; sourceTree = "<group>"; };
		AE550C092023A86C000C0E8A /* GXtvOSTargetWithPodsDebug.xcconfig */ = {isa = PBXFileReference; lastKnownFileType = text.xcconfig; path = GXtvOSTargetWithPodsDebug.xcconfig; sourceTree = "<group>"; };
		AE550C0B2023A86D000C0E8A /* GXtvOSTargetWithPodsRelease.xcconfig */ = {isa = PBXFileReference; lastKnownFileType = text.xcconfig; path = GXtvOSTargetWithPodsRelease.xcconfig; sourceTree = "<group>"; };
		AEF10C1820221ADF00559E28 /* GXiOSTargetWithPodsDebug.xcconfig */ = {isa = PBXFileReference; lastKnownFileType = text.xcconfig; path = GXiOSTargetWithPodsDebug.xcconfig; sourceTree = "<group>"; };
		AEF10C1920221B0A00559E28 /* GXiOSTargetWithPodsRelease.xcconfig */ = {isa = PBXFileReference; lastKnownFileType = text.xcconfig; path = GXiOSTargetWithPodsRelease.xcconfig; sourceTree = "<group>"; };
		BDE6E58CF31E5BFFA568999B /* Pods-GXUCAnimationView-GXUCAnimationView-iOS.release.xcconfig */ = {isa = PBXFileReference; includeInIndex = 1; lastKnownFileType = text.xcconfig; name = "Pods-GXUCAnimationView-GXUCAnimationView-iOS.release.xcconfig"; path = "../../GXFlexibleClient/Pods/Target Support Files/Pods-GXUCAnimationView-GXUCAnimationView-iOS/Pods-GXUCAnimationView-GXUCAnimationView-iOS.release.xcconfig"; sourceTree = "<group>"; };
		DA62061504257F822808707D /* Pods-GXUCAnimationView-GXUCAnimationView-tvOS.release.xcconfig */ = {isa = PBXFileReference; includeInIndex = 1; lastKnownFileType = text.xcconfig; name = "Pods-GXUCAnimationView-GXUCAnimationView-tvOS.release.xcconfig"; path = "../../GXFlexibleClient/Pods/Target Support Files/Pods-GXUCAnimationView-GXUCAnimationView-tvOS/Pods-GXUCAnimationView-GXUCAnimationView-tvOS.release.xcconfig"; sourceTree = "<group>"; };
/* End PBXFileReference section */

/* Begin PBXFrameworksBuildPhase section */
		2B7DA0D61F26146A00589BFF /* Frameworks */ = {
			isa = PBXFrameworksBuildPhase;
			buildActionMask = 2147483647;
			files = (
				2B7DA1341F2618C900589BFF /* GXCoreUI.framework in Frameworks */,
				2B7DA0E01F26146A00589BFF /* GXFoundation.framework in Frameworks */,
				2B7DA0DE1F26146A00589BFF /* YAJL.framework in Frameworks */,
				2B7DA0E21F26146A00589BFF /* GXObjectsModel.framework in Frameworks */,
				2B7DA0E61F26146A00589BFF /* GXStandardClasses.framework in Frameworks */,
				2B7DA0E81F26146A00589BFF /* GXCoreBL.framework in Frameworks */,
				2B7DA0E41F26146A00589BFF /* GXDataLayer.framework in Frameworks */,
				35B3D788FDAE22FDEFB78C10 /* Pods_GXUCAnimationView_GXUCAnimationView_iOS.framework in Frameworks */,
			);
			runOnlyForDeploymentPostprocessing = 0;
		};
		2B7DA0EC1F26146A00589BFF /* Frameworks */ = {
			isa = PBXFrameworksBuildPhase;
			buildActionMask = 2147483647;
			files = (
				2B7DA1351F2618D400589BFF /* GXCoreUI.framework in Frameworks */,
				2B7DA0F21F26146A00589BFF /* GXFoundation.framework in Frameworks */,
				2B7DA0F11F26146A00589BFF /* YAJL.framework in Frameworks */,
				2B7DA0F31F26146A00589BFF /* GXObjectsModel.framework in Frameworks */,
				2B7DA0F51F26146A00589BFF /* GXStandardClasses.framework in Frameworks */,
				2B7DA0F61F26146A00589BFF /* GXCoreBL.framework in Frameworks */,
				2B7DA0F41F26146A00589BFF /* GXDataLayer.framework in Frameworks */,
			);
			runOnlyForDeploymentPostprocessing = 0;
		};
		2B7DA0F91F26146A00589BFF /* Frameworks */ = {
			isa = PBXFrameworksBuildPhase;
			buildActionMask = 2147483647;
			files = (
				2B7DA1361F2618DC00589BFF /* GXCoreUI.framework in Frameworks */,
				2B7DA0FF1F26146A00589BFF /* GXFoundation.framework in Frameworks */,
				2B7DA0FE1F26146A00589BFF /* YAJL.framework in Frameworks */,
				2B7DA1001F26146A00589BFF /* GXObjectsModel.framework in Frameworks */,
				2B7DA1021F26146A00589BFF /* GXStandardClasses.framework in Frameworks */,
				2B7DA1031F26146A00589BFF /* GXCoreBL.framework in Frameworks */,
				2B7DA1011F26146A00589BFF /* GXDataLayer.framework in Frameworks */,
				B41D3EC34AAEE88E376AA18E /* Pods_GXUCAnimationView_GXUCAnimationView_tvOS.framework in Frameworks */,
			);
			runOnlyForDeploymentPostprocessing = 0;
		};
/* End PBXFrameworksBuildPhase section */

/* Begin PBXGroup section */
		2B7DA0D01F26146A00589BFF = {
			isa = PBXGroup;
			children = (
				2B7DA1051F26146A00589BFF /* GXUCAnimationView */,
				2B7DA0DC1F26146A00589BFF /* Frameworks */,
				2B7DA0DB1F26146A00589BFF /* Products */,
				730351C1E7DC6268EC1FEEB8 /* Pods */,
			);
			sourceTree = "<group>";
		};
		2B7DA0DB1F26146A00589BFF /* Products */ = {
			isa = PBXGroup;
			children = (
				2B7DA0DA1F26146A00589BFF /* GXUCAnimationView.framework */,
				2B7DA0F01F26146A00589BFF /* GXUCAnimationView.framework */,
				2B7DA0FD1F26146A00589BFF /* GXUCAnimationView.framework */,
			);
			name = Products;
			sourceTree = "<group>";
		};
		2B7DA0DC1F26146A00589BFF /* Frameworks */ = {
			isa = PBXGroup;
			children = (
				AE14796C202272F70097847B /* Pods.xcodeproj */,
				2B7DA1211F26186E00589BFF /* GXCoreUI.xcodeproj */,
				2B7DA0DD1F26146A00589BFF /* YAJL.framework */,
				2B7DA0DF1F26146A00589BFF /* GXFoundation.framework */,
				2B7DA0E11F26146A00589BFF /* GXObjectsModel.framework */,
				2B7DA0E31F26146A00589BFF /* GXDataLayer.framework */,
				2B7DA0E51F26146A00589BFF /* GXStandardClasses.framework */,
				2B7DA0E71F26146A00589BFF /* GXCoreBL.framework */,
				1BC15F5E33D8D19669354F39 /* Pods_GXUCAnimationView_GXUCAnimationView_iOS.framework */,
				5EB352730DA72332B88A5174 /* Pods_GXUCAnimationView_GXUCAnimationView_tvOS.framework */,
			);
			name = Frameworks;
			sourceTree = "<group>";
		};
		2B7DA1051F26146A00589BFF /* GXUCAnimationView */ = {
			isa = PBXGroup;
			children = (
				2B7DA10C1F26146A00589BFF /* GXUCAnimationView.h */,
				2B7DA1371F26254A00589BFF /* GXUCAnimationViewControl.swift */,
				2B7DA10D1F26146A00589BFF /* Config */,
				2B7DA1081F26146A00589BFF /* iOS */,
				2B7DA1071F26146A00589BFF /* watchOS */,
				2B7DA1061F26146A00589BFF /* tvOS */,
			);
			path = GXUCAnimationView;
			sourceTree = "<group>";
		};
		2B7DA1061F26146A00589BFF /* tvOS */ = {
			isa = PBXGroup;
			children = (
				2B7DA10B1F26146A00589BFF /* Info.plist */,
			);
			path = tvOS;
			sourceTree = "<group>";
		};
		2B7DA1071F26146A00589BFF /* watchOS */ = {
			isa = PBXGroup;
			children = (
				2B7DA10A1F26146A00589BFF /* Info.plist */,
			);
			path = watchOS;
			sourceTree = "<group>";
		};
		2B7DA1081F26146A00589BFF /* iOS */ = {
			isa = PBXGroup;
			children = (
				2B7DA1091F26146A00589BFF /* Info.plist */,
			);
			path = iOS;
			sourceTree = "<group>";
		};
		2B7DA10D1F26146A00589BFF /* Config */ = {
			isa = PBXGroup;
			children = (
				2B7DA10E1F26146A00589BFF /* GXProjectDebug.xcconfig */,
				2B7DA10F1F26146A00589BFF /* GXProjectRelease.xcconfig */,
				2B7DA1101F26146A00589BFF /* GXiOSTarget.xcconfig */,
				2B7DA1111F26146A00589BFF /* GXwatchOSTarget.xcconfig */,
				2B7DA1121F26146A00589BFF /* GXtvOSTarget.xcconfig */,
				AEF10C1820221ADF00559E28 /* GXiOSTargetWithPodsDebug.xcconfig */,
				AEF10C1920221B0A00559E28 /* GXiOSTargetWithPodsRelease.xcconfig */,
				AE550C092023A86C000C0E8A /* GXtvOSTargetWithPodsDebug.xcconfig */,
				AE550C0B2023A86D000C0E8A /* GXtvOSTargetWithPodsRelease.xcconfig */,
			);
			path = Config;
			sourceTree = "<group>";
		};
		2B7DA1221F26186E00589BFF /* Products */ = {
			isa = PBXGroup;
			children = (
				2B7DA1281F26186E00589BFF /* GXCoreUI.framework */,
				2B7DA12A1F26186E00589BFF /* GXCoreUI.framework */,
				2B7DA12C1F26186E00589BFF /* GXCoreUI.framework */,
			);
			name = Products;
			sourceTree = "<group>";
		};
		730351C1E7DC6268EC1FEEB8 /* Pods */ = {
			isa = PBXGroup;
			children = (
				21DF7BCBBB58BAD0CFACE139 /* Pods-GXUCAnimationView-GXUCAnimationView-iOS.debug.xcconfig */,
				BDE6E58CF31E5BFFA568999B /* Pods-GXUCAnimationView-GXUCAnimationView-iOS.release.xcconfig */,
				14307B164195254C225CFD8B /* Pods-GXUCAnimationView-GXUCAnimationView-tvOS.debug.xcconfig */,
				DA62061504257F822808707D /* Pods-GXUCAnimationView-GXUCAnimationView-tvOS.release.xcconfig */,
			);
			name = Pods;
			sourceTree = "<group>";
		};
		AE14796D202272F70097847B /* Products */ = {
			isa = PBXGroup;
			children = (
				AE245F99202C44BA009043AB /* Bolts.framework */,
				AE245F9B202C44BA009043AB /* FBSDKCoreKit.framework */,
				AE245F9D202C44BA009043AB /* FBSDKCoreKit.framework */,
				AE245F9F202C44BA009043AB /* FBSDKLoginKit.framework */,
				AE245FA1202C44BA009043AB /* FBSDKShareKit.framework */,
				AE245FA3202C44BA009043AB /* FBSDKShareKit.framework */,
				AE245FA5202C44BA009043AB /* FBSDKTVOSKit.framework */,
				AE550C3F2023AA88000C0E8A /* Lottie.framework */,
				AE550C412023AA88000C0E8A /* Lottie.framework */,
				572D63A8214BFC5F00163A79 /* Pods_GoogleMaps_GXGoogleMaps_iOS.framework */,
				572D63AA214BFC5F00163A79 /* Pods_GoogleMaps_GXGoogleMapsDirectionsProvider_iOS.framework */,
				572D63AC214BFC5F00163A79 /* Pods_GoogleMaps_GXGoogleMapsSDMaps_iOS.framework */,
				AE245FA7202C44BA009043AB /* Pods_GXCoreModule_Common_Analytics_iOS.framework */,
				AE0CE9F0207D02FD004CC447 /* Pods_GXCoreModule_SD_Media_PhotoLibrary_iOS.framework */,
				AE245FA9202C44BA009043AB /* Pods_GXFacebook_GXFacebook_iOS.framework */,
				AE245FAB202C44BA009043AB /* Pods_GXFacebook_GXFacebook_tvOS.framework */,
				AE0CE9F2207D02FD004CC447 /* Pods_GXFlexLayout_GXFlexLayout_iOS.framework */,
				AE245FAD202C44BA009043AB /* Pods_GXKnowledgeBaseNavigator_GXKnowledgeBaseNavigator_iOS.framework */,
				AE0CEEE4207D2857004CC447 /* Pods_GXKnowledgeBaseNavigator_GXKnowledgeBaseNavigator_tvOS.framework */,
				AE245FAF202C44BA009043AB /* Pods_GXTwitter_iOS.framework */,
				AE550C432023AA88000C0E8A /* Pods_GXUCAnimationView_GXUCAnimationView_iOS.framework */,
				AE550C452023AA88000C0E8A /* Pods_GXUCAnimationView_GXUCAnimationView_tvOS.framework */,
				AE0CE9F6207D02FD004CC447 /* Pods_GXUCMobFox_iOS.framework */,
				AE0CE9F8207D02FD004CC447 /* QBImagePickerController.framework */,
				AE0CE9FA207D02FD004CC447 /* QBImagePicker.bundle */,
				AE0CE9FC207D02FD004CC447 /* yoga.framework */,
				AE0CE9FE207D02FD004CC447 /* YogaKit.framework */,
			);
			name = Products;
			sourceTree = "<group>";
		};
/* End PBXGroup section */

/* Begin PBXHeadersBuildPhase section */
		2B7DA0D71F26146A00589BFF /* Headers */ = {
			isa = PBXHeadersBuildPhase;
			buildActionMask = 2147483647;
			files = (
				2B7DA1131F26146A00589BFF /* GXUCAnimationView.h in Headers */,
			);
			runOnlyForDeploymentPostprocessing = 0;
		};
		2B7DA0ED1F26146A00589BFF /* Headers */ = {
			isa = PBXHeadersBuildPhase;
			buildActionMask = 2147483647;
			files = (
				2B7DA1141F26146A00589BFF /* GXUCAnimationView.h in Headers */,
			);
			runOnlyForDeploymentPostprocessing = 0;
		};
		2B7DA0FA1F26146A00589BFF /* Headers */ = {
			isa = PBXHeadersBuildPhase;
			buildActionMask = 2147483647;
			files = (
				2B7DA1151F26146A00589BFF /* GXUCAnimationView.h in Headers */,
			);
			runOnlyForDeploymentPostprocessing = 0;
		};
/* End PBXHeadersBuildPhase section */

/* Begin PBXNativeTarget section */
		2B7DA0D91F26146A00589BFF /* GXUCAnimationView-iOS */ = {
			isa = PBXNativeTarget;
			buildConfigurationList = 2B7DA1181F26146A00589BFF /* Build configuration list for PBXNativeTarget "GXUCAnimationView-iOS" */;
			buildPhases = (
				5F9DEED4B7BBB1C85D4BC9C0 /* [CP] Check Pods Manifest.lock */,
				2B7DA0D51F26146A00589BFF /* Sources */,
				2B7DA0D61F26146A00589BFF /* Frameworks */,
				2B7DA0D71F26146A00589BFF /* Headers */,
				2B7DA0D81F26146A00589BFF /* Resources */,
			);
			buildRules = (
			);
			dependencies = (
				2B7DA12F1F2618AB00589BFF /* PBXTargetDependency */,
				AE550C472023AA9E000C0E8A /* PBXTargetDependency */,
			);
			name = "GXUCAnimationView-iOS";
			productName = "GXUCAnimationView-iOS";
			productReference = 2B7DA0DA1F26146A00589BFF /* GXUCAnimationView.framework */;
			productType = "com.apple.product-type.framework";
		};
		2B7DA0EF1F26146A00589BFF /* GXUCAnimationView-watchOS */ = {
			isa = PBXNativeTarget;
			buildConfigurationList = 2B7DA11B1F26146A00589BFF /* Build configuration list for PBXNativeTarget "GXUCAnimationView-watchOS" */;
			buildPhases = (
				2B7DA0EB1F26146A00589BFF /* Sources */,
				2B7DA0EC1F26146A00589BFF /* Frameworks */,
				2B7DA0ED1F26146A00589BFF /* Headers */,
				2B7DA0EE1F26146A00589BFF /* Resources */,
			);
			buildRules = (
			);
			dependencies = (
				2B7DA1311F2618AF00589BFF /* PBXTargetDependency */,
			);
			name = "GXUCAnimationView-watchOS";
			productName = "GXUCAnimationView-watchOS";
			productReference = 2B7DA0F01F26146A00589BFF /* GXUCAnimationView.framework */;
			productType = "com.apple.product-type.framework";
		};
		2B7DA0FC1F26146A00589BFF /* GXUCAnimationView-tvOS */ = {
			isa = PBXNativeTarget;
			buildConfigurationList = 2B7DA11E1F26146A00589BFF /* Build configuration list for PBXNativeTarget "GXUCAnimationView-tvOS" */;
			buildPhases = (
				2F07780D90959F3E1FB0821D /* [CP] Check Pods Manifest.lock */,
				2B7DA0F81F26146A00589BFF /* Sources */,
				2B7DA0F91F26146A00589BFF /* Frameworks */,
				2B7DA0FA1F26146A00589BFF /* Headers */,
				2B7DA0FB1F26146A00589BFF /* Resources */,
			);
			buildRules = (
			);
			dependencies = (
				2B7DA1331F2618B300589BFF /* PBXTargetDependency */,
				AE550C492023AAAD000C0E8A /* PBXTargetDependency */,
			);
			name = "GXUCAnimationView-tvOS";
			productName = "GXUCAnimationView-tvOS";
			productReference = 2B7DA0FD1F26146A00589BFF /* GXUCAnimationView.framework */;
			productType = "com.apple.product-type.framework";
		};
/* End PBXNativeTarget section */

/* Begin PBXProject section */
		2B7DA0D11F26146A00589BFF /* Project object */ = {
			isa = PBXProject;
			attributes = {
				CLASSPREFIX = GX;
				LastUpgradeCheck = 0830;
				ORGANIZATIONNAME = GeneXus;
				TargetAttributes = {
					2B7DA0D91F26146A00589BFF = {
						CreatedOnToolsVersion = 8.3.3;
						LastSwiftMigration = 1000;
					};
					2B7DA0EF1F26146A00589BFF = {
						CreatedOnToolsVersion = 8.3.3;
						LastSwiftMigration = 0920;
					};
					2B7DA0FC1F26146A00589BFF = {
						CreatedOnToolsVersion = 8.3.3;
						LastSwiftMigration = 0920;
					};
				};
			};
			buildConfigurationList = 2B7DA0D41F26146A00589BFF /* Build configuration list for PBXProject "GXUCAnimationView" */;
			compatibilityVersion = "Xcode 3.2";
			developmentRegion = en;
			hasScannedForEncodings = 0;
			knownRegions = (
				en,
				Base,
			);
			mainGroup = 2B7DA0D01F26146A00589BFF;
			productRefGroup = 2B7DA0DB1F26146A00589BFF /* Products */;
			projectDirPath = "";
			projectReferences = (
				{
					ProductGroup = 2B7DA1221F26186E00589BFF /* Products */;
					ProjectRef = 2B7DA1211F26186E00589BFF /* GXCoreUI.xcodeproj */;
				},
				{
					ProductGroup = AE14796D202272F70097847B /* Products */;
					ProjectRef = AE14796C202272F70097847B /* Pods.xcodeproj */;
				},
			);
			projectRoot = "";
			targets = (
				2B7DA0D91F26146A00589BFF /* GXUCAnimationView-iOS */,
				2B7DA0EF1F26146A00589BFF /* GXUCAnimationView-watchOS */,
				2B7DA0FC1F26146A00589BFF /* GXUCAnimationView-tvOS */,
			);
		};
/* End PBXProject section */

/* Begin PBXReferenceProxy section */
		2B7DA1281F26186E00589BFF /* GXCoreUI.framework */ = {
			isa = PBXReferenceProxy;
			fileType = wrapper.framework;
			path = GXCoreUI.framework;
			remoteRef = 2B7DA1271F26186E00589BFF /* PBXContainerItemProxy */;
			sourceTree = BUILT_PRODUCTS_DIR;
		};
		2B7DA12A1F26186E00589BFF /* GXCoreUI.framework */ = {
			isa = PBXReferenceProxy;
			fileType = wrapper.framework;
			path = GXCoreUI.framework;
			remoteRef = 2B7DA1291F26186E00589BFF /* PBXContainerItemProxy */;
			sourceTree = BUILT_PRODUCTS_DIR;
		};
		2B7DA12C1F26186E00589BFF /* GXCoreUI.framework */ = {
			isa = PBXReferenceProxy;
			fileType = wrapper.framework;
			path = GXCoreUI.framework;
			remoteRef = 2B7DA12B1F26186E00589BFF /* PBXContainerItemProxy */;
			sourceTree = BUILT_PRODUCTS_DIR;
		};
		572D63A8214BFC5F00163A79 /* Pods_GoogleMaps_GXGoogleMaps_iOS.framework */ = {
			isa = PBXReferenceProxy;
			fileType = wrapper.framework;
			path = Pods_GoogleMaps_GXGoogleMaps_iOS.framework;
			remoteRef = 572D63A7214BFC5F00163A79 /* PBXContainerItemProxy */;
			sourceTree = BUILT_PRODUCTS_DIR;
		};
		572D63AA214BFC5F00163A79 /* Pods_GoogleMaps_GXGoogleMapsDirectionsProvider_iOS.framework */ = {
			isa = PBXReferenceProxy;
			fileType = wrapper.framework;
			path = Pods_GoogleMaps_GXGoogleMapsDirectionsProvider_iOS.framework;
			remoteRef = 572D63A9214BFC5F00163A79 /* PBXContainerItemProxy */;
			sourceTree = BUILT_PRODUCTS_DIR;
		};
		572D63AC214BFC5F00163A79 /* Pods_GoogleMaps_GXGoogleMapsSDMaps_iOS.framework */ = {
			isa = PBXReferenceProxy;
			fileType = wrapper.framework;
			path = Pods_GoogleMaps_GXGoogleMapsSDMaps_iOS.framework;
			remoteRef = 572D63AB214BFC5F00163A79 /* PBXContainerItemProxy */;
			sourceTree = BUILT_PRODUCTS_DIR;
		};
		AE0CE9F0207D02FD004CC447 /* Pods_GXCoreModule_SD_Media_PhotoLibrary_iOS.framework */ = {
			isa = PBXReferenceProxy;
			fileType = wrapper.framework;
			path = Pods_GXCoreModule_SD_Media_PhotoLibrary_iOS.framework;
			remoteRef = AE0CE9EF207D02FD004CC447 /* PBXContainerItemProxy */;
			sourceTree = BUILT_PRODUCTS_DIR;
		};
		AE0CE9F2207D02FD004CC447 /* Pods_GXFlexLayout_GXFlexLayout_iOS.framework */ = {
			isa = PBXReferenceProxy;
			fileType = wrapper.framework;
			path = Pods_GXFlexLayout_GXFlexLayout_iOS.framework;
			remoteRef = AE0CE9F1207D02FD004CC447 /* PBXContainerItemProxy */;
			sourceTree = BUILT_PRODUCTS_DIR;
		};
		AE0CE9F6207D02FD004CC447 /* Pods_GXUCMobFox_iOS.framework */ = {
			isa = PBXReferenceProxy;
			fileType = wrapper.framework;
			path = Pods_GXUCMobFox_iOS.framework;
			remoteRef = AE0CE9F5207D02FD004CC447 /* PBXContainerItemProxy */;
			sourceTree = BUILT_PRODUCTS_DIR;
		};
		AE0CE9F8207D02FD004CC447 /* QBImagePickerController.framework */ = {
			isa = PBXReferenceProxy;
			fileType = wrapper.framework;
			path = QBImagePickerController.framework;
			remoteRef = AE0CE9F7207D02FD004CC447 /* PBXContainerItemProxy */;
			sourceTree = BUILT_PRODUCTS_DIR;
		};
		AE0CE9FA207D02FD004CC447 /* QBImagePicker.bundle */ = {
			isa = PBXReferenceProxy;
			fileType = wrapper.cfbundle;
			path = QBImagePicker.bundle;
			remoteRef = AE0CE9F9207D02FD004CC447 /* PBXContainerItemProxy */;
			sourceTree = BUILT_PRODUCTS_DIR;
		};
		AE0CE9FC207D02FD004CC447 /* yoga.framework */ = {
			isa = PBXReferenceProxy;
			fileType = wrapper.framework;
			path = yoga.framework;
			remoteRef = AE0CE9FB207D02FD004CC447 /* PBXContainerItemProxy */;
			sourceTree = BUILT_PRODUCTS_DIR;
		};
		AE0CE9FE207D02FD004CC447 /* YogaKit.framework */ = {
			isa = PBXReferenceProxy;
			fileType = wrapper.framework;
			path = YogaKit.framework;
			remoteRef = AE0CE9FD207D02FD004CC447 /* PBXContainerItemProxy */;
			sourceTree = BUILT_PRODUCTS_DIR;
		};
		AE0CEEE4207D2857004CC447 /* Pods_GXKnowledgeBaseNavigator_GXKnowledgeBaseNavigator_tvOS.framework */ = {
			isa = PBXReferenceProxy;
			fileType = wrapper.framework;
			path = Pods_GXKnowledgeBaseNavigator_GXKnowledgeBaseNavigator_tvOS.framework;
			remoteRef = AE0CEEE3207D2857004CC447 /* PBXContainerItemProxy */;
			sourceTree = BUILT_PRODUCTS_DIR;
		};
		AE245F99202C44BA009043AB /* Bolts.framework */ = {
			isa = PBXReferenceProxy;
			fileType = wrapper.framework;
			path = Bolts.framework;
			remoteRef = AE245F98202C44BA009043AB /* PBXContainerItemProxy */;
			sourceTree = BUILT_PRODUCTS_DIR;
		};
		AE245F9B202C44BA009043AB /* FBSDKCoreKit.framework */ = {
			isa = PBXReferenceProxy;
			fileType = wrapper.framework;
			path = FBSDKCoreKit.framework;
			remoteRef = AE245F9A202C44BA009043AB /* PBXContainerItemProxy */;
			sourceTree = BUILT_PRODUCTS_DIR;
		};
		AE245F9D202C44BA009043AB /* FBSDKCoreKit.framework */ = {
			isa = PBXReferenceProxy;
			fileType = wrapper.framework;
			path = FBSDKCoreKit.framework;
			remoteRef = AE245F9C202C44BA009043AB /* PBXContainerItemProxy */;
			sourceTree = BUILT_PRODUCTS_DIR;
		};
		AE245F9F202C44BA009043AB /* FBSDKLoginKit.framework */ = {
			isa = PBXReferenceProxy;
			fileType = wrapper.framework;
			path = FBSDKLoginKit.framework;
			remoteRef = AE245F9E202C44BA009043AB /* PBXContainerItemProxy */;
			sourceTree = BUILT_PRODUCTS_DIR;
		};
		AE245FA1202C44BA009043AB /* FBSDKShareKit.framework */ = {
			isa = PBXReferenceProxy;
			fileType = wrapper.framework;
			path = FBSDKShareKit.framework;
			remoteRef = AE245FA0202C44BA009043AB /* PBXContainerItemProxy */;
			sourceTree = BUILT_PRODUCTS_DIR;
		};
		AE245FA3202C44BA009043AB /* FBSDKShareKit.framework */ = {
			isa = PBXReferenceProxy;
			fileType = wrapper.framework;
			path = FBSDKShareKit.framework;
			remoteRef = AE245FA2202C44BA009043AB /* PBXContainerItemProxy */;
			sourceTree = BUILT_PRODUCTS_DIR;
		};
		AE245FA5202C44BA009043AB /* FBSDKTVOSKit.framework */ = {
			isa = PBXReferenceProxy;
			fileType = wrapper.framework;
			path = FBSDKTVOSKit.framework;
			remoteRef = AE245FA4202C44BA009043AB /* PBXContainerItemProxy */;
			sourceTree = BUILT_PRODUCTS_DIR;
		};
		AE245FA7202C44BA009043AB /* Pods_GXCoreModule_Common_Analytics_iOS.framework */ = {
			isa = PBXReferenceProxy;
			fileType = wrapper.framework;
			path = Pods_GXCoreModule_Common_Analytics_iOS.framework;
			remoteRef = AE245FA6202C44BA009043AB /* PBXContainerItemProxy */;
			sourceTree = BUILT_PRODUCTS_DIR;
		};
		AE245FA9202C44BA009043AB /* Pods_GXFacebook_GXFacebook_iOS.framework */ = {
			isa = PBXReferenceProxy;
			fileType = wrapper.framework;
			path = Pods_GXFacebook_GXFacebook_iOS.framework;
			remoteRef = AE245FA8202C44BA009043AB /* PBXContainerItemProxy */;
			sourceTree = BUILT_PRODUCTS_DIR;
		};
		AE245FAB202C44BA009043AB /* Pods_GXFacebook_GXFacebook_tvOS.framework */ = {
			isa = PBXReferenceProxy;
			fileType = wrapper.framework;
			path = Pods_GXFacebook_GXFacebook_tvOS.framework;
			remoteRef = AE245FAA202C44BA009043AB /* PBXContainerItemProxy */;
			sourceTree = BUILT_PRODUCTS_DIR;
		};
		AE245FAD202C44BA009043AB /* Pods_GXKnowledgeBaseNavigator_GXKnowledgeBaseNavigator_iOS.framework */ = {
			isa = PBXReferenceProxy;
			fileType = wrapper.framework;
			path = Pods_GXKnowledgeBaseNavigator_GXKnowledgeBaseNavigator_iOS.framework;
			remoteRef = AE245FAC202C44BA009043AB /* PBXContainerItemProxy */;
			sourceTree = BUILT_PRODUCTS_DIR;
		};
		AE245FAF202C44BA009043AB /* Pods_GXTwitter_iOS.framework */ = {
			isa = PBXReferenceProxy;
			fileType = wrapper.framework;
			path = Pods_GXTwitter_iOS.framework;
			remoteRef = AE245FAE202C44BA009043AB /* PBXContainerItemProxy */;
			sourceTree = BUILT_PRODUCTS_DIR;
		};
		AE550C3F2023AA88000C0E8A /* Lottie.framework */ = {
			isa = PBXReferenceProxy;
			fileType = wrapper.framework;
			path = Lottie.framework;
			remoteRef = AE550C3E2023AA88000C0E8A /* PBXContainerItemProxy */;
			sourceTree = BUILT_PRODUCTS_DIR;
		};
		AE550C412023AA88000C0E8A /* Lottie.framework */ = {
			isa = PBXReferenceProxy;
			fileType = wrapper.framework;
			path = Lottie.framework;
			remoteRef = AE550C402023AA88000C0E8A /* PBXContainerItemProxy */;
			sourceTree = BUILT_PRODUCTS_DIR;
		};
		AE550C432023AA88000C0E8A /* Pods_GXUCAnimationView_GXUCAnimationView_iOS.framework */ = {
			isa = PBXReferenceProxy;
			fileType = wrapper.framework;
			path = Pods_GXUCAnimationView_GXUCAnimationView_iOS.framework;
			remoteRef = AE550C422023AA88000C0E8A /* PBXContainerItemProxy */;
			sourceTree = BUILT_PRODUCTS_DIR;
		};
		AE550C452023AA88000C0E8A /* Pods_GXUCAnimationView_GXUCAnimationView_tvOS.framework */ = {
			isa = PBXReferenceProxy;
			fileType = wrapper.framework;
			path = Pods_GXUCAnimationView_GXUCAnimationView_tvOS.framework;
			remoteRef = AE550C442023AA88000C0E8A /* PBXContainerItemProxy */;
			sourceTree = BUILT_PRODUCTS_DIR;
		};
/* End PBXReferenceProxy section */

/* Begin PBXResourcesBuildPhase section */
		2B7DA0D81F26146A00589BFF /* Resources */ = {
			isa = PBXResourcesBuildPhase;
			buildActionMask = 2147483647;
			files = (
			);
			runOnlyForDeploymentPostprocessing = 0;
		};
		2B7DA0EE1F26146A00589BFF /* Resources */ = {
			isa = PBXResourcesBuildPhase;
			buildActionMask = 2147483647;
			files = (
			);
			runOnlyForDeploymentPostprocessing = 0;
		};
		2B7DA0FB1F26146A00589BFF /* Resources */ = {
			isa = PBXResourcesBuildPhase;
			buildActionMask = 2147483647;
			files = (
			);
			runOnlyForDeploymentPostprocessing = 0;
		};
/* End PBXResourcesBuildPhase section */

/* Begin PBXShellScriptBuildPhase section */
		2F07780D90959F3E1FB0821D /* [CP] Check Pods Manifest.lock */ = {
			isa = PBXShellScriptBuildPhase;
			buildActionMask = 2147483647;
			files = (
			);
			inputPaths = (
				"${PODS_PODFILE_DIR_PATH}/Podfile.lock",
				"${PODS_ROOT}/Manifest.lock",
			);
			name = "[CP] Check Pods Manifest.lock";
			outputPaths = (
				"$(DERIVED_FILE_DIR)/Pods-GXUCAnimationView-GXUCAnimationView-tvOS-checkManifestLockResult.txt",
			);
			runOnlyForDeploymentPostprocessing = 0;
			shellPath = /bin/sh;
			shellScript = "diff \"${PODS_PODFILE_DIR_PATH}/Podfile.lock\" \"${PODS_ROOT}/Manifest.lock\" > /dev/null\nif [ $? != 0 ] ; then\n    # print error to STDERR\n    echo \"error: The sandbox is not in sync with the Podfile.lock. Run 'pod install' or update your CocoaPods installation.\" >&2\n    exit 1\nfi\n# This output is used by Xcode 'outputs' to avoid re-running this script phase.\necho \"SUCCESS\" > \"${SCRIPT_OUTPUT_FILE_0}\"\n";
			showEnvVarsInLog = 0;
		};
		5F9DEED4B7BBB1C85D4BC9C0 /* [CP] Check Pods Manifest.lock */ = {
			isa = PBXShellScriptBuildPhase;
			buildActionMask = 2147483647;
			files = (
			);
			inputPaths = (
				"${PODS_PODFILE_DIR_PATH}/Podfile.lock",
				"${PODS_ROOT}/Manifest.lock",
			);
			name = "[CP] Check Pods Manifest.lock";
			outputPaths = (
				"$(DERIVED_FILE_DIR)/Pods-GXUCAnimationView-GXUCAnimationView-iOS-checkManifestLockResult.txt",
			);
			runOnlyForDeploymentPostprocessing = 0;
			shellPath = /bin/sh;
			shellScript = "diff \"${PODS_PODFILE_DIR_PATH}/Podfile.lock\" \"${PODS_ROOT}/Manifest.lock\" > /dev/null\nif [ $? != 0 ] ; then\n    # print error to STDERR\n    echo \"error: The sandbox is not in sync with the Podfile.lock. Run 'pod install' or update your CocoaPods installation.\" >&2\n    exit 1\nfi\n# This output is used by Xcode 'outputs' to avoid re-running this script phase.\necho \"SUCCESS\" > \"${SCRIPT_OUTPUT_FILE_0}\"\n";
			showEnvVarsInLog = 0;
		};
/* End PBXShellScriptBuildPhase section */

/* Begin PBXSourcesBuildPhase section */
		2B7DA0D51F26146A00589BFF /* Sources */ = {
			isa = PBXSourcesBuildPhase;
			buildActionMask = 2147483647;
			files = (
				2B7DA1381F26254A00589BFF /* GXUCAnimationViewControl.swift in Sources */,
			);
			runOnlyForDeploymentPostprocessing = 0;
		};
		2B7DA0EB1F26146A00589BFF /* Sources */ = {
			isa = PBXSourcesBuildPhase;
			buildActionMask = 2147483647;
			files = (
			);
			runOnlyForDeploymentPostprocessing = 0;
		};
		2B7DA0F81F26146A00589BFF /* Sources */ = {
			isa = PBXSourcesBuildPhase;
			buildActionMask = 2147483647;
			files = (
				2B7DA13A1F26254A00589BFF /* GXUCAnimationViewControl.swift in Sources */,
			);
			runOnlyForDeploymentPostprocessing = 0;
		};
/* End PBXSourcesBuildPhase section */

/* Begin PBXTargetDependency section */
		2B7DA12F1F2618AB00589BFF /* PBXTargetDependency */ = {
			isa = PBXTargetDependency;
			name = "GXCoreUI-iOS";
			targetProxy = 2B7DA12E1F2618AB00589BFF /* PBXContainerItemProxy */;
		};
		2B7DA1311F2618AF00589BFF /* PBXTargetDependency */ = {
			isa = PBXTargetDependency;
			name = "GXCoreUI-watchOS";
			targetProxy = 2B7DA1301F2618AF00589BFF /* PBXContainerItemProxy */;
		};
		2B7DA1331F2618B300589BFF /* PBXTargetDependency */ = {
			isa = PBXTargetDependency;
			name = "GXCoreUI-tvOS";
			targetProxy = 2B7DA1321F2618B300589BFF /* PBXContainerItemProxy */;
		};
		AE550C472023AA9E000C0E8A /* PBXTargetDependency */ = {
			isa = PBXTargetDependency;
			name = "Pods-GXUCAnimationView-GXUCAnimationView-iOS";
			targetProxy = AE550C462023AA9E000C0E8A /* PBXContainerItemProxy */;
		};
		AE550C492023AAAD000C0E8A /* PBXTargetDependency */ = {
			isa = PBXTargetDependency;
			name = "Pods-GXUCAnimationView-GXUCAnimationView-tvOS";
			targetProxy = AE550C482023AAAD000C0E8A /* PBXContainerItemProxy */;
		};
/* End PBXTargetDependency section */

/* Begin XCBuildConfiguration section */
		2B7DA1161F26146A00589BFF /* Debug */ = {
			isa = XCBuildConfiguration;
			baseConfigurationReference = 2B7DA10E1F26146A00589BFF /* GXProjectDebug.xcconfig */;
			buildSettings = {
				CURRENT_PROJECT_VERSION = 1;
				VERSIONING_SYSTEM = "apple-generic";
				VERSION_INFO_PREFIX = "";
			};
			name = Debug;
		};
		2B7DA1171F26146A00589BFF /* Release */ = {
			isa = XCBuildConfiguration;
			baseConfigurationReference = 2B7DA10F1F26146A00589BFF /* GXProjectRelease.xcconfig */;
			buildSettings = {
				CURRENT_PROJECT_VERSION = 1;
				VERSIONING_SYSTEM = "apple-generic";
				VERSION_INFO_PREFIX = "";
			};
			name = Release;
		};
		2B7DA1191F26146A00589BFF /* Debug */ = {
			isa = XCBuildConfiguration;
			baseConfigurationReference = AEF10C1820221ADF00559E28 /* GXiOSTargetWithPodsDebug.xcconfig */;
			buildSettings = {
				APPLICATION_EXTENSION_API_ONLY = NO;
				DEFINES_MODULE = YES;
				DYLIB_COMPATIBILITY_VERSION = 1;
				DYLIB_CURRENT_VERSION = 1;
				DYLIB_INSTALL_NAME_BASE = "@rpath";
				FRAMEWORK_SEARCH_PATHS = (
					"$(inherited)",
					"$(BUILT_PRODUCTS_DIR)",
				);
				INFOPLIST_FILE = GXUCAnimationView/iOS/Info.plist;
				INSTALL_PATH = "$(LOCAL_LIBRARY_DIR)/Frameworks";
				LD_RUNPATH_SEARCH_PATHS = "$(inherited) @loader_path/Frameworks";
				PRODUCT_BUNDLE_IDENTIFIER = com.genexus.GXUCAnimationView;
				PRODUCT_NAME = GXUCAnimationView;
				SKIP_INSTALL = YES;
				SYMROOT = "$(SRCROOT)/../../Build/build";
			};
			name = Debug;
		};
		2B7DA11A1F26146A00589BFF /* Release */ = {
			isa = XCBuildConfiguration;
			baseConfigurationReference = AEF10C1920221B0A00559E28 /* GXiOSTargetWithPodsRelease.xcconfig */;
			buildSettings = {
				APPLICATION_EXTENSION_API_ONLY = NO;
				DEFINES_MODULE = YES;
				DYLIB_COMPATIBILITY_VERSION = 1;
				DYLIB_CURRENT_VERSION = 1;
				DYLIB_INSTALL_NAME_BASE = "@rpath";
				FRAMEWORK_SEARCH_PATHS = (
					"$(inherited)",
					"$(BUILT_PRODUCTS_DIR)",
				);
				INFOPLIST_FILE = GXUCAnimationView/iOS/Info.plist;
				INSTALL_PATH = "$(LOCAL_LIBRARY_DIR)/Frameworks";
				LD_RUNPATH_SEARCH_PATHS = "$(inherited) @loader_path/Frameworks";
				PRODUCT_BUNDLE_IDENTIFIER = com.genexus.GXUCAnimationView;
				PRODUCT_NAME = GXUCAnimationView;
				SKIP_INSTALL = YES;
				SYMROOT = "$(SRCROOT)/../../Build/build";
			};
			name = Release;
		};
		2B7DA11C1F26146A00589BFF /* Debug */ = {
			isa = XCBuildConfiguration;
			baseConfigurationReference = 2B7DA1111F26146A00589BFF /* GXwatchOSTarget.xcconfig */;
			buildSettings = {
				APPLICATION_EXTENSION_API_ONLY = YES;
				DEFINES_MODULE = YES;
				DYLIB_COMPATIBILITY_VERSION = 1;
				DYLIB_CURRENT_VERSION = 1;
				DYLIB_INSTALL_NAME_BASE = "@rpath";
				FRAMEWORK_SEARCH_PATHS = (
					"$(inherited)",
					"$(BUILT_PRODUCTS_DIR)",
				);
				INFOPLIST_FILE = GXUCAnimationView/watchOS/Info.plist;
				INSTALL_PATH = "$(LOCAL_LIBRARY_DIR)/Frameworks";
				LD_RUNPATH_SEARCH_PATHS = "$(inherited) @loader_path/Frameworks";
				PRODUCT_BUNDLE_IDENTIFIER = com.genexus.GXUCAnimationView;
				PRODUCT_NAME = GXUCAnimationView;
				SKIP_INSTALL = YES;
				SYMROOT = "$(SRCROOT)/../../Build/build";
			};
			name = Debug;
		};
		2B7DA11D1F26146A00589BFF /* Release */ = {
			isa = XCBuildConfiguration;
			baseConfigurationReference = 2B7DA1111F26146A00589BFF /* GXwatchOSTarget.xcconfig */;
			buildSettings = {
				APPLICATION_EXTENSION_API_ONLY = YES;
				DEFINES_MODULE = YES;
				DYLIB_COMPATIBILITY_VERSION = 1;
				DYLIB_CURRENT_VERSION = 1;
				DYLIB_INSTALL_NAME_BASE = "@rpath";
				FRAMEWORK_SEARCH_PATHS = (
					"$(inherited)",
					"$(BUILT_PRODUCTS_DIR)",
				);
				INFOPLIST_FILE = GXUCAnimationView/watchOS/Info.plist;
				INSTALL_PATH = "$(LOCAL_LIBRARY_DIR)/Frameworks";
				LD_RUNPATH_SEARCH_PATHS = "$(inherited) @loader_path/Frameworks";
				PRODUCT_BUNDLE_IDENTIFIER = com.genexus.GXUCAnimationView;
				PRODUCT_NAME = GXUCAnimationView;
				SKIP_INSTALL = YES;
				SYMROOT = "$(SRCROOT)/../../Build/build";
			};
			name = Release;
		};
		2B7DA11F1F26146A00589BFF /* Debug */ = {
			isa = XCBuildConfiguration;
			baseConfigurationReference = AE550C092023A86C000C0E8A /* GXtvOSTargetWithPodsDebug.xcconfig */;
			buildSettings = {
				APPLICATION_EXTENSION_API_ONLY = NO;
				DEFINES_MODULE = YES;
				DYLIB_COMPATIBILITY_VERSION = 1;
				DYLIB_CURRENT_VERSION = 1;
				DYLIB_INSTALL_NAME_BASE = "@rpath";
				FRAMEWORK_SEARCH_PATHS = (
					"$(inherited)",
					"$(BUILT_PRODUCTS_DIR)",
				);
				INFOPLIST_FILE = GXUCAnimationView/tvOS/Info.plist;
				INSTALL_PATH = "$(LOCAL_LIBRARY_DIR)/Frameworks";
				LD_RUNPATH_SEARCH_PATHS = "$(inherited) @loader_path/Frameworks";
				PRODUCT_BUNDLE_IDENTIFIER = com.genexus.GXUCAnimationView;
				PRODUCT_NAME = GXUCAnimationView;
				SKIP_INSTALL = YES;
				SYMROOT = "$(SRCROOT)/../../Build/build";
			};
			name = Debug;
		};
		2B7DA1201F26146A00589BFF /* Release */ = {
			isa = XCBuildConfiguration;
			baseConfigurationReference = AE550C0B2023A86D000C0E8A /* GXtvOSTargetWithPodsRelease.xcconfig */;
			buildSettings = {
				APPLICATION_EXTENSION_API_ONLY = NO;
				DEFINES_MODULE = YES;
				DYLIB_COMPATIBILITY_VERSION = 1;
				DYLIB_CURRENT_VERSION = 1;
				DYLIB_INSTALL_NAME_BASE = "@rpath";
				FRAMEWORK_SEARCH_PATHS = (
					"$(inherited)",
					"$(BUILT_PRODUCTS_DIR)",
				);
				INFOPLIST_FILE = GXUCAnimationView/tvOS/Info.plist;
				INSTALL_PATH = "$(LOCAL_LIBRARY_DIR)/Frameworks";
				LD_RUNPATH_SEARCH_PATHS = "$(inherited) @loader_path/Frameworks";
				PRODUCT_BUNDLE_IDENTIFIER = com.genexus.GXUCAnimationView;
				PRODUCT_NAME = GXUCAnimationView;
				SKIP_INSTALL = YES;
				SYMROOT = "$(SRCROOT)/../../Build/build";
			};
			name = Release;
		};
/* End XCBuildConfiguration section */

/* Begin XCConfigurationList section */
		2B7DA0D41F26146A00589BFF /* Build configuration list for PBXProject "GXUCAnimationView" */ = {
			isa = XCConfigurationList;
			buildConfigurations = (
				2B7DA1161F26146A00589BFF /* Debug */,
				2B7DA1171F26146A00589BFF /* Release */,
			);
			defaultConfigurationIsVisible = 0;
			defaultConfigurationName = Release;
		};
		2B7DA1181F26146A00589BFF /* Build configuration list for PBXNativeTarget "GXUCAnimationView-iOS" */ = {
			isa = XCConfigurationList;
			buildConfigurations = (
				2B7DA1191F26146A00589BFF /* Debug */,
				2B7DA11A1F26146A00589BFF /* Release */,
			);
			defaultConfigurationIsVisible = 0;
			defaultConfigurationName = Release;
		};
		2B7DA11B1F26146A00589BFF /* Build configuration list for PBXNativeTarget "GXUCAnimationView-watchOS" */ = {
			isa = XCConfigurationList;
			buildConfigurations = (
				2B7DA11C1F26146A00589BFF /* Debug */,
				2B7DA11D1F26146A00589BFF /* Release */,
			);
			defaultConfigurationIsVisible = 0;
			defaultConfigurationName = Release;
		};
		2B7DA11E1F26146A00589BFF /* Build configuration list for PBXNativeTarget "GXUCAnimationView-tvOS" */ = {
			isa = XCConfigurationList;
			buildConfigurations = (
				2B7DA11F1F26146A00589BFF /* Debug */,
				2B7DA1201F26146A00589BFF /* Release */,
			);
			defaultConfigurationIsVisible = 0;
			defaultConfigurationName = Release;
		};
/* End XCConfigurationList section */
	};
	rootObject = 2B7DA0D11F26146A00589BFF /* Project object */;
}
