// !$*UTF8*$!
{
	archiveVersion = 1;
	classes = {
	};
	objectVersion = 46;
	objects = {

/* Begin PBXBuildFile section */
		2B125C4C20D28EAA00CDFCBD /* GXUC_MapList+Routing.swift in Sources */ = {isa = PBXBuildFile; fileRef = 2B125C4B20D28EAA00CDFCBD /* GXUC_MapList+Routing.swift */; };
		2B44701B20EBFD8700C7B0F0 /* GXCoreModule_Common_Maps.framework in Frameworks */ = {isa = PBXBuildFile; fileRef = 2B446FB120EBFC6900C7B0F0 /* GXCoreModule_Common_Maps.framework */; };
		2B5C176520740C6700920EF9 /* GXUC_MapList.h in Headers */ = {isa = PBXBuildFile; fileRef = 2B86D873207409B0004E3068 /* GXUC_MapList.h */; settings = {ATTRIBUTES = (Public, ); }; };
		2B5C176620740C6800920EF9 /* GXUC_MapList.h in Headers */ = {isa = PBXBuildFile; fileRef = 2B86D873207409B0004E3068 /* GXUC_MapList.h */; settings = {ATTRIBUTES = (Public, ); }; };
		2B5C176720740C6C00920EF9 /* GXUC_MapList+GXHelpers.h in Headers */ = {isa = PBXBuildFile; fileRef = 2B86D871207409AF004E3068 /* GXUC_MapList+GXHelpers.h */; settings = {ATTRIBUTES = (Public, ); }; };
		2B5C176820740C6D00920EF9 /* GXUC_MapList+GXHelpers.h in Headers */ = {isa = PBXBuildFile; fileRef = 2B86D871207409AF004E3068 /* GXUC_MapList+GXHelpers.h */; settings = {ATTRIBUTES = (Public, ); }; };
		2B5C176A20740C7100920EF9 /* GXUC_MapList+GXProperties.h in Headers */ = {isa = PBXBuildFile; fileRef = 2B86D876207409B0004E3068 /* GXUC_MapList+GXProperties.h */; settings = {ATTRIBUTES = (Public, ); }; };
		2B5C176B20740C7600920EF9 /* GXUC_MapList+Internal.h in Headers */ = {isa = PBXBuildFile; fileRef = 2B86D877207409B0004E3068 /* GXUC_MapList+Internal.h */; settings = {ATTRIBUTES = (Public, ); }; };
		2B5C176C20740C7700920EF9 /* GXUC_MapList+Internal.h in Headers */ = {isa = PBXBuildFile; fileRef = 2B86D877207409B0004E3068 /* GXUC_MapList+Internal.h */; settings = {ATTRIBUTES = (Public, ); }; };
		2B5C17F9207413D300920EF9 /* GXUC_MapList.m in Sources */ = {isa = PBXBuildFile; fileRef = 2B86D874207409B0004E3068 /* GXUC_MapList.m */; };
		2B5C17FA207413D300920EF9 /* GXUC_MapList+GXHelpers.m in Sources */ = {isa = PBXBuildFile; fileRef = 2B86D875207409B0004E3068 /* GXUC_MapList+GXHelpers.m */; };
		2B5C17FC207413E500920EF9 /* GXUC_MapList+GXProperties.m in Sources */ = {isa = PBXBuildFile; fileRef = 2B86D872207409B0004E3068 /* GXUC_MapList+GXProperties.m */; };
		2B5C17FD207413EE00920EF9 /* GXUC_MapList.m in Sources */ = {isa = PBXBuildFile; fileRef = 2B86D874207409B0004E3068 /* GXUC_MapList.m */; };
		2B5C17FE207413EE00920EF9 /* GXUC_MapList+GXHelpers.m in Sources */ = {isa = PBXBuildFile; fileRef = 2B86D875207409B0004E3068 /* GXUC_MapList+GXHelpers.m */; };
		2B5C17FF207413EE00920EF9 /* GXUC_MapList+GXProperties.m in Sources */ = {isa = PBXBuildFile; fileRef = 2B86D872207409B0004E3068 /* GXUC_MapList+GXProperties.m */; };
		2B5DFD34220DA43B003F309D /* GXUC_MapList+Animations.swift in Sources */ = {isa = PBXBuildFile; fileRef = 2BA82C032200C477005D0562 /* GXUC_MapList+Animations.swift */; };
		2B914E8820641BD900D00CBC /* GXFoundation.framework in Frameworks */ = {isa = PBXBuildFile; fileRef = 2B914E8920641BD900D00CBC /* GXFoundation.framework */; };
		2B99C5A3207D4D5F00AF1957 /* Assets.xcassets in Resources */ = {isa = PBXBuildFile; fileRef = 2B99C5A2207D4D5F00AF1957 /* Assets.xcassets */; };
		2BA82BFD220094C2005D0562 /* GXUC_MapList+Routing.swift in Sources */ = {isa = PBXBuildFile; fileRef = 2B125C4B20D28EAA00CDFCBD /* GXUC_MapList+Routing.swift */; };
		2BA82C042200C477005D0562 /* GXUC_MapList+Animations.swift in Sources */ = {isa = PBXBuildFile; fileRef = 2BA82C032200C477005D0562 /* GXUC_MapList+Animations.swift */; };
		2BD19E4E20D9F2D4003C32A2 /* GXUC_MapList+GXProperties.h in Headers */ = {isa = PBXBuildFile; fileRef = 2B86D876207409B0004E3068 /* GXUC_MapList+GXProperties.h */; settings = {ATTRIBUTES = (Public, ); }; };
		AE983B801D357CB30014DD5C /* GXCoreBL.framework in Frameworks */ = {isa = PBXBuildFile; fileRef = AE983B7A1D357CB30014DD5C /* GXCoreBL.framework */; };
		AE983B811D357CB30014DD5C /* GXCoreBL.framework in Frameworks */ = {isa = PBXBuildFile; fileRef = AE983B7A1D357CB30014DD5C /* GXCoreBL.framework */; };
		AE983B821D357CB30014DD5C /* GXCoreBL.framework in Frameworks */ = {isa = PBXBuildFile; fileRef = AE983B7A1D357CB30014DD5C /* GXCoreBL.framework */; };
		AE983B831D357CB30014DD5C /* GXDataLayer.framework in Frameworks */ = {isa = PBXBuildFile; fileRef = AE983B7B1D357CB30014DD5C /* GXDataLayer.framework */; };
		AE983B841D357CB30014DD5C /* GXDataLayer.framework in Frameworks */ = {isa = PBXBuildFile; fileRef = AE983B7B1D357CB30014DD5C /* GXDataLayer.framework */; };
		AE983B851D357CB30014DD5C /* GXDataLayer.framework in Frameworks */ = {isa = PBXBuildFile; fileRef = AE983B7B1D357CB30014DD5C /* GXDataLayer.framework */; };
		AE983B871D357CB30014DD5C /* GXFoundation.framework in Frameworks */ = {isa = PBXBuildFile; fileRef = AE983B7C1D357CB30014DD5C /* GXFoundation.framework */; };
		AE983B881D357CB30014DD5C /* GXFoundation.framework in Frameworks */ = {isa = PBXBuildFile; fileRef = AE983B7C1D357CB30014DD5C /* GXFoundation.framework */; };
		AE983B891D357CB30014DD5C /* GXObjectsModel.framework in Frameworks */ = {isa = PBXBuildFile; fileRef = AE983B7D1D357CB30014DD5C /* GXObjectsModel.framework */; };
		AE983B8A1D357CB30014DD5C /* GXObjectsModel.framework in Frameworks */ = {isa = PBXBuildFile; fileRef = AE983B7D1D357CB30014DD5C /* GXObjectsModel.framework */; };
		AE983B8B1D357CB30014DD5C /* GXObjectsModel.framework in Frameworks */ = {isa = PBXBuildFile; fileRef = AE983B7D1D357CB30014DD5C /* GXObjectsModel.framework */; };
		AE983B8C1D357CB30014DD5C /* GXStandardClasses.framework in Frameworks */ = {isa = PBXBuildFile; fileRef = AE983B7E1D357CB30014DD5C /* GXStandardClasses.framework */; };
		AE983B8D1D357CB30014DD5C /* GXStandardClasses.framework in Frameworks */ = {isa = PBXBuildFile; fileRef = AE983B7E1D357CB30014DD5C /* GXStandardClasses.framework */; };
		AE983B8E1D357CB30014DD5C /* GXStandardClasses.framework in Frameworks */ = {isa = PBXBuildFile; fileRef = AE983B7E1D357CB30014DD5C /* GXStandardClasses.framework */; };
		AE983B8F1D357CB30014DD5C /* YAJL.framework in Frameworks */ = {isa = PBXBuildFile; fileRef = AE983B7F1D357CB30014DD5C /* YAJL.framework */; };
		AE983B901D357CB30014DD5C /* YAJL.framework in Frameworks */ = {isa = PBXBuildFile; fileRef = AE983B7F1D357CB30014DD5C /* YAJL.framework */; };
		AE983B911D357CB30014DD5C /* YAJL.framework in Frameworks */ = {isa = PBXBuildFile; fileRef = AE983B7F1D357CB30014DD5C /* YAJL.framework */; };
		AECE95AA1CFCC98F00022985 /* GXUCMaps.h in Headers */ = {isa = PBXBuildFile; fileRef = AECE95A91CFCC98F00022985 /* GXUCMaps.h */; settings = {ATTRIBUTES = (Public, ); }; };
		AECE95AB1CFCC98F00022985 /* GXUCMaps.h in Headers */ = {isa = PBXBuildFile; fileRef = AECE95A91CFCC98F00022985 /* GXUCMaps.h */; settings = {ATTRIBUTES = (Public, ); }; };
		AECE95AC1CFCC98F00022985 /* GXUCMaps.h in Headers */ = {isa = PBXBuildFile; fileRef = AECE95A91CFCC98F00022985 /* GXUCMaps.h */; settings = {ATTRIBUTES = (Public, ); }; };
		AECE95D01CFCCA2C00022985 /* GXCoreUI.framework in Frameworks */ = {isa = PBXBuildFile; fileRef = AECE95C51CFCC9D400022985 /* GXCoreUI.framework */; };
		AECE95DD1CFCCA4800022985 /* GXCoreUI.framework in Frameworks */ = {isa = PBXBuildFile; fileRef = AECE95C71CFCC9D400022985 /* GXCoreUI.framework */; };
		AECE95EA1CFCCA5F00022985 /* GXCoreUI.framework in Frameworks */ = {isa = PBXBuildFile; fileRef = AECE95C91CFCC9D400022985 /* GXCoreUI.framework */; };
/* End PBXBuildFile section */

/* Begin PBXContainerItemProxy section */
		2B143FD12176125C003B9A47 /* PBXContainerItemProxy */ = {
			isa = PBXContainerItemProxy;
			containerPortal = 2BE61DBF20E1187D00294DE9 /* GXCoreModule_Common_Maps.xcodeproj */;
			proxyType = 1;
			remoteGlobalIDString = 2B8F953620E1111100C560EE;
			remoteInfo = "GXCoreModule_Common_Geography-tvOS";
		};
		2B446FB020EBFC6900C7B0F0 /* PBXContainerItemProxy */ = {
			isa = PBXContainerItemProxy;
			containerPortal = 2BE61DBF20E1187D00294DE9 /* GXCoreModule_Common_Maps.xcodeproj */;
			proxyType = 2;
			remoteGlobalIDString = 2B8F951420E1111100C560EE;
			remoteInfo = "GXCoreModule_Common_Geography-iOS";
		};
		2B446FB220EBFC6900C7B0F0 /* PBXContainerItemProxy */ = {
			isa = PBXContainerItemProxy;
			containerPortal = 2BE61DBF20E1187D00294DE9 /* GXCoreModule_Common_Maps.xcodeproj */;
			proxyType = 2;
			remoteGlobalIDString = 2B8F952A20E1111100C560EE;
			remoteInfo = "GXCoreModule_Common_Geography-watchOS";
		};
		2B446FB420EBFC6900C7B0F0 /* PBXContainerItemProxy */ = {
			isa = PBXContainerItemProxy;
			containerPortal = 2BE61DBF20E1187D00294DE9 /* GXCoreModule_Common_Maps.xcodeproj */;
			proxyType = 2;
			remoteGlobalIDString = 2B8F953720E1111100C560EE;
			remoteInfo = "GXCoreModule_Common_Geography-tvOS";
		};
		2B44701920EBFD7C00C7B0F0 /* PBXContainerItemProxy */ = {
			isa = PBXContainerItemProxy;
			containerPortal = 2BE61DBF20E1187D00294DE9 /* GXCoreModule_Common_Maps.xcodeproj */;
			proxyType = 1;
			remoteGlobalIDString = 2B8F951320E1111100C560EE;
			remoteInfo = "GXCoreModule_Common_Geography-iOS";
		};
		2B50695F2048470000A336D8 /* PBXContainerItemProxy */ = {
			isa = PBXContainerItemProxy;
			containerPortal = AECE95BE1CFCC9D400022985 /* GXCoreUI.xcodeproj */;
			proxyType = 1;
			remoteGlobalIDString = AE9327691C6B9E9B00B090E4;
			remoteInfo = "GXCoreUI-iOS";
		};
		AECE95C41CFCC9D400022985 /* PBXContainerItemProxy */ = {
			isa = PBXContainerItemProxy;
			containerPortal = AECE95BE1CFCC9D400022985 /* GXCoreUI.xcodeproj */;
			proxyType = 2;
			remoteGlobalIDString = AE93276A1C6B9E9B00B090E4;
			remoteInfo = "GXCoreUI-iOS";
		};
		AECE95C61CFCC9D400022985 /* PBXContainerItemProxy */ = {
			isa = PBXContainerItemProxy;
			containerPortal = AECE95BE1CFCC9D400022985 /* GXCoreUI.xcodeproj */;
			proxyType = 2;
			remoteGlobalIDString = AE9327711C6B9E9B00B090E4;
			remoteInfo = "GXCoreUI-watchOS";
		};
		AECE95C81CFCC9D400022985 /* PBXContainerItemProxy */ = {
			isa = PBXContainerItemProxy;
			containerPortal = AECE95BE1CFCC9D400022985 /* GXCoreUI.xcodeproj */;
			proxyType = 2;
			remoteGlobalIDString = AE9327771C6B9E9B00B090E4;
			remoteInfo = "GXCoreUI-tvOS";
		};
		AECE95CC1CFCCA1600022985 /* PBXContainerItemProxy */ = {
			isa = PBXContainerItemProxy;
			containerPortal = AECE95BE1CFCC9D400022985 /* GXCoreUI.xcodeproj */;
			proxyType = 1;
			remoteGlobalIDString = AE9327701C6B9E9B00B090E4;
			remoteInfo = "GXCoreUI-watchOS";
		};
		AECE95CE1CFCCA1900022985 /* PBXContainerItemProxy */ = {
			isa = PBXContainerItemProxy;
			containerPortal = AECE95BE1CFCC9D400022985 /* GXCoreUI.xcodeproj */;
			proxyType = 1;
			remoteGlobalIDString = AE9327761C6B9E9B00B090E4;
			remoteInfo = "GXCoreUI-tvOS";
		};
/* End PBXContainerItemProxy section */

/* Begin PBXFileReference section */
		2B125C4B20D28EAA00CDFCBD /* GXUC_MapList+Routing.swift */ = {isa = PBXFileReference; lastKnownFileType = sourcecode.swift; path = "GXUC_MapList+Routing.swift"; sourceTree = "<group>"; };
		2B86D871207409AF004E3068 /* GXUC_MapList+GXHelpers.h */ = {isa = PBXFileReference; lastKnownFileType = sourcecode.c.h; path = "GXUC_MapList+GXHelpers.h"; sourceTree = "<group>"; };
		2B86D872207409B0004E3068 /* GXUC_MapList+GXProperties.m */ = {isa = PBXFileReference; lastKnownFileType = sourcecode.c.objc; path = "GXUC_MapList+GXProperties.m"; sourceTree = "<group>"; };
		2B86D873207409B0004E3068 /* GXUC_MapList.h */ = {isa = PBXFileReference; lastKnownFileType = sourcecode.c.h; path = GXUC_MapList.h; sourceTree = "<group>"; };
		2B86D874207409B0004E3068 /* GXUC_MapList.m */ = {isa = PBXFileReference; lastKnownFileType = sourcecode.c.objc; path = GXUC_MapList.m; sourceTree = "<group>"; };
		2B86D875207409B0004E3068 /* GXUC_MapList+GXHelpers.m */ = {isa = PBXFileReference; lastKnownFileType = sourcecode.c.objc; path = "GXUC_MapList+GXHelpers.m"; sourceTree = "<group>"; };
		2B86D876207409B0004E3068 /* GXUC_MapList+GXProperties.h */ = {isa = PBXFileReference; lastKnownFileType = sourcecode.c.h; path = "GXUC_MapList+GXProperties.h"; sourceTree = "<group>"; };
		2B86D877207409B0004E3068 /* GXUC_MapList+Internal.h */ = {isa = PBXFileReference; lastKnownFileType = sourcecode.c.h; path = "GXUC_MapList+Internal.h"; sourceTree = "<group>"; };
		2B914E8920641BD900D00CBC /* GXFoundation.framework */ = {isa = PBXFileReference; explicitFileType = wrapper.framework; path = GXFoundation.framework; sourceTree = BUILT_PRODUCTS_DIR; };
		2B99C5A2207D4D5F00AF1957 /* Assets.xcassets */ = {isa = PBXFileReference; lastKnownFileType = folder.assetcatalog; path = Assets.xcassets; sourceTree = "<group>"; };
		2BA82C032200C477005D0562 /* GXUC_MapList+Animations.swift */ = {isa = PBXFileReference; fileEncoding = 4; lastKnownFileType = sourcecode.swift; path = "GXUC_MapList+Animations.swift"; sourceTree = "<group>"; };
		2BE61DBF20E1187D00294DE9 /* GXCoreModule_Common_Maps.xcodeproj */ = {isa = PBXFileReference; lastKnownFileType = "wrapper.pb-project"; name = GXCoreModule_Common_Maps.xcodeproj; path = ../../GXFlexibleClient/GXCoreModule_Common_Maps/GXCoreModule_Common_Maps.xcodeproj; sourceTree = "<group>"; };
		AE983B7A1D357CB30014DD5C /* GXCoreBL.framework */ = {isa = PBXFileReference; lastKnownFileType = wrapper.framework; name = GXCoreBL.framework; path = ../../GXCoreBL.framework; sourceTree = BUILT_PRODUCTS_DIR; };
		AE983B7B1D357CB30014DD5C /* GXDataLayer.framework */ = {isa = PBXFileReference; lastKnownFileType = wrapper.framework; name = GXDataLayer.framework; path = ../../GXDataLayer.framework; sourceTree = BUILT_PRODUCTS_DIR; };
		AE983B7C1D357CB30014DD5C /* GXFoundation.framework */ = {isa = PBXFileReference; lastKnownFileType = wrapper.framework; name = GXFoundation.framework; path = ../../GXFoundation.framework; sourceTree = BUILT_PRODUCTS_DIR; };
		AE983B7D1D357CB30014DD5C /* GXObjectsModel.framework */ = {isa = PBXFileReference; lastKnownFileType = wrapper.framework; name = GXObjectsModel.framework; path = ../../GXObjectsModel.framework; sourceTree = BUILT_PRODUCTS_DIR; };
		AE983B7E1D357CB30014DD5C /* GXStandardClasses.framework */ = {isa = PBXFileReference; lastKnownFileType = wrapper.framework; name = GXStandardClasses.framework; path = ../../GXStandardClasses.framework; sourceTree = BUILT_PRODUCTS_DIR; };
		AE983B7F1D357CB30014DD5C /* YAJL.framework */ = {isa = PBXFileReference; lastKnownFileType = wrapper.framework; name = YAJL.framework; path = ../../YAJL.framework; sourceTree = BUILT_PRODUCTS_DIR; };
		AECE95751CFCC98F00022985 /* GXUCMaps.framework */ = {isa = PBXFileReference; explicitFileType = wrapper.framework; includeInIndex = 0; path = GXUCMaps.framework; sourceTree = BUILT_PRODUCTS_DIR; };
		AECE958C1CFCC98F00022985 /* GXUCMaps.framework */ = {isa = PBXFileReference; explicitFileType = wrapper.framework; includeInIndex = 0; path = GXUCMaps.framework; sourceTree = BUILT_PRODUCTS_DIR; };
		AECE959A1CFCC98F00022985 /* GXUCMaps.framework */ = {isa = PBXFileReference; explicitFileType = wrapper.framework; includeInIndex = 0; path = GXUCMaps.framework; sourceTree = BUILT_PRODUCTS_DIR; };
		AECE95A61CFCC98F00022985 /* Info.plist */ = {isa = PBXFileReference; lastKnownFileType = text.plist.xml; path = Info.plist; sourceTree = "<group>"; };
		AECE95A71CFCC98F00022985 /* Info.plist */ = {isa = PBXFileReference; lastKnownFileType = text.plist.xml; path = Info.plist; sourceTree = "<group>"; };
		AECE95A81CFCC98F00022985 /* Info.plist */ = {isa = PBXFileReference; lastKnownFileType = text.plist.xml; path = Info.plist; sourceTree = "<group>"; };
		AECE95A91CFCC98F00022985 /* GXUCMaps.h */ = {isa = PBXFileReference; lastKnownFileType = sourcecode.c.h; path = GXUCMaps.h; sourceTree = "<group>"; };
		AECE95AE1CFCC98F00022985 /* GXProjectDebug.xcconfig */ = {isa = PBXFileReference; lastKnownFileType = text.xcconfig; name = GXProjectDebug.xcconfig; path = ../../../../xcConfigFiles/GXProjectDebug.xcconfig; sourceTree = "<group>"; };
		AECE95AF1CFCC98F00022985 /* GXProjectRelease.xcconfig */ = {isa = PBXFileReference; lastKnownFileType = text.xcconfig; name = GXProjectRelease.xcconfig; path = ../../../../xcConfigFiles/GXProjectRelease.xcconfig; sourceTree = "<group>"; };
		AECE95B01CFCC98F00022985 /* GXiOSTarget.xcconfig */ = {isa = PBXFileReference; lastKnownFileType = text.xcconfig; name = GXiOSTarget.xcconfig; path = ../../../../xcConfigFiles/GXiOSTarget.xcconfig; sourceTree = "<group>"; };
		AECE95B11CFCC98F00022985 /* GXwatchOSTarget.xcconfig */ = {isa = PBXFileReference; lastKnownFileType = text.xcconfig; name = GXwatchOSTarget.xcconfig; path = ../../../../xcConfigFiles/GXwatchOSTarget.xcconfig; sourceTree = "<group>"; };
		AECE95B21CFCC98F00022985 /* GXtvOSTarget.xcconfig */ = {isa = PBXFileReference; lastKnownFileType = text.xcconfig; name = GXtvOSTarget.xcconfig; path = ../../../../xcConfigFiles/GXtvOSTarget.xcconfig; sourceTree = "<group>"; };
		AECE95BE1CFCC9D400022985 /* GXCoreUI.xcodeproj */ = {isa = PBXFileReference; lastKnownFileType = "wrapper.pb-project"; name = GXCoreUI.xcodeproj; path = ../../GXFlexibleClient/GXCoreUI/GXCoreUI.xcodeproj; sourceTree = "<group>"; };
/* End PBXFileReference section */

/* Begin PBXFrameworksBuildPhase section */
		AECE95701CFCC98F00022985 /* Frameworks */ = {
			isa = PBXFrameworksBuildPhase;
			buildActionMask = 2147483647;
			files = (
				2B44701B20EBFD8700C7B0F0 /* GXCoreModule_Common_Maps.framework in Frameworks */,
				2B914E8820641BD900D00CBC /* GXFoundation.framework in Frameworks */,
				AE983B801D357CB30014DD5C /* GXCoreBL.framework in Frameworks */,
				AE983B8F1D357CB30014DD5C /* YAJL.framework in Frameworks */,
				AECE95D01CFCCA2C00022985 /* GXCoreUI.framework in Frameworks */,
				AE983B8C1D357CB30014DD5C /* GXStandardClasses.framework in Frameworks */,
				AE983B831D357CB30014DD5C /* GXDataLayer.framework in Frameworks */,
				AE983B891D357CB30014DD5C /* GXObjectsModel.framework in Frameworks */,
			);
			runOnlyForDeploymentPostprocessing = 0;
		};
		AECE95871CFCC98F00022985 /* Frameworks */ = {
			isa = PBXFrameworksBuildPhase;
			buildActionMask = 2147483647;
			files = (
				AE983B871D357CB30014DD5C /* GXFoundation.framework in Frameworks */,
				AE983B811D357CB30014DD5C /* GXCoreBL.framework in Frameworks */,
				AE983B901D357CB30014DD5C /* YAJL.framework in Frameworks */,
				AECE95DD1CFCCA4800022985 /* GXCoreUI.framework in Frameworks */,
				AE983B8D1D357CB30014DD5C /* GXStandardClasses.framework in Frameworks */,
				AE983B841D357CB30014DD5C /* GXDataLayer.framework in Frameworks */,
				AE983B8A1D357CB30014DD5C /* GXObjectsModel.framework in Frameworks */,
			);
			runOnlyForDeploymentPostprocessing = 0;
		};
		AECE95951CFCC98F00022985 /* Frameworks */ = {
			isa = PBXFrameworksBuildPhase;
			buildActionMask = 2147483647;
			files = (
				AE983B881D357CB30014DD5C /* GXFoundation.framework in Frameworks */,
				AE983B821D357CB30014DD5C /* GXCoreBL.framework in Frameworks */,
				AE983B911D357CB30014DD5C /* YAJL.framework in Frameworks */,
				AECE95EA1CFCCA5F00022985 /* GXCoreUI.framework in Frameworks */,
				AE983B8E1D357CB30014DD5C /* GXStandardClasses.framework in Frameworks */,
				AE983B851D357CB30014DD5C /* GXDataLayer.framework in Frameworks */,
				AE983B8B1D357CB30014DD5C /* GXObjectsModel.framework in Frameworks */,
			);
			runOnlyForDeploymentPostprocessing = 0;
		};
/* End PBXFrameworksBuildPhase section */

/* Begin PBXGroup section */
		2B446F7920EBFC6900C7B0F0 /* Products */ = {
			isa = PBXGroup;
			children = (
				2B446FB120EBFC6900C7B0F0 /* GXCoreModule_Common_Maps.framework */,
				2B446FB320EBFC6900C7B0F0 /* GXCoreModule_Common_Maps.framework */,
				2B446FB520EBFC6900C7B0F0 /* GXCoreModule_Common_Maps.framework */,
			);
			name = Products;
			sourceTree = "<group>";
		};
		2B8F950920E0964400C560EE /* GXUC_MapList */ = {
			isa = PBXGroup;
			children = (
				2B99C5A2207D4D5F00AF1957 /* Assets.xcassets */,
				2B86D873207409B0004E3068 /* GXUC_MapList.h */,
				2B86D874207409B0004E3068 /* GXUC_MapList.m */,
				2B86D871207409AF004E3068 /* GXUC_MapList+GXHelpers.h */,
				2B86D875207409B0004E3068 /* GXUC_MapList+GXHelpers.m */,
				2B86D876207409B0004E3068 /* GXUC_MapList+GXProperties.h */,
				2B86D872207409B0004E3068 /* GXUC_MapList+GXProperties.m */,
				2B86D877207409B0004E3068 /* GXUC_MapList+Internal.h */,
				2B125C4B20D28EAA00CDFCBD /* GXUC_MapList+Routing.swift */,
				2BA82C032200C477005D0562 /* GXUC_MapList+Animations.swift */,
			);
			name = GXUC_MapList;
			sourceTree = "<group>";
		};
		AECE956A1CFCC98F00022985 = {
			isa = PBXGroup;
			children = (
				AECE95A21CFCC98F00022985 /* GXUCMaps */,
				AECE95771CFCC98F00022985 /* Frameworks */,
				AECE95761CFCC98F00022985 /* Products */,
			);
			sourceTree = "<group>";
		};
		AECE95761CFCC98F00022985 /* Products */ = {
			isa = PBXGroup;
			children = (
				AECE95751CFCC98F00022985 /* GXUCMaps.framework */,
				AECE958C1CFCC98F00022985 /* GXUCMaps.framework */,
				AECE959A1CFCC98F00022985 /* GXUCMaps.framework */,
			);
			name = Products;
			sourceTree = "<group>";
		};
		AECE95771CFCC98F00022985 /* Frameworks */ = {
			isa = PBXGroup;
			children = (
				2B914E8920641BD900D00CBC /* GXFoundation.framework */,
				AE983B7A1D357CB30014DD5C /* GXCoreBL.framework */,
				AE983B7B1D357CB30014DD5C /* GXDataLayer.framework */,
				AE983B7C1D357CB30014DD5C /* GXFoundation.framework */,
				AE983B7D1D357CB30014DD5C /* GXObjectsModel.framework */,
				AE983B7E1D357CB30014DD5C /* GXStandardClasses.framework */,
				AE983B7F1D357CB30014DD5C /* YAJL.framework */,
				AECE95BE1CFCC9D400022985 /* GXCoreUI.xcodeproj */,
				2BE61DBF20E1187D00294DE9 /* GXCoreModule_Common_Maps.xcodeproj */,
			);
			name = Frameworks;
			sourceTree = "<group>";
		};
		AECE95A21CFCC98F00022985 /* GXUCMaps */ = {
			isa = PBXGroup;
			children = (
				2B8F950920E0964400C560EE /* GXUC_MapList */,
				AECE95AD1CFCC98F00022985 /* Config */,
				AECE95A51CFCC98F00022985 /* iOS */,
				AECE95A41CFCC98F00022985 /* watchOS */,
				AECE95A31CFCC98F00022985 /* tvOS */,
				AECE95A91CFCC98F00022985 /* GXUCMaps.h */,
			);
			path = GXUCMaps;
			sourceTree = "<group>";
		};
		AECE95A31CFCC98F00022985 /* tvOS */ = {
			isa = PBXGroup;
			children = (
				AECE95A81CFCC98F00022985 /* Info.plist */,
			);
			path = tvOS;
			sourceTree = "<group>";
		};
		AECE95A41CFCC98F00022985 /* watchOS */ = {
			isa = PBXGroup;
			children = (
				AECE95A71CFCC98F00022985 /* Info.plist */,
			);
			path = watchOS;
			sourceTree = "<group>";
		};
		AECE95A51CFCC98F00022985 /* iOS */ = {
			isa = PBXGroup;
			children = (
				AECE95A61CFCC98F00022985 /* Info.plist */,
			);
			path = iOS;
			sourceTree = "<group>";
		};
		AECE95AD1CFCC98F00022985 /* Config */ = {
			isa = PBXGroup;
			children = (
				AECE95AE1CFCC98F00022985 /* GXProjectDebug.xcconfig */,
				AECE95AF1CFCC98F00022985 /* GXProjectRelease.xcconfig */,
				AECE95B01CFCC98F00022985 /* GXiOSTarget.xcconfig */,
				AECE95B11CFCC98F00022985 /* GXwatchOSTarget.xcconfig */,
				AECE95B21CFCC98F00022985 /* GXtvOSTarget.xcconfig */,
			);
			path = Config;
			sourceTree = "<group>";
		};
		AECE95BF1CFCC9D400022985 /* Products */ = {
			isa = PBXGroup;
			children = (
				AECE95C51CFCC9D400022985 /* GXCoreUI.framework */,
				AECE95C71CFCC9D400022985 /* GXCoreUI.framework */,
				AECE95C91CFCC9D400022985 /* GXCoreUI.framework */,
			);
			name = Products;
			sourceTree = "<group>";
		};
/* End PBXGroup section */

/* Begin PBXHeadersBuildPhase section */
		AECE95711CFCC98F00022985 /* Headers */ = {
			isa = PBXHeadersBuildPhase;
			buildActionMask = 2147483647;
			files = (
				2B5C176720740C6C00920EF9 /* GXUC_MapList+GXHelpers.h in Headers */,
				2BD19E4E20D9F2D4003C32A2 /* GXUC_MapList+GXProperties.h in Headers */,
				2B5C176B20740C7600920EF9 /* GXUC_MapList+Internal.h in Headers */,
				2B5C176520740C6700920EF9 /* GXUC_MapList.h in Headers */,
				AECE95AA1CFCC98F00022985 /* GXUCMaps.h in Headers */,
			);
			runOnlyForDeploymentPostprocessing = 0;
		};
		AECE95881CFCC98F00022985 /* Headers */ = {
			isa = PBXHeadersBuildPhase;
			buildActionMask = 2147483647;
			files = (
				AECE95AB1CFCC98F00022985 /* GXUCMaps.h in Headers */,
			);
			runOnlyForDeploymentPostprocessing = 0;
		};
		AECE95961CFCC98F00022985 /* Headers */ = {
			isa = PBXHeadersBuildPhase;
			buildActionMask = 2147483647;
			files = (
				2B5C176A20740C7100920EF9 /* GXUC_MapList+GXProperties.h in Headers */,
				2B5C176820740C6D00920EF9 /* GXUC_MapList+GXHelpers.h in Headers */,
				2B5C176C20740C7700920EF9 /* GXUC_MapList+Internal.h in Headers */,
				2B5C176620740C6800920EF9 /* GXUC_MapList.h in Headers */,
				AECE95AC1CFCC98F00022985 /* GXUCMaps.h in Headers */,
			);
			runOnlyForDeploymentPostprocessing = 0;
		};
/* End PBXHeadersBuildPhase section */

/* Begin PBXNativeTarget section */
		AECE95741CFCC98F00022985 /* GXUCMaps-iOS */ = {
			isa = PBXNativeTarget;
			buildConfigurationList = AECE95B51CFCC98F00022985 /* Build configuration list for PBXNativeTarget "GXUCMaps-iOS" */;
			buildPhases = (
				AECE956F1CFCC98F00022985 /* Sources */,
				AECE95701CFCC98F00022985 /* Frameworks */,
				AECE95711CFCC98F00022985 /* Headers */,
				AECE95721CFCC98F00022985 /* Resources */,
			);
			buildRules = (
			);
			dependencies = (
				2B44701A20EBFD7C00C7B0F0 /* PBXTargetDependency */,
				2B5069602048470000A336D8 /* PBXTargetDependency */,
			);
			name = "GXUCMaps-iOS";
			productName = "GXUCMaps-iOS";
			productReference = AECE95751CFCC98F00022985 /* GXUCMaps.framework */;
			productType = "com.apple.product-type.framework";
		};
		AECE958B1CFCC98F00022985 /* GXUCMaps-watchOS */ = {
			isa = PBXNativeTarget;
			buildConfigurationList = AECE95B81CFCC98F00022985 /* Build configuration list for PBXNativeTarget "GXUCMaps-watchOS" */;
			buildPhases = (
				AECE95861CFCC98F00022985 /* Sources */,
				AECE95871CFCC98F00022985 /* Frameworks */,
				AECE95881CFCC98F00022985 /* Headers */,
				AECE95891CFCC98F00022985 /* Resources */,
			);
			buildRules = (
			);
			dependencies = (
				AECE95CD1CFCCA1600022985 /* PBXTargetDependency */,
			);
			name = "GXUCMaps-watchOS";
			productName = "GXUCMaps-watchOS";
			productReference = AECE958C1CFCC98F00022985 /* GXUCMaps.framework */;
			productType = "com.apple.product-type.framework";
		};
		AECE95991CFCC98F00022985 /* GXUCMaps-tvOS */ = {
			isa = PBXNativeTarget;
			buildConfigurationList = AECE95BB1CFCC98F00022985 /* Build configuration list for PBXNativeTarget "GXUCMaps-tvOS" */;
			buildPhases = (
				AECE95941CFCC98F00022985 /* Sources */,
				AECE95951CFCC98F00022985 /* Frameworks */,
				AECE95961CFCC98F00022985 /* Headers */,
				AECE95971CFCC98F00022985 /* Resources */,
			);
			buildRules = (
			);
			dependencies = (
				2B143FD22176125C003B9A47 /* PBXTargetDependency */,
				AECE95CF1CFCCA1900022985 /* PBXTargetDependency */,
			);
			name = "GXUCMaps-tvOS";
			productName = "GXUCMaps-tvOS";
			productReference = AECE959A1CFCC98F00022985 /* GXUCMaps.framework */;
			productType = "com.apple.product-type.framework";
		};
/* End PBXNativeTarget section */

/* Begin PBXProject section */
		AECE956B1CFCC98F00022985 /* Project object */ = {
			isa = PBXProject;
			attributes = {
				CLASSPREFIX = GX;
				LastUpgradeCheck = 0800;
				ORGANIZATIONNAME = GeneXus;
				TargetAttributes = {
					AECE95741CFCC98F00022985 = {
						CreatedOnToolsVersion = 7.3.1;
						LastSwiftMigration = 1000;
					};
					AECE958B1CFCC98F00022985 = {
						CreatedOnToolsVersion = 7.3.1;
					};
					AECE95991CFCC98F00022985 = {
						CreatedOnToolsVersion = 7.3.1;
					};
				};
			};
			buildConfigurationList = AECE956E1CFCC98F00022985 /* Build configuration list for PBXProject "GXUCMaps" */;
			compatibilityVersion = "Xcode 3.2";
			developmentRegion = en;
			hasScannedForEncodings = 0;
			knownRegions = (
				en,
				Base,
			);
			mainGroup = AECE956A1CFCC98F00022985;
			productRefGroup = AECE95761CFCC98F00022985 /* Products */;
			projectDirPath = "";
			projectReferences = (
				{
					ProductGroup = 2B446F7920EBFC6900C7B0F0 /* Products */;
					ProjectRef = 2BE61DBF20E1187D00294DE9 /* GXCoreModule_Common_Maps.xcodeproj */;
				},
				{
					ProductGroup = AECE95BF1CFCC9D400022985 /* Products */;
					ProjectRef = AECE95BE1CFCC9D400022985 /* GXCoreUI.xcodeproj */;
				},
			);
			projectRoot = "";
			targets = (
				AECE95741CFCC98F00022985 /* GXUCMaps-iOS */,
				AECE958B1CFCC98F00022985 /* GXUCMaps-watchOS */,
				AECE95991CFCC98F00022985 /* GXUCMaps-tvOS */,
			);
		};
/* End PBXProject section */

/* Begin PBXReferenceProxy section */
		2B446FB120EBFC6900C7B0F0 /* GXCoreModule_Common_Maps.framework */ = {
			isa = PBXReferenceProxy;
			fileType = wrapper.framework;
			path = GXCoreModule_Common_Maps.framework;
			remoteRef = 2B446FB020EBFC6900C7B0F0 /* PBXContainerItemProxy */;
			sourceTree = BUILT_PRODUCTS_DIR;
		};
		2B446FB320EBFC6900C7B0F0 /* GXCoreModule_Common_Maps.framework */ = {
			isa = PBXReferenceProxy;
			fileType = wrapper.framework;
			path = GXCoreModule_Common_Maps.framework;
			remoteRef = 2B446FB220EBFC6900C7B0F0 /* PBXContainerItemProxy */;
			sourceTree = BUILT_PRODUCTS_DIR;
		};
		2B446FB520EBFC6900C7B0F0 /* GXCoreModule_Common_Maps.framework */ = {
			isa = PBXReferenceProxy;
			fileType = wrapper.framework;
			path = GXCoreModule_Common_Maps.framework;
			remoteRef = 2B446FB420EBFC6900C7B0F0 /* PBXContainerItemProxy */;
			sourceTree = BUILT_PRODUCTS_DIR;
		};
		AECE95C51CFCC9D400022985 /* GXCoreUI.framework */ = {
			isa = PBXReferenceProxy;
			fileType = wrapper.framework;
			path = GXCoreUI.framework;
			remoteRef = AECE95C41CFCC9D400022985 /* PBXContainerItemProxy */;
			sourceTree = BUILT_PRODUCTS_DIR;
		};
		AECE95C71CFCC9D400022985 /* GXCoreUI.framework */ = {
			isa = PBXReferenceProxy;
			fileType = wrapper.framework;
			path = GXCoreUI.framework;
			remoteRef = AECE95C61CFCC9D400022985 /* PBXContainerItemProxy */;
			sourceTree = BUILT_PRODUCTS_DIR;
		};
		AECE95C91CFCC9D400022985 /* GXCoreUI.framework */ = {
			isa = PBXReferenceProxy;
			fileType = wrapper.framework;
			path = GXCoreUI.framework;
			remoteRef = AECE95C81CFCC9D400022985 /* PBXContainerItemProxy */;
			sourceTree = BUILT_PRODUCTS_DIR;
		};
/* End PBXReferenceProxy section */

/* Begin PBXResourcesBuildPhase section */
		AECE95721CFCC98F00022985 /* Resources */ = {
			isa = PBXResourcesBuildPhase;
			buildActionMask = 2147483647;
			files = (
				2B99C5A3207D4D5F00AF1957 /* Assets.xcassets in Resources */,
			);
			runOnlyForDeploymentPostprocessing = 0;
		};
		AECE95891CFCC98F00022985 /* Resources */ = {
			isa = PBXResourcesBuildPhase;
			buildActionMask = 2147483647;
			files = (
			);
			runOnlyForDeploymentPostprocessing = 0;
		};
		AECE95971CFCC98F00022985 /* Resources */ = {
			isa = PBXResourcesBuildPhase;
			buildActionMask = 2147483647;
			files = (
			);
			runOnlyForDeploymentPostprocessing = 0;
		};
/* End PBXResourcesBuildPhase section */

/* Begin PBXSourcesBuildPhase section */
		AECE956F1CFCC98F00022985 /* Sources */ = {
			isa = PBXSourcesBuildPhase;
			buildActionMask = 2147483647;
			files = (
				2B125C4C20D28EAA00CDFCBD /* GXUC_MapList+Routing.swift in Sources */,
				2BA82C042200C477005D0562 /* GXUC_MapList+Animations.swift in Sources */,
				2B5C17FC207413E500920EF9 /* GXUC_MapList+GXProperties.m in Sources */,
				2B5C17F9207413D300920EF9 /* GXUC_MapList.m in Sources */,
				2B5C17FA207413D300920EF9 /* GXUC_MapList+GXHelpers.m in Sources */,
			);
			runOnlyForDeploymentPostprocessing = 0;
		};
		AECE95861CFCC98F00022985 /* Sources */ = {
			isa = PBXSourcesBuildPhase;
			buildActionMask = 2147483647;
			files = (
			);
			runOnlyForDeploymentPostprocessing = 0;
		};
		AECE95941CFCC98F00022985 /* Sources */ = {
			isa = PBXSourcesBuildPhase;
			buildActionMask = 2147483647;
			files = (
				2BA82BFD220094C2005D0562 /* GXUC_MapList+Routing.swift in Sources */,
				2B5DFD34220DA43B003F309D /* GXUC_MapList+Animations.swift in Sources */,
				2B5C17FD207413EE00920EF9 /* GXUC_MapList.m in Sources */,
				2B5C17FE207413EE00920EF9 /* GXUC_MapList+GXHelpers.m in Sources */,
				2B5C17FF207413EE00920EF9 /* GXUC_MapList+GXProperties.m in Sources */,
			);
			runOnlyForDeploymentPostprocessing = 0;
		};
/* End PBXSourcesBuildPhase section */

/* Begin PBXTargetDependency section */
		2B143FD22176125C003B9A47 /* PBXTargetDependency */ = {
			isa = PBXTargetDependency;
			name = "GXCoreModule_Common_Geography-tvOS";
			targetProxy = 2B143FD12176125C003B9A47 /* PBXContainerItemProxy */;
		};
		2B44701A20EBFD7C00C7B0F0 /* PBXTargetDependency */ = {
			isa = PBXTargetDependency;
			name = "GXCoreModule_Common_Geography-iOS";
			targetProxy = 2B44701920EBFD7C00C7B0F0 /* PBXContainerItemProxy */;
		};
		2B5069602048470000A336D8 /* PBXTargetDependency */ = {
			isa = PBXTargetDependency;
			name = "GXCoreUI-iOS";
			targetProxy = 2B50695F2048470000A336D8 /* PBXContainerItemProxy */;
		};
		AECE95CD1CFCCA1600022985 /* PBXTargetDependency */ = {
			isa = PBXTargetDependency;
			name = "GXCoreUI-watchOS";
			targetProxy = AECE95CC1CFCCA1600022985 /* PBXContainerItemProxy */;
		};
		AECE95CF1CFCCA1900022985 /* PBXTargetDependency */ = {
			isa = PBXTargetDependency;
			name = "GXCoreUI-tvOS";
			targetProxy = AECE95CE1CFCCA1900022985 /* PBXContainerItemProxy */;
		};
/* End PBXTargetDependency section */

/* Begin XCBuildConfiguration section */
		AECE95B31CFCC98F00022985 /* Debug */ = {
			isa = XCBuildConfiguration;
			baseConfigurationReference = AECE95AE1CFCC98F00022985 /* GXProjectDebug.xcconfig */;
			buildSettings = {
				CURRENT_PROJECT_VERSION = 1;
				VERSIONING_SYSTEM = "apple-generic";
				VERSION_INFO_PREFIX = "";
			};
			name = Debug;
		};
		AECE95B41CFCC98F00022985 /* Release */ = {
			isa = XCBuildConfiguration;
			baseConfigurationReference = AECE95AF1CFCC98F00022985 /* GXProjectRelease.xcconfig */;
			buildSettings = {
				CURRENT_PROJECT_VERSION = 1;
				VERSIONING_SYSTEM = "apple-generic";
				VERSION_INFO_PREFIX = "";
			};
			name = Release;
		};
		AECE95B61CFCC98F00022985 /* Debug */ = {
			isa = XCBuildConfiguration;
			baseConfigurationReference = AECE95B01CFCC98F00022985 /* GXiOSTarget.xcconfig */;
			buildSettings = {
				APPLICATION_EXTENSION_API_ONLY = YES;
				DEFINES_MODULE = YES;
				DYLIB_COMPATIBILITY_VERSION = 1;
				DYLIB_CURRENT_VERSION = 1;
				DYLIB_INSTALL_NAME_BASE = "@rpath";
				FRAMEWORK_SEARCH_PATHS = (
					"$(inherited)",
					"\"$(BUILT_PRODUCTS_DIR)\"",
				);
				INFOPLIST_FILE = GXUCMaps/iOS/Info.plist;
				INSTALL_PATH = "$(LOCAL_LIBRARY_DIR)/Frameworks";
				LD_RUNPATH_SEARCH_PATHS = "$(inherited) @loader_path/Frameworks";
				PRODUCT_BUNDLE_IDENTIFIER = com.genexus.GXUCMaps;
				PRODUCT_NAME = GXUCMaps;
				SKIP_INSTALL = YES;
				SYMROOT = "$(SRCROOT)/../../Build/build";
			};
			name = Debug;
		};
		AECE95B71CFCC98F00022985 /* Release */ = {
			isa = XCBuildConfiguration;
			baseConfigurationReference = AECE95B01CFCC98F00022985 /* GXiOSTarget.xcconfig */;
			buildSettings = {
				APPLICATION_EXTENSION_API_ONLY = YES;
				DEFINES_MODULE = YES;
				DYLIB_COMPATIBILITY_VERSION = 1;
				DYLIB_CURRENT_VERSION = 1;
				DYLIB_INSTALL_NAME_BASE = "@rpath";
				FRAMEWORK_SEARCH_PATHS = (
					"$(inherited)",
					"\"$(BUILT_PRODUCTS_DIR)\"",
				);
				INFOPLIST_FILE = GXUCMaps/iOS/Info.plist;
				INSTALL_PATH = "$(LOCAL_LIBRARY_DIR)/Frameworks";
				LD_RUNPATH_SEARCH_PATHS = "$(inherited) @loader_path/Frameworks";
				PRODUCT_BUNDLE_IDENTIFIER = com.genexus.GXUCMaps;
				PRODUCT_NAME = GXUCMaps;
				SKIP_INSTALL = YES;
				SYMROOT = "$(SRCROOT)/../../Build/build";
			};
			name = Release;
		};
		AECE95B91CFCC98F00022985 /* Debug */ = {
			isa = XCBuildConfiguration;
			baseConfigurationReference = AECE95B11CFCC98F00022985 /* GXwatchOSTarget.xcconfig */;
			buildSettings = {
				APPLICATION_EXTENSION_API_ONLY = YES;
				DEFINES_MODULE = YES;
				DYLIB_COMPATIBILITY_VERSION = 1;
				DYLIB_CURRENT_VERSION = 1;
				DYLIB_INSTALL_NAME_BASE = "@rpath";
				FRAMEWORK_SEARCH_PATHS = (
					"$(inherited)",
					"\"$(BUILT_PRODUCTS_DIR)\"",
				);
				INFOPLIST_FILE = GXUCMaps/watchOS/Info.plist;
				INSTALL_PATH = "$(LOCAL_LIBRARY_DIR)/Frameworks";
				LD_RUNPATH_SEARCH_PATHS = "$(inherited) @loader_path/Frameworks";
				PRODUCT_BUNDLE_IDENTIFIER = com.genexus.GXUCMaps;
				PRODUCT_NAME = GXUCMaps;
				SKIP_INSTALL = YES;
				SYMROOT = "$(SRCROOT)/../../Build/build";
			};
			name = Debug;
		};
		AECE95BA1CFCC98F00022985 /* Release */ = {
			isa = XCBuildConfiguration;
			baseConfigurationReference = AECE95B11CFCC98F00022985 /* GXwatchOSTarget.xcconfig */;
			buildSettings = {
				APPLICATION_EXTENSION_API_ONLY = YES;
				DEFINES_MODULE = YES;
				DYLIB_COMPATIBILITY_VERSION = 1;
				DYLIB_CURRENT_VERSION = 1;
				DYLIB_INSTALL_NAME_BASE = "@rpath";
				FRAMEWORK_SEARCH_PATHS = (
					"$(inherited)",
					"\"$(BUILT_PRODUCTS_DIR)\"",
				);
				INFOPLIST_FILE = GXUCMaps/watchOS/Info.plist;
				INSTALL_PATH = "$(LOCAL_LIBRARY_DIR)/Frameworks";
				LD_RUNPATH_SEARCH_PATHS = "$(inherited) @loader_path/Frameworks";
				PRODUCT_BUNDLE_IDENTIFIER = com.genexus.GXUCMaps;
				PRODUCT_NAME = GXUCMaps;
				SKIP_INSTALL = YES;
				SYMROOT = "$(SRCROOT)/../../Build/build";
			};
			name = Release;
		};
		AECE95BC1CFCC98F00022985 /* Debug */ = {
			isa = XCBuildConfiguration;
			baseConfigurationReference = AECE95B21CFCC98F00022985 /* GXtvOSTarget.xcconfig */;
			buildSettings = {
				APPLICATION_EXTENSION_API_ONLY = YES;
				DEFINES_MODULE = YES;
				DYLIB_COMPATIBILITY_VERSION = 1;
				DYLIB_CURRENT_VERSION = 1;
				DYLIB_INSTALL_NAME_BASE = "@rpath";
				FRAMEWORK_SEARCH_PATHS = (
					"$(inherited)",
					"\"$(BUILT_PRODUCTS_DIR)\"",
				);
				INFOPLIST_FILE = GXUCMaps/tvOS/Info.plist;
				INSTALL_PATH = "$(LOCAL_LIBRARY_DIR)/Frameworks";
				LD_RUNPATH_SEARCH_PATHS = "$(inherited) @loader_path/Frameworks";
				PRODUCT_BUNDLE_IDENTIFIER = com.genexus.GXUCMaps;
				PRODUCT_NAME = GXUCMaps;
				SKIP_INSTALL = YES;
				SYMROOT = "$(SRCROOT)/../../Build/build";
			};
			name = Debug;
		};
		AECE95BD1CFCC98F00022985 /* Release */ = {
			isa = XCBuildConfiguration;
			baseConfigurationReference = AECE95B21CFCC98F00022985 /* GXtvOSTarget.xcconfig */;
			buildSettings = {
				APPLICATION_EXTENSION_API_ONLY = YES;
				DEFINES_MODULE = YES;
				DYLIB_COMPATIBILITY_VERSION = 1;
				DYLIB_CURRENT_VERSION = 1;
				DYLIB_INSTALL_NAME_BASE = "@rpath";
				FRAMEWORK_SEARCH_PATHS = (
					"$(inherited)",
					"\"$(BUILT_PRODUCTS_DIR)\"",
				);
				INFOPLIST_FILE = GXUCMaps/tvOS/Info.plist;
				INSTALL_PATH = "$(LOCAL_LIBRARY_DIR)/Frameworks";
				LD_RUNPATH_SEARCH_PATHS = "$(inherited) @loader_path/Frameworks";
				PRODUCT_BUNDLE_IDENTIFIER = com.genexus.GXUCMaps;
				PRODUCT_NAME = GXUCMaps;
				SKIP_INSTALL = YES;
				SYMROOT = "$(SRCROOT)/../../Build/build";
			};
			name = Release;
		};
/* End XCBuildConfiguration section */

/* Begin XCConfigurationList section */
		AECE956E1CFCC98F00022985 /* Build configuration list for PBXProject "GXUCMaps" */ = {
			isa = XCConfigurationList;
			buildConfigurations = (
				AECE95B31CFCC98F00022985 /* Debug */,
				AECE95B41CFCC98F00022985 /* Release */,
			);
			defaultConfigurationIsVisible = 0;
			defaultConfigurationName = Release;
		};
		AECE95B51CFCC98F00022985 /* Build configuration list for PBXNativeTarget "GXUCMaps-iOS" */ = {
			isa = XCConfigurationList;
			buildConfigurations = (
				AECE95B61CFCC98F00022985 /* Debug */,
				AECE95B71CFCC98F00022985 /* Release */,
			);
			defaultConfigurationIsVisible = 0;
			defaultConfigurationName = Release;
		};
		AECE95B81CFCC98F00022985 /* Build configuration list for PBXNativeTarget "GXUCMaps-watchOS" */ = {
			isa = XCConfigurationList;
			buildConfigurations = (
				AECE95B91CFCC98F00022985 /* Debug */,
				AECE95BA1CFCC98F00022985 /* Release */,
			);
			defaultConfigurationIsVisible = 0;
			defaultConfigurationName = Release;
		};
		AECE95BB1CFCC98F00022985 /* Build configuration list for PBXNativeTarget "GXUCMaps-tvOS" */ = {
			isa = XCConfigurationList;
			buildConfigurations = (
				AECE95BC1CFCC98F00022985 /* Debug */,
				AECE95BD1CFCC98F00022985 /* Release */,
			);
			defaultConfigurationIsVisible = 0;
			defaultConfigurationName = Release;
		};
/* End XCConfigurationList section */
	};
	rootObject = AECE956B1CFCC98F00022985 /* Project object */;
}
