// !$*UTF8*$!
{
	archiveVersion = 1;
	classes = {
	};
	objectVersion = 46;
	objects = {

/* Begin PBXBuildFile section */
		AE8B46D21CFDDDFA0053E946 /* GXUCCharts.h in Headers */ = {isa = PBXBuildFile; fileRef = AE8B46D11CFDDDFA0053E946 /* GXUCCharts.h */; settings = {ATTRIBUTES = (Public, ); }; };
		AE8B46D31CFDDDFA0053E946 /* GXUCCharts.h in Headers */ = {isa = PBXBuildFile; fileRef = AE8B46D11CFDDDFA0053E946 /* GXUCCharts.h */; settings = {ATTRIBUTES = (Public, ); }; };
		AE8B46D41CFDDDFA0053E946 /* GXUCCharts.h in Headers */ = {isa = PBXBuildFile; fileRef = AE8B46D11CFDDDFA0053E946 /* GXUCCharts.h */; settings = {ATTRIBUTES = (Public, ); }; };
		AE8B472F1CFDDED20053E946 /* GXPieChartPoint.h in Headers */ = {isa = PBXBuildFile; fileRef = AE8B47291CFDDED20053E946 /* GXPieChartPoint.h */; };
		AE8B47301CFDDED20053E946 /* GXPieChartPoint.m in Sources */ = {isa = PBXBuildFile; fileRef = AE8B472A1CFDDED20053E946 /* GXPieChartPoint.m */; };
		AE8B47311CFDDED20053E946 /* GXPieChartProperties.h in Headers */ = {isa = PBXBuildFile; fileRef = AE8B472B1CFDDED20053E946 /* GXPieChartProperties.h */; };
		AE8B47321CFDDED20053E946 /* GXPieChartProperties.m in Sources */ = {isa = PBXBuildFile; fileRef = AE8B472C1CFDDED20053E946 /* GXPieChartProperties.m */; };
		AE8B47331CFDDED20053E946 /* GXChartColorsProvider.h in Headers */ = {isa = PBXBuildFile; fileRef = AE8B472D1CFDDED20053E946 /* GXChartColorsProvider.h */; };
		AE8B47341CFDDED20053E946 /* GXChartColorsProvider.m in Sources */ = {isa = PBXBuildFile; fileRef = AE8B472E1CFDDED20053E946 /* GXChartColorsProvider.m */; };
		AE8B473A1CFDDEF50053E946 /* GXUCDateHelper.h in Headers */ = {isa = PBXBuildFile; fileRef = AE8B47361CFDDEF50053E946 /* GXUCDateHelper.h */; };
		AE8B473B1CFDDEF50053E946 /* GXUCDateHelper.m in Sources */ = {isa = PBXBuildFile; fileRef = AE8B47371CFDDEF50053E946 /* GXUCDateHelper.m */; };
		AE8B473C1CFDDEF50053E946 /* GXUCChartResourceLoaderHelper.h in Headers */ = {isa = PBXBuildFile; fileRef = AE8B47381CFDDEF50053E946 /* GXUCChartResourceLoaderHelper.h */; };
		AE8B473D1CFDDEF50053E946 /* GXUCChartResourceLoaderHelper.m in Sources */ = {isa = PBXBuildFile; fileRef = AE8B47391CFDDEF50053E946 /* GXUCChartResourceLoaderHelper.m */; };
		AE8B47541CFDDF0A0053E946 /* GXGraphHostingview.h in Headers */ = {isa = PBXBuildFile; fileRef = AE8B473F1CFDDF0A0053E946 /* GXGraphHostingview.h */; };
		AE8B47551CFDDF0A0053E946 /* GXGraphHostingview.m in Sources */ = {isa = PBXBuildFile; fileRef = AE8B47401CFDDF0A0053E946 /* GXGraphHostingview.m */; };
		AE8B47561CFDDF0A0053E946 /* GXUCLoadingView.h in Headers */ = {isa = PBXBuildFile; fileRef = AE8B47411CFDDF0A0053E946 /* GXUCLoadingView.h */; };
		AE8B47571CFDDF0A0053E946 /* GXUCLoadingView.m in Sources */ = {isa = PBXBuildFile; fileRef = AE8B47421CFDDF0A0053E946 /* GXUCLoadingView.m */; };
		AE8B47581CFDDF0A0053E946 /* GXUIImageButton.h in Headers */ = {isa = PBXBuildFile; fileRef = AE8B47431CFDDF0A0053E946 /* GXUIImageButton.h */; };
		AE8B47591CFDDF0A0053E946 /* GXUIImageButton.m in Sources */ = {isa = PBXBuildFile; fileRef = AE8B47441CFDDF0A0053E946 /* GXUIImageButton.m */; };
		AE8B475A1CFDDF0A0053E946 /* GXUCZoomView.h in Headers */ = {isa = PBXBuildFile; fileRef = AE8B47451CFDDF0A0053E946 /* GXUCZoomView.h */; };
		AE8B475B1CFDDF0A0053E946 /* GXUCZoomView.m in Sources */ = {isa = PBXBuildFile; fileRef = AE8B47461CFDDF0A0053E946 /* GXUCZoomView.m */; };
		AE8B475C1CFDDF0A0053E946 /* GXUCLinkView.h in Headers */ = {isa = PBXBuildFile; fileRef = AE8B47471CFDDF0A0053E946 /* GXUCLinkView.h */; };
		AE8B475D1CFDDF0A0053E946 /* GXUCLinkView.m in Sources */ = {isa = PBXBuildFile; fileRef = AE8B47481CFDDF0A0053E946 /* GXUCLinkView.m */; };
		AE8B475E1CFDDF0A0053E946 /* SDChartsMainView.h in Headers */ = {isa = PBXBuildFile; fileRef = AE8B47491CFDDF0A0053E946 /* SDChartsMainView.h */; };
		AE8B475F1CFDDF0A0053E946 /* SDChartsMainView+Internal.h in Headers */ = {isa = PBXBuildFile; fileRef = AE8B474A1CFDDF0A0053E946 /* SDChartsMainView+Internal.h */; };
		AE8B47601CFDDF0A0053E946 /* SDChartsMainView.m in Sources */ = {isa = PBXBuildFile; fileRef = AE8B474B1CFDDF0A0053E946 /* SDChartsMainView.m */; };
		AE8B47611CFDDF0A0053E946 /* SDChartsPieView.h in Headers */ = {isa = PBXBuildFile; fileRef = AE8B474C1CFDDF0A0053E946 /* SDChartsPieView.h */; };
		AE8B47621CFDDF0A0053E946 /* SDChartsPieView.m in Sources */ = {isa = PBXBuildFile; fileRef = AE8B474D1CFDDF0A0053E946 /* SDChartsPieView.m */; };
		AE8B47631CFDDF0A0053E946 /* SDChartsTimeLineView.h in Headers */ = {isa = PBXBuildFile; fileRef = AE8B474E1CFDDF0A0053E946 /* SDChartsTimeLineView.h */; };
		AE8B47641CFDDF0A0053E946 /* SDChartsTimeLineView.m in Sources */ = {isa = PBXBuildFile; fileRef = AE8B474F1CFDDF0A0053E946 /* SDChartsTimeLineView.m */; };
		AE8B47651CFDDF0A0053E946 /* SDChartsBarView.h in Headers */ = {isa = PBXBuildFile; fileRef = AE8B47501CFDDF0A0053E946 /* SDChartsBarView.h */; };
		AE8B47661CFDDF0A0053E946 /* SDChartsBarView.m in Sources */ = {isa = PBXBuildFile; fileRef = AE8B47511CFDDF0A0053E946 /* SDChartsBarView.m */; };
		AE8B47671CFDDF0A0053E946 /* GXPieChartLegendsView.h in Headers */ = {isa = PBXBuildFile; fileRef = AE8B47521CFDDF0A0053E946 /* GXPieChartLegendsView.h */; };
		AE8B47681CFDDF0A0053E946 /* GXPieChartLegendsView.m in Sources */ = {isa = PBXBuildFile; fileRef = AE8B47531CFDDF0A0053E946 /* GXPieChartLegendsView.m */; };
		AE8B476E1CFDDF270053E946 /* GXUC_SDCharts.h in Headers */ = {isa = PBXBuildFile; fileRef = AE8B476C1CFDDF270053E946 /* GXUC_SDCharts.h */; };
		AE8B476F1CFDDF270053E946 /* GXUC_SDCharts.m in Sources */ = {isa = PBXBuildFile; fileRef = AE8B476D1CFDDF270053E946 /* GXUC_SDCharts.m */; };
		AE8B47721CFDDFC30053E946 /* libCorePlot-CocoaTouch.a in Frameworks */ = {isa = PBXBuildFile; fileRef = AE8B46ED1CFDDE380053E946 /* libCorePlot-CocoaTouch.a */; };
		AE8B47751CFDE9540053E946 /* GXCoreUI.framework in Frameworks */ = {isa = PBXBuildFile; fileRef = AE8B46F51CFDDE400053E946 /* GXCoreUI.framework */; };
		AE8B47861CFDE9890053E946 /* GXCoreUI.framework in Frameworks */ = {isa = PBXBuildFile; fileRef = AE8B46F71CFDDE400053E946 /* GXCoreUI.framework */; };
		AE8B47931CFDE99E0053E946 /* GXCoreUI.framework in Frameworks */ = {isa = PBXBuildFile; fileRef = AE8B46F91CFDDE400053E946 /* GXCoreUI.framework */; };
		AE983BD31D3580030014DD5C /* GXCoreBL.framework in Frameworks */ = {isa = PBXBuildFile; fileRef = AE983BCD1D3580030014DD5C /* GXCoreBL.framework */; };
		AE983BD41D3580030014DD5C /* GXCoreBL.framework in Frameworks */ = {isa = PBXBuildFile; fileRef = AE983BCD1D3580030014DD5C /* GXCoreBL.framework */; };
		AE983BD51D3580030014DD5C /* GXCoreBL.framework in Frameworks */ = {isa = PBXBuildFile; fileRef = AE983BCD1D3580030014DD5C /* GXCoreBL.framework */; };
		AE983BD61D3580030014DD5C /* GXDataLayer.framework in Frameworks */ = {isa = PBXBuildFile; fileRef = AE983BCE1D3580030014DD5C /* GXDataLayer.framework */; };
		AE983BD71D3580030014DD5C /* GXDataLayer.framework in Frameworks */ = {isa = PBXBuildFile; fileRef = AE983BCE1D3580030014DD5C /* GXDataLayer.framework */; };
		AE983BD81D3580030014DD5C /* GXDataLayer.framework in Frameworks */ = {isa = PBXBuildFile; fileRef = AE983BCE1D3580030014DD5C /* GXDataLayer.framework */; };
		AE983BD91D3580030014DD5C /* GXFoundation.framework in Frameworks */ = {isa = PBXBuildFile; fileRef = AE983BCF1D3580030014DD5C /* GXFoundation.framework */; };
		AE983BDA1D3580030014DD5C /* GXFoundation.framework in Frameworks */ = {isa = PBXBuildFile; fileRef = AE983BCF1D3580030014DD5C /* GXFoundation.framework */; };
		AE983BDB1D3580030014DD5C /* GXFoundation.framework in Frameworks */ = {isa = PBXBuildFile; fileRef = AE983BCF1D3580030014DD5C /* GXFoundation.framework */; };
		AE983BDC1D3580030014DD5C /* GXObjectsModel.framework in Frameworks */ = {isa = PBXBuildFile; fileRef = AE983BD01D3580030014DD5C /* GXObjectsModel.framework */; };
		AE983BDD1D3580030014DD5C /* GXObjectsModel.framework in Frameworks */ = {isa = PBXBuildFile; fileRef = AE983BD01D3580030014DD5C /* GXObjectsModel.framework */; };
		AE983BDE1D3580030014DD5C /* GXObjectsModel.framework in Frameworks */ = {isa = PBXBuildFile; fileRef = AE983BD01D3580030014DD5C /* GXObjectsModel.framework */; };
		AE983BDF1D3580030014DD5C /* GXStandardClasses.framework in Frameworks */ = {isa = PBXBuildFile; fileRef = AE983BD11D3580030014DD5C /* GXStandardClasses.framework */; };
		AE983BE01D3580030014DD5C /* GXStandardClasses.framework in Frameworks */ = {isa = PBXBuildFile; fileRef = AE983BD11D3580030014DD5C /* GXStandardClasses.framework */; };
		AE983BE11D3580030014DD5C /* GXStandardClasses.framework in Frameworks */ = {isa = PBXBuildFile; fileRef = AE983BD11D3580030014DD5C /* GXStandardClasses.framework */; };
		AE983BE21D3580030014DD5C /* YAJL.framework in Frameworks */ = {isa = PBXBuildFile; fileRef = AE983BD21D3580030014DD5C /* YAJL.framework */; };
		AE983BE31D3580030014DD5C /* YAJL.framework in Frameworks */ = {isa = PBXBuildFile; fileRef = AE983BD21D3580030014DD5C /* YAJL.framework */; };
		AE983BE41D3580030014DD5C /* YAJL.framework in Frameworks */ = {isa = PBXBuildFile; fileRef = AE983BD21D3580030014DD5C /* YAJL.framework */; };
		AEE1A8B41D0A080F00DC1535 /* ChartLegendsButton.png in Resources */ = {isa = PBXBuildFile; fileRef = AEE1A8B21D0A080F00DC1535 /* ChartLegendsButton.png */; };
		AEE1A8B51D0A080F00DC1535 /* ChartRefreshButton.png in Resources */ = {isa = PBXBuildFile; fileRef = AEE1A8B31D0A080F00DC1535 /* ChartRefreshButton.png */; };
/* End PBXBuildFile section */

/* Begin PBXContainerItemProxy section */
		AE8B46EC1CFDDE380053E946 /* PBXContainerItemProxy */ = {
			isa = PBXContainerItemProxy;
			containerPortal = AE8B46E61CFDDE380053E946 /* CorePlot-CocoaTouch.xcodeproj */;
			proxyType = 2;
			remoteGlobalIDString = BC9B83470FB8A0A40035D8DA;
			remoteInfo = "CorePlot-CocoaTouch";
		};
		AE8B46F41CFDDE400053E946 /* PBXContainerItemProxy */ = {
			isa = PBXContainerItemProxy;
			containerPortal = AE8B46EE1CFDDE3F0053E946 /* GXCoreUI.xcodeproj */;
			proxyType = 2;
			remoteGlobalIDString = AE93276A1C6B9E9B00B090E4;
			remoteInfo = "GXCoreUI-iOS";
		};
		AE8B46F61CFDDE400053E946 /* PBXContainerItemProxy */ = {
			isa = PBXContainerItemProxy;
			containerPortal = AE8B46EE1CFDDE3F0053E946 /* GXCoreUI.xcodeproj */;
			proxyType = 2;
			remoteGlobalIDString = AE9327711C6B9E9B00B090E4;
			remoteInfo = "GXCoreUI-watchOS";
		};
		AE8B46F81CFDDE400053E946 /* PBXContainerItemProxy */ = {
			isa = PBXContainerItemProxy;
			containerPortal = AE8B46EE1CFDDE3F0053E946 /* GXCoreUI.xcodeproj */;
			proxyType = 2;
			remoteGlobalIDString = AE9327771C6B9E9B00B090E4;
			remoteInfo = "GXCoreUI-tvOS";
		};
		AE8B47701CFDDFA60053E946 /* PBXContainerItemProxy */ = {
			isa = PBXContainerItemProxy;
			containerPortal = AE8B46E61CFDDE380053E946 /* CorePlot-CocoaTouch.xcodeproj */;
			proxyType = 1;
			remoteGlobalIDString = BC9B83460FB8A0A40035D8DA;
			remoteInfo = "CorePlot-CocoaTouch";
		};
		AE8B47731CFDE93E0053E946 /* PBXContainerItemProxy */ = {
			isa = PBXContainerItemProxy;
			containerPortal = AE8B46EE1CFDDE3F0053E946 /* GXCoreUI.xcodeproj */;
			proxyType = 1;
			remoteGlobalIDString = AE9327691C6B9E9B00B090E4;
			remoteInfo = "GXCoreUI-iOS";
		};
		AE8B47821CFDE96E0053E946 /* PBXContainerItemProxy */ = {
			isa = PBXContainerItemProxy;
			containerPortal = AE8B46EE1CFDDE3F0053E946 /* GXCoreUI.xcodeproj */;
			proxyType = 1;
			remoteGlobalIDString = AE9327701C6B9E9B00B090E4;
			remoteInfo = "GXCoreUI-watchOS";
		};
		AE8B47841CFDE9710053E946 /* PBXContainerItemProxy */ = {
			isa = PBXContainerItemProxy;
			containerPortal = AE8B46EE1CFDDE3F0053E946 /* GXCoreUI.xcodeproj */;
			proxyType = 1;
			remoteGlobalIDString = AE9327761C6B9E9B00B090E4;
			remoteInfo = "GXCoreUI-tvOS";
		};
/* End PBXContainerItemProxy section */

/* Begin PBXFileReference section */
		AE8B469D1CFDDDFA0053E946 /* GXUCCharts.framework */ = {isa = PBXFileReference; explicitFileType = wrapper.framework; includeInIndex = 0; path = GXUCCharts.framework; sourceTree = BUILT_PRODUCTS_DIR; };
		AE8B46B41CFDDDFA0053E946 /* GXUCCharts.framework */ = {isa = PBXFileReference; explicitFileType = wrapper.framework; includeInIndex = 0; path = GXUCCharts.framework; sourceTree = BUILT_PRODUCTS_DIR; };
		AE8B46C21CFDDDFA0053E946 /* GXUCCharts.framework */ = {isa = PBXFileReference; explicitFileType = wrapper.framework; includeInIndex = 0; path = GXUCCharts.framework; sourceTree = BUILT_PRODUCTS_DIR; };
		AE8B46CE1CFDDDFA0053E946 /* Info.plist */ = {isa = PBXFileReference; lastKnownFileType = text.plist.xml; path = Info.plist; sourceTree = "<group>"; };
		AE8B46CF1CFDDDFA0053E946 /* Info.plist */ = {isa = PBXFileReference; lastKnownFileType = text.plist.xml; path = Info.plist; sourceTree = "<group>"; };
		AE8B46D01CFDDDFA0053E946 /* Info.plist */ = {isa = PBXFileReference; lastKnownFileType = text.plist.xml; path = Info.plist; sourceTree = "<group>"; };
		AE8B46D11CFDDDFA0053E946 /* GXUCCharts.h */ = {isa = PBXFileReference; lastKnownFileType = sourcecode.c.h; path = GXUCCharts.h; sourceTree = "<group>"; };
		AE8B46D61CFDDDFA0053E946 /* GXProjectDebug.xcconfig */ = {isa = PBXFileReference; lastKnownFileType = text.xcconfig; name = GXProjectDebug.xcconfig; path = ../../../../xcConfigFiles/GXProjectDebug.xcconfig; sourceTree = "<group>"; };
		AE8B46D71CFDDDFA0053E946 /* GXProjectRelease.xcconfig */ = {isa = PBXFileReference; lastKnownFileType = text.xcconfig; name = GXProjectRelease.xcconfig; path = ../../../../xcConfigFiles/GXProjectRelease.xcconfig; sourceTree = "<group>"; };
		AE8B46D81CFDDDFA0053E946 /* GXiOSTarget.xcconfig */ = {isa = PBXFileReference; lastKnownFileType = text.xcconfig; name = GXiOSTarget.xcconfig; path = ../../../../xcConfigFiles/GXiOSTarget.xcconfig; sourceTree = "<group>"; };
		AE8B46D91CFDDDFA0053E946 /* GXwatchOSTarget.xcconfig */ = {isa = PBXFileReference; lastKnownFileType = text.xcconfig; name = GXwatchOSTarget.xcconfig; path = ../../../../xcConfigFiles/GXwatchOSTarget.xcconfig; sourceTree = "<group>"; };
		AE8B46DA1CFDDDFA0053E946 /* GXtvOSTarget.xcconfig */ = {isa = PBXFileReference; lastKnownFileType = text.xcconfig; name = GXtvOSTarget.xcconfig; path = ../../../../xcConfigFiles/GXtvOSTarget.xcconfig; sourceTree = "<group>"; };
		AE8B46E61CFDDE380053E946 /* CorePlot-CocoaTouch.xcodeproj */ = {isa = PBXFileReference; lastKnownFileType = "wrapper.pb-project"; name = "CorePlot-CocoaTouch.xcodeproj"; path = "../../Freezer/CorePlot/Source/framework/CorePlot-CocoaTouch.xcodeproj"; sourceTree = "<group>"; };
		AE8B46EE1CFDDE3F0053E946 /* GXCoreUI.xcodeproj */ = {isa = PBXFileReference; lastKnownFileType = "wrapper.pb-project"; name = GXCoreUI.xcodeproj; path = ../../GXFlexibleClient/GXCoreUI/GXCoreUI.xcodeproj; sourceTree = "<group>"; };
		AE8B47291CFDDED20053E946 /* GXPieChartPoint.h */ = {isa = PBXFileReference; fileEncoding = 4; lastKnownFileType = sourcecode.c.h; path = GXPieChartPoint.h; sourceTree = "<group>"; };
		AE8B472A1CFDDED20053E946 /* GXPieChartPoint.m */ = {isa = PBXFileReference; fileEncoding = 4; lastKnownFileType = sourcecode.c.objc; path = GXPieChartPoint.m; sourceTree = "<group>"; };
		AE8B472B1CFDDED20053E946 /* GXPieChartProperties.h */ = {isa = PBXFileReference; fileEncoding = 4; lastKnownFileType = sourcecode.c.h; path = GXPieChartProperties.h; sourceTree = "<group>"; };
		AE8B472C1CFDDED20053E946 /* GXPieChartProperties.m */ = {isa = PBXFileReference; fileEncoding = 4; lastKnownFileType = sourcecode.c.objc; path = GXPieChartProperties.m; sourceTree = "<group>"; };
		AE8B472D1CFDDED20053E946 /* GXChartColorsProvider.h */ = {isa = PBXFileReference; fileEncoding = 4; lastKnownFileType = sourcecode.c.h; path = GXChartColorsProvider.h; sourceTree = "<group>"; };
		AE8B472E1CFDDED20053E946 /* GXChartColorsProvider.m */ = {isa = PBXFileReference; fileEncoding = 4; lastKnownFileType = sourcecode.c.objc; path = GXChartColorsProvider.m; sourceTree = "<group>"; };
		AE8B47361CFDDEF50053E946 /* GXUCDateHelper.h */ = {isa = PBXFileReference; fileEncoding = 4; lastKnownFileType = sourcecode.c.h; path = GXUCDateHelper.h; sourceTree = "<group>"; };
		AE8B47371CFDDEF50053E946 /* GXUCDateHelper.m */ = {isa = PBXFileReference; fileEncoding = 4; lastKnownFileType = sourcecode.c.objc; path = GXUCDateHelper.m; sourceTree = "<group>"; };
		AE8B47381CFDDEF50053E946 /* GXUCChartResourceLoaderHelper.h */ = {isa = PBXFileReference; fileEncoding = 4; lastKnownFileType = sourcecode.c.h; path = GXUCChartResourceLoaderHelper.h; sourceTree = "<group>"; };
		AE8B47391CFDDEF50053E946 /* GXUCChartResourceLoaderHelper.m */ = {isa = PBXFileReference; fileEncoding = 4; lastKnownFileType = sourcecode.c.objc; path = GXUCChartResourceLoaderHelper.m; sourceTree = "<group>"; };
		AE8B473F1CFDDF0A0053E946 /* GXGraphHostingview.h */ = {isa = PBXFileReference; fileEncoding = 4; lastKnownFileType = sourcecode.c.h; path = GXGraphHostingview.h; sourceTree = "<group>"; };
		AE8B47401CFDDF0A0053E946 /* GXGraphHostingview.m */ = {isa = PBXFileReference; fileEncoding = 4; lastKnownFileType = sourcecode.c.objc; path = GXGraphHostingview.m; sourceTree = "<group>"; };
		AE8B47411CFDDF0A0053E946 /* GXUCLoadingView.h */ = {isa = PBXFileReference; fileEncoding = 4; lastKnownFileType = sourcecode.c.h; path = GXUCLoadingView.h; sourceTree = "<group>"; };
		AE8B47421CFDDF0A0053E946 /* GXUCLoadingView.m */ = {isa = PBXFileReference; fileEncoding = 4; lastKnownFileType = sourcecode.c.objc; path = GXUCLoadingView.m; sourceTree = "<group>"; };
		AE8B47431CFDDF0A0053E946 /* GXUIImageButton.h */ = {isa = PBXFileReference; fileEncoding = 4; lastKnownFileType = sourcecode.c.h; path = GXUIImageButton.h; sourceTree = "<group>"; };
		AE8B47441CFDDF0A0053E946 /* GXUIImageButton.m */ = {isa = PBXFileReference; fileEncoding = 4; lastKnownFileType = sourcecode.c.objc; path = GXUIImageButton.m; sourceTree = "<group>"; };
		AE8B47451CFDDF0A0053E946 /* GXUCZoomView.h */ = {isa = PBXFileReference; fileEncoding = 4; lastKnownFileType = sourcecode.c.h; path = GXUCZoomView.h; sourceTree = "<group>"; };
		AE8B47461CFDDF0A0053E946 /* GXUCZoomView.m */ = {isa = PBXFileReference; fileEncoding = 4; lastKnownFileType = sourcecode.c.objc; path = GXUCZoomView.m; sourceTree = "<group>"; };
		AE8B47471CFDDF0A0053E946 /* GXUCLinkView.h */ = {isa = PBXFileReference; fileEncoding = 4; lastKnownFileType = sourcecode.c.h; path = GXUCLinkView.h; sourceTree = "<group>"; };
		AE8B47481CFDDF0A0053E946 /* GXUCLinkView.m */ = {isa = PBXFileReference; fileEncoding = 4; lastKnownFileType = sourcecode.c.objc; path = GXUCLinkView.m; sourceTree = "<group>"; };
		AE8B47491CFDDF0A0053E946 /* SDChartsMainView.h */ = {isa = PBXFileReference; fileEncoding = 4; lastKnownFileType = sourcecode.c.h; lineEnding = 0; path = SDChartsMainView.h; sourceTree = "<group>"; };
		AE8B474A1CFDDF0A0053E946 /* SDChartsMainView+Internal.h */ = {isa = PBXFileReference; fileEncoding = 4; lastKnownFileType = sourcecode.c.h; path = "SDChartsMainView+Internal.h"; sourceTree = "<group>"; };
		AE8B474B1CFDDF0A0053E946 /* SDChartsMainView.m */ = {isa = PBXFileReference; fileEncoding = 4; lastKnownFileType = sourcecode.c.objc; path = SDChartsMainView.m; sourceTree = "<group>"; };
		AE8B474C1CFDDF0A0053E946 /* SDChartsPieView.h */ = {isa = PBXFileReference; fileEncoding = 4; lastKnownFileType = sourcecode.c.h; lineEnding = 0; path = SDChartsPieView.h; sourceTree = "<group>"; };
		AE8B474D1CFDDF0A0053E946 /* SDChartsPieView.m */ = {isa = PBXFileReference; fileEncoding = 4; lastKnownFileType = sourcecode.c.objc; path = SDChartsPieView.m; sourceTree = "<group>"; };
		AE8B474E1CFDDF0A0053E946 /* SDChartsTimeLineView.h */ = {isa = PBXFileReference; fileEncoding = 4; lastKnownFileType = sourcecode.c.h; path = SDChartsTimeLineView.h; sourceTree = "<group>"; };
		AE8B474F1CFDDF0A0053E946 /* SDChartsTimeLineView.m */ = {isa = PBXFileReference; fileEncoding = 4; lastKnownFileType = sourcecode.c.objc; path = SDChartsTimeLineView.m; sourceTree = "<group>"; };
		AE8B47501CFDDF0A0053E946 /* SDChartsBarView.h */ = {isa = PBXFileReference; fileEncoding = 4; lastKnownFileType = sourcecode.c.h; path = SDChartsBarView.h; sourceTree = "<group>"; };
		AE8B47511CFDDF0A0053E946 /* SDChartsBarView.m */ = {isa = PBXFileReference; fileEncoding = 4; lastKnownFileType = sourcecode.c.objc; path = SDChartsBarView.m; sourceTree = "<group>"; };
		AE8B47521CFDDF0A0053E946 /* GXPieChartLegendsView.h */ = {isa = PBXFileReference; fileEncoding = 4; lastKnownFileType = sourcecode.c.h; path = GXPieChartLegendsView.h; sourceTree = "<group>"; };
		AE8B47531CFDDF0A0053E946 /* GXPieChartLegendsView.m */ = {isa = PBXFileReference; fileEncoding = 4; lastKnownFileType = sourcecode.c.objc; path = GXPieChartLegendsView.m; sourceTree = "<group>"; };
		AE8B476C1CFDDF270053E946 /* GXUC_SDCharts.h */ = {isa = PBXFileReference; fileEncoding = 4; lastKnownFileType = sourcecode.c.h; path = GXUC_SDCharts.h; sourceTree = "<group>"; };
		AE8B476D1CFDDF270053E946 /* GXUC_SDCharts.m */ = {isa = PBXFileReference; fileEncoding = 4; lastKnownFileType = sourcecode.c.objc; path = GXUC_SDCharts.m; sourceTree = "<group>"; };
		AE983BCD1D3580030014DD5C /* GXCoreBL.framework */ = {isa = PBXFileReference; lastKnownFileType = wrapper.framework; path = GXCoreBL.framework; sourceTree = BUILT_PRODUCTS_DIR; };
		AE983BCE1D3580030014DD5C /* GXDataLayer.framework */ = {isa = PBXFileReference; lastKnownFileType = wrapper.framework; path = GXDataLayer.framework; sourceTree = BUILT_PRODUCTS_DIR; };
		AE983BCF1D3580030014DD5C /* GXFoundation.framework */ = {isa = PBXFileReference; lastKnownFileType = wrapper.framework; path = GXFoundation.framework; sourceTree = BUILT_PRODUCTS_DIR; };
		AE983BD01D3580030014DD5C /* GXObjectsModel.framework */ = {isa = PBXFileReference; lastKnownFileType = wrapper.framework; path = GXObjectsModel.framework; sourceTree = BUILT_PRODUCTS_DIR; };
		AE983BD11D3580030014DD5C /* GXStandardClasses.framework */ = {isa = PBXFileReference; lastKnownFileType = wrapper.framework; path = GXStandardClasses.framework; sourceTree = BUILT_PRODUCTS_DIR; };
		AE983BD21D3580030014DD5C /* YAJL.framework */ = {isa = PBXFileReference; lastKnownFileType = wrapper.framework; path = YAJL.framework; sourceTree = BUILT_PRODUCTS_DIR; };
		AEE1A8B21D0A080F00DC1535 /* ChartLegendsButton.png */ = {isa = PBXFileReference; lastKnownFileType = image.png; path = ChartLegendsButton.png; sourceTree = "<group>"; };
		AEE1A8B31D0A080F00DC1535 /* ChartRefreshButton.png */ = {isa = PBXFileReference; lastKnownFileType = image.png; path = ChartRefreshButton.png; sourceTree = "<group>"; };
/* End PBXFileReference section */

/* Begin PBXFrameworksBuildPhase section */
		AE8B46981CFDDDFA0053E946 /* Frameworks */ = {
			isa = PBXFrameworksBuildPhase;
			buildActionMask = 2147483647;
			files = (
				AE983BD91D3580030014DD5C /* GXFoundation.framework in Frameworks */,
				AE8B47751CFDE9540053E946 /* GXCoreUI.framework in Frameworks */,
				AE983BE21D3580030014DD5C /* YAJL.framework in Frameworks */,
				AE983BDC1D3580030014DD5C /* GXObjectsModel.framework in Frameworks */,
				AE983BD31D3580030014DD5C /* GXCoreBL.framework in Frameworks */,
				AE8B47721CFDDFC30053E946 /* libCorePlot-CocoaTouch.a in Frameworks */,
				AE983BD61D3580030014DD5C /* GXDataLayer.framework in Frameworks */,
				AE983BDF1D3580030014DD5C /* GXStandardClasses.framework in Frameworks */,
			);
			runOnlyForDeploymentPostprocessing = 0;
		};
		AE8B46AF1CFDDDFA0053E946 /* Frameworks */ = {
			isa = PBXFrameworksBuildPhase;
			buildActionMask = 2147483647;
			files = (
				AE983BDA1D3580030014DD5C /* GXFoundation.framework in Frameworks */,
				AE983BD41D3580030014DD5C /* GXCoreBL.framework in Frameworks */,
				AE983BE31D3580030014DD5C /* YAJL.framework in Frameworks */,
				AE8B47861CFDE9890053E946 /* GXCoreUI.framework in Frameworks */,
				AE983BE01D3580030014DD5C /* GXStandardClasses.framework in Frameworks */,
				AE983BD71D3580030014DD5C /* GXDataLayer.framework in Frameworks */,
				AE983BDD1D3580030014DD5C /* GXObjectsModel.framework in Frameworks */,
			);
			runOnlyForDeploymentPostprocessing = 0;
		};
		AE8B46BD1CFDDDFA0053E946 /* Frameworks */ = {
			isa = PBXFrameworksBuildPhase;
			buildActionMask = 2147483647;
			files = (
				AE983BDB1D3580030014DD5C /* GXFoundation.framework in Frameworks */,
				AE983BD51D3580030014DD5C /* GXCoreBL.framework in Frameworks */,
				AE983BE41D3580030014DD5C /* YAJL.framework in Frameworks */,
				AE8B47931CFDE99E0053E946 /* GXCoreUI.framework in Frameworks */,
				AE983BE11D3580030014DD5C /* GXStandardClasses.framework in Frameworks */,
				AE983BD81D3580030014DD5C /* GXDataLayer.framework in Frameworks */,
				AE983BDE1D3580030014DD5C /* GXObjectsModel.framework in Frameworks */,
			);
			runOnlyForDeploymentPostprocessing = 0;
		};
/* End PBXFrameworksBuildPhase section */

/* Begin PBXGroup section */
		AE8B46921CFDDDFA0053E946 = {
			isa = PBXGroup;
			children = (
				AE8B46CA1CFDDDFA0053E946 /* GXUCCharts */,
				AE8B469F1CFDDDFA0053E946 /* Frameworks */,
				AE8B469E1CFDDDFA0053E946 /* Products */,
			);
			sourceTree = "<group>";
		};
		AE8B469E1CFDDDFA0053E946 /* Products */ = {
			isa = PBXGroup;
			children = (
				AE8B469D1CFDDDFA0053E946 /* GXUCCharts.framework */,
				AE8B46B41CFDDDFA0053E946 /* GXUCCharts.framework */,
				AE8B46C21CFDDDFA0053E946 /* GXUCCharts.framework */,
			);
			name = Products;
			sourceTree = "<group>";
		};
		AE8B469F1CFDDDFA0053E946 /* Frameworks */ = {
			isa = PBXGroup;
			children = (
				AE983BCD1D3580030014DD5C /* GXCoreBL.framework */,
				AE983BCE1D3580030014DD5C /* GXDataLayer.framework */,
				AE983BCF1D3580030014DD5C /* GXFoundation.framework */,
				AE983BD01D3580030014DD5C /* GXObjectsModel.framework */,
				AE983BD11D3580030014DD5C /* GXStandardClasses.framework */,
				AE983BD21D3580030014DD5C /* YAJL.framework */,
				AE8B46E61CFDDE380053E946 /* CorePlot-CocoaTouch.xcodeproj */,
				AE8B46EE1CFDDE3F0053E946 /* GXCoreUI.xcodeproj */,
			);
			name = Frameworks;
			sourceTree = "<group>";
		};
		AE8B46CA1CFDDDFA0053E946 /* GXUCCharts */ = {
			isa = PBXGroup;
			children = (
				AE8B46D51CFDDDFA0053E946 /* Config */,
				AE8B46CD1CFDDDFA0053E946 /* iOS */,
				AE8B46CC1CFDDDFA0053E946 /* watchOS */,
				AE8B46CB1CFDDDFA0053E946 /* tvOS */,
				AE8B46D11CFDDDFA0053E946 /* GXUCCharts.h */,
				AE8B476C1CFDDF270053E946 /* GXUC_SDCharts.h */,
				AE8B476D1CFDDF270053E946 /* GXUC_SDCharts.m */,
				AE8B47351CFDDEE10053E946 /* Model */,
				AE8B473E1CFDDEFB0053E946 /* Helpers */,
				AEE1A8AF1D0A07F700DC1535 /* Resources */,
				AE8B47691CFDDF120053E946 /* Views */,
			);
			path = GXUCCharts;
			sourceTree = "<group>";
		};
		AE8B46CB1CFDDDFA0053E946 /* tvOS */ = {
			isa = PBXGroup;
			children = (
				AE8B46D01CFDDDFA0053E946 /* Info.plist */,
			);
			path = tvOS;
			sourceTree = "<group>";
		};
		AE8B46CC1CFDDDFA0053E946 /* watchOS */ = {
			isa = PBXGroup;
			children = (
				AE8B46CF1CFDDDFA0053E946 /* Info.plist */,
			);
			path = watchOS;
			sourceTree = "<group>";
		};
		AE8B46CD1CFDDDFA0053E946 /* iOS */ = {
			isa = PBXGroup;
			children = (
				AE8B46CE1CFDDDFA0053E946 /* Info.plist */,
			);
			path = iOS;
			sourceTree = "<group>";
		};
		AE8B46D51CFDDDFA0053E946 /* Config */ = {
			isa = PBXGroup;
			children = (
				AE8B46D61CFDDDFA0053E946 /* GXProjectDebug.xcconfig */,
				AE8B46D71CFDDDFA0053E946 /* GXProjectRelease.xcconfig */,
				AE8B46D81CFDDDFA0053E946 /* GXiOSTarget.xcconfig */,
				AE8B46D91CFDDDFA0053E946 /* GXwatchOSTarget.xcconfig */,
				AE8B46DA1CFDDDFA0053E946 /* GXtvOSTarget.xcconfig */,
			);
			path = Config;
			sourceTree = "<group>";
		};
		AE8B46E71CFDDE380053E946 /* Products */ = {
			isa = PBXGroup;
			children = (
				AE8B46ED1CFDDE380053E946 /* libCorePlot-CocoaTouch.a */,
			);
			name = Products;
			sourceTree = "<group>";
		};
		AE8B46EF1CFDDE3F0053E946 /* Products */ = {
			isa = PBXGroup;
			children = (
				AE8B46F51CFDDE400053E946 /* GXCoreUI.framework */,
				AE8B46F71CFDDE400053E946 /* GXCoreUI.framework */,
				AE8B46F91CFDDE400053E946 /* GXCoreUI.framework */,
			);
			name = Products;
			sourceTree = "<group>";
		};
		AE8B47351CFDDEE10053E946 /* Model */ = {
			isa = PBXGroup;
			children = (
				AE8B47291CFDDED20053E946 /* GXPieChartPoint.h */,
				AE8B472A1CFDDED20053E946 /* GXPieChartPoint.m */,
				AE8B472B1CFDDED20053E946 /* GXPieChartProperties.h */,
				AE8B472C1CFDDED20053E946 /* GXPieChartProperties.m */,
				AE8B472D1CFDDED20053E946 /* GXChartColorsProvider.h */,
				AE8B472E1CFDDED20053E946 /* GXChartColorsProvider.m */,
			);
			name = Model;
			sourceTree = "<group>";
		};
		AE8B473E1CFDDEFB0053E946 /* Helpers */ = {
			isa = PBXGroup;
			children = (
				AE8B47361CFDDEF50053E946 /* GXUCDateHelper.h */,
				AE8B47371CFDDEF50053E946 /* GXUCDateHelper.m */,
				AE8B47381CFDDEF50053E946 /* GXUCChartResourceLoaderHelper.h */,
				AE8B47391CFDDEF50053E946 /* GXUCChartResourceLoaderHelper.m */,
			);
			name = Helpers;
			sourceTree = "<group>";
		};
		AE8B47691CFDDF120053E946 /* Views */ = {
			isa = PBXGroup;
			children = (
				AE8B473F1CFDDF0A0053E946 /* GXGraphHostingview.h */,
				AE8B47401CFDDF0A0053E946 /* GXGraphHostingview.m */,
				AE8B47411CFDDF0A0053E946 /* GXUCLoadingView.h */,
				AE8B47421CFDDF0A0053E946 /* GXUCLoadingView.m */,
				AE8B47431CFDDF0A0053E946 /* GXUIImageButton.h */,
				AE8B47441CFDDF0A0053E946 /* GXUIImageButton.m */,
				AE8B47451CFDDF0A0053E946 /* GXUCZoomView.h */,
				AE8B47461CFDDF0A0053E946 /* GXUCZoomView.m */,
				AE8B47471CFDDF0A0053E946 /* GXUCLinkView.h */,
				AE8B47481CFDDF0A0053E946 /* GXUCLinkView.m */,
				AE8B47491CFDDF0A0053E946 /* SDChartsMainView.h */,
				AE8B474A1CFDDF0A0053E946 /* SDChartsMainView+Internal.h */,
				AE8B474B1CFDDF0A0053E946 /* SDChartsMainView.m */,
				AE8B474C1CFDDF0A0053E946 /* SDChartsPieView.h */,
				AE8B474D1CFDDF0A0053E946 /* SDChartsPieView.m */,
				AE8B474E1CFDDF0A0053E946 /* SDChartsTimeLineView.h */,
				AE8B474F1CFDDF0A0053E946 /* SDChartsTimeLineView.m */,
				AE8B47501CFDDF0A0053E946 /* SDChartsBarView.h */,
				AE8B47511CFDDF0A0053E946 /* SDChartsBarView.m */,
				AE8B47521CFDDF0A0053E946 /* GXPieChartLegendsView.h */,
				AE8B47531CFDDF0A0053E946 /* GXPieChartLegendsView.m */,
			);
			name = Views;
			sourceTree = "<group>";
		};
		AEE1A8AF1D0A07F700DC1535 /* Resources */ = {
			isa = PBXGroup;
			children = (
				AEE1A8B21D0A080F00DC1535 /* ChartLegendsButton.png */,
				AEE1A8B31D0A080F00DC1535 /* ChartRefreshButton.png */,
			);
			name = Resources;
			sourceTree = "<group>";
		};
/* End PBXGroup section */

/* Begin PBXHeadersBuildPhase section */
		AE8B46991CFDDDFA0053E946 /* Headers */ = {
			isa = PBXHeadersBuildPhase;
			buildActionMask = 2147483647;
			files = (
				AE8B47631CFDDF0A0053E946 /* SDChartsTimeLineView.h in Headers */,
				AE8B47671CFDDF0A0053E946 /* GXPieChartLegendsView.h in Headers */,
				AE8B472F1CFDDED20053E946 /* GXPieChartPoint.h in Headers */,
				AE8B475A1CFDDF0A0053E946 /* GXUCZoomView.h in Headers */,
				AE8B47651CFDDF0A0053E946 /* SDChartsBarView.h in Headers */,
				AE8B473A1CFDDEF50053E946 /* GXUCDateHelper.h in Headers */,
				AE8B47311CFDDED20053E946 /* GXPieChartProperties.h in Headers */,
				AE8B475E1CFDDF0A0053E946 /* SDChartsMainView.h in Headers */,
				AE8B46D21CFDDDFA0053E946 /* GXUCCharts.h in Headers */,
				AE8B47541CFDDF0A0053E946 /* GXGraphHostingview.h in Headers */,
				AE8B47331CFDDED20053E946 /* GXChartColorsProvider.h in Headers */,
				AE8B475C1CFDDF0A0053E946 /* GXUCLinkView.h in Headers */,
				AE8B475F1CFDDF0A0053E946 /* SDChartsMainView+Internal.h in Headers */,
				AE8B47581CFDDF0A0053E946 /* GXUIImageButton.h in Headers */,
				AE8B473C1CFDDEF50053E946 /* GXUCChartResourceLoaderHelper.h in Headers */,
				AE8B476E1CFDDF270053E946 /* GXUC_SDCharts.h in Headers */,
				AE8B47611CFDDF0A0053E946 /* SDChartsPieView.h in Headers */,
				AE8B47561CFDDF0A0053E946 /* GXUCLoadingView.h in Headers */,
			);
			runOnlyForDeploymentPostprocessing = 0;
		};
		AE8B46B01CFDDDFA0053E946 /* Headers */ = {
			isa = PBXHeadersBuildPhase;
			buildActionMask = 2147483647;
			files = (
				AE8B46D31CFDDDFA0053E946 /* GXUCCharts.h in Headers */,
			);
			runOnlyForDeploymentPostprocessing = 0;
		};
		AE8B46BE1CFDDDFA0053E946 /* Headers */ = {
			isa = PBXHeadersBuildPhase;
			buildActionMask = 2147483647;
			files = (
				AE8B46D41CFDDDFA0053E946 /* GXUCCharts.h in Headers */,
			);
			runOnlyForDeploymentPostprocessing = 0;
		};
/* End PBXHeadersBuildPhase section */

/* Begin PBXNativeTarget section */
		AE8B469C1CFDDDFA0053E946 /* GXUCCharts-iOS */ = {
			isa = PBXNativeTarget;
			buildConfigurationList = AE8B46DD1CFDDDFA0053E946 /* Build configuration list for PBXNativeTarget "GXUCCharts-iOS" */;
			buildPhases = (
				AE8B46971CFDDDFA0053E946 /* Sources */,
				AE8B46981CFDDDFA0053E946 /* Frameworks */,
				AE8B46991CFDDDFA0053E946 /* Headers */,
				AE8B469A1CFDDDFA0053E946 /* Resources */,
			);
			buildRules = (
			);
			dependencies = (
				AE8B47741CFDE93E0053E946 /* PBXTargetDependency */,
				AE8B47711CFDDFA60053E946 /* PBXTargetDependency */,
			);
			name = "GXUCCharts-iOS";
			productName = "GXUCCharts-iOS";
			productReference = AE8B469D1CFDDDFA0053E946 /* GXUCCharts.framework */;
			productType = "com.apple.product-type.framework";
		};
		AE8B46B31CFDDDFA0053E946 /* GXUCCharts-watchOS */ = {
			isa = PBXNativeTarget;
			buildConfigurationList = AE8B46E01CFDDDFA0053E946 /* Build configuration list for PBXNativeTarget "GXUCCharts-watchOS" */;
			buildPhases = (
				AE8B46AE1CFDDDFA0053E946 /* Sources */,
				AE8B46AF1CFDDDFA0053E946 /* Frameworks */,
				AE8B46B01CFDDDFA0053E946 /* Headers */,
				AE8B46B11CFDDDFA0053E946 /* Resources */,
			);
			buildRules = (
			);
			dependencies = (
				AE8B47831CFDE96E0053E946 /* PBXTargetDependency */,
			);
			name = "GXUCCharts-watchOS";
			productName = "GXUCCharts-watchOS";
			productReference = AE8B46B41CFDDDFA0053E946 /* GXUCCharts.framework */;
			productType = "com.apple.product-type.framework";
		};
		AE8B46C11CFDDDFA0053E946 /* GXUCCharts-tvOS */ = {
			isa = PBXNativeTarget;
			buildConfigurationList = AE8B46E31CFDDDFA0053E946 /* Build configuration list for PBXNativeTarget "GXUCCharts-tvOS" */;
			buildPhases = (
				AE8B46BC1CFDDDFA0053E946 /* Sources */,
				AE8B46BD1CFDDDFA0053E946 /* Frameworks */,
				AE8B46BE1CFDDDFA0053E946 /* Headers */,
				AE8B46BF1CFDDDFA0053E946 /* Resources */,
			);
			buildRules = (
			);
			dependencies = (
				AE8B47851CFDE9710053E946 /* PBXTargetDependency */,
			);
			name = "GXUCCharts-tvOS";
			productName = "GXUCCharts-tvOS";
			productReference = AE8B46C21CFDDDFA0053E946 /* GXUCCharts.framework */;
			productType = "com.apple.product-type.framework";
		};
/* End PBXNativeTarget section */

/* Begin PBXProject section */
		AE8B46931CFDDDFA0053E946 /* Project object */ = {
			isa = PBXProject;
			attributes = {
				CLASSPREFIX = GX;
				LastUpgradeCheck = 0800;
				ORGANIZATIONNAME = GeneXus;
				TargetAttributes = {
					AE8B469C1CFDDDFA0053E946 = {
						CreatedOnToolsVersion = 7.3.1;
						LastSwiftMigration = 0920;
					};
					AE8B46B31CFDDDFA0053E946 = {
						CreatedOnToolsVersion = 7.3.1;
					};
					AE8B46C11CFDDDFA0053E946 = {
						CreatedOnToolsVersion = 7.3.1;
					};
				};
			};
			buildConfigurationList = AE8B46961CFDDDFA0053E946 /* Build configuration list for PBXProject "GXUCCharts" */;
			compatibilityVersion = "Xcode 3.2";
			developmentRegion = en;
			hasScannedForEncodings = 0;
			knownRegions = (
				en,
				Base,
			);
			mainGroup = AE8B46921CFDDDFA0053E946;
			productRefGroup = AE8B469E1CFDDDFA0053E946 /* Products */;
			projectDirPath = "";
			projectReferences = (
				{
					ProductGroup = AE8B46E71CFDDE380053E946 /* Products */;
					ProjectRef = AE8B46E61CFDDE380053E946 /* CorePlot-CocoaTouch.xcodeproj */;
				},
				{
					ProductGroup = AE8B46EF1CFDDE3F0053E946 /* Products */;
					ProjectRef = AE8B46EE1CFDDE3F0053E946 /* GXCoreUI.xcodeproj */;
				},
			);
			projectRoot = "";
			targets = (
				AE8B469C1CFDDDFA0053E946 /* GXUCCharts-iOS */,
				AE8B46B31CFDDDFA0053E946 /* GXUCCharts-watchOS */,
				AE8B46C11CFDDDFA0053E946 /* GXUCCharts-tvOS */,
			);
		};
/* End PBXProject section */

/* Begin PBXReferenceProxy section */
		AE8B46ED1CFDDE380053E946 /* libCorePlot-CocoaTouch.a */ = {
			isa = PBXReferenceProxy;
			fileType = archive.ar;
			path = "libCorePlot-CocoaTouch.a";
			remoteRef = AE8B46EC1CFDDE380053E946 /* PBXContainerItemProxy */;
			sourceTree = BUILT_PRODUCTS_DIR;
		};
		AE8B46F51CFDDE400053E946 /* GXCoreUI.framework */ = {
			isa = PBXReferenceProxy;
			fileType = wrapper.framework;
			path = GXCoreUI.framework;
			remoteRef = AE8B46F41CFDDE400053E946 /* PBXContainerItemProxy */;
			sourceTree = BUILT_PRODUCTS_DIR;
		};
		AE8B46F71CFDDE400053E946 /* GXCoreUI.framework */ = {
			isa = PBXReferenceProxy;
			fileType = wrapper.framework;
			path = GXCoreUI.framework;
			remoteRef = AE8B46F61CFDDE400053E946 /* PBXContainerItemProxy */;
			sourceTree = BUILT_PRODUCTS_DIR;
		};
		AE8B46F91CFDDE400053E946 /* GXCoreUI.framework */ = {
			isa = PBXReferenceProxy;
			fileType = wrapper.framework;
			path = GXCoreUI.framework;
			remoteRef = AE8B46F81CFDDE400053E946 /* PBXContainerItemProxy */;
			sourceTree = BUILT_PRODUCTS_DIR;
		};
/* End PBXReferenceProxy section */

/* Begin PBXResourcesBuildPhase section */
		AE8B469A1CFDDDFA0053E946 /* Resources */ = {
			isa = PBXResourcesBuildPhase;
			buildActionMask = 2147483647;
			files = (
				AEE1A8B41D0A080F00DC1535 /* ChartLegendsButton.png in Resources */,
				AEE1A8B51D0A080F00DC1535 /* ChartRefreshButton.png in Resources */,
			);
			runOnlyForDeploymentPostprocessing = 0;
		};
		AE8B46B11CFDDDFA0053E946 /* Resources */ = {
			isa = PBXResourcesBuildPhase;
			buildActionMask = 2147483647;
			files = (
			);
			runOnlyForDeploymentPostprocessing = 0;
		};
		AE8B46BF1CFDDDFA0053E946 /* Resources */ = {
			isa = PBXResourcesBuildPhase;
			buildActionMask = 2147483647;
			files = (
			);
			runOnlyForDeploymentPostprocessing = 0;
		};
/* End PBXResourcesBuildPhase section */

/* Begin PBXSourcesBuildPhase section */
		AE8B46971CFDDDFA0053E946 /* Sources */ = {
			isa = PBXSourcesBuildPhase;
			buildActionMask = 2147483647;
			files = (
				AE8B47591CFDDF0A0053E946 /* GXUIImageButton.m in Sources */,
				AE8B47621CFDDF0A0053E946 /* SDChartsPieView.m in Sources */,
				AE8B47571CFDDF0A0053E946 /* GXUCLoadingView.m in Sources */,
				AE8B47681CFDDF0A0053E946 /* GXPieChartLegendsView.m in Sources */,
				AE8B475B1CFDDF0A0053E946 /* GXUCZoomView.m in Sources */,
				AE8B47641CFDDF0A0053E946 /* SDChartsTimeLineView.m in Sources */,
				AE8B473B1CFDDEF50053E946 /* GXUCDateHelper.m in Sources */,
				AE8B47661CFDDF0A0053E946 /* SDChartsBarView.m in Sources */,
				AE8B47551CFDDF0A0053E946 /* GXGraphHostingview.m in Sources */,
				AE8B475D1CFDDF0A0053E946 /* GXUCLinkView.m in Sources */,
				AE8B47301CFDDED20053E946 /* GXPieChartPoint.m in Sources */,
				AE8B47341CFDDED20053E946 /* GXChartColorsProvider.m in Sources */,
				AE8B476F1CFDDF270053E946 /* GXUC_SDCharts.m in Sources */,
				AE8B47601CFDDF0A0053E946 /* SDChartsMainView.m in Sources */,
				AE8B473D1CFDDEF50053E946 /* GXUCChartResourceLoaderHelper.m in Sources */,
				AE8B47321CFDDED20053E946 /* GXPieChartProperties.m in Sources */,
			);
			runOnlyForDeploymentPostprocessing = 0;
		};
		AE8B46AE1CFDDDFA0053E946 /* Sources */ = {
			isa = PBXSourcesBuildPhase;
			buildActionMask = 2147483647;
			files = (
			);
			runOnlyForDeploymentPostprocessing = 0;
		};
		AE8B46BC1CFDDDFA0053E946 /* Sources */ = {
			isa = PBXSourcesBuildPhase;
			buildActionMask = 2147483647;
			files = (
			);
			runOnlyForDeploymentPostprocessing = 0;
		};
/* End PBXSourcesBuildPhase section */

/* Begin PBXTargetDependency section */
		AE8B47711CFDDFA60053E946 /* PBXTargetDependency */ = {
			isa = PBXTargetDependency;
			name = "CorePlot-CocoaTouch";
			targetProxy = AE8B47701CFDDFA60053E946 /* PBXContainerItemProxy */;
		};
		AE8B47741CFDE93E0053E946 /* PBXTargetDependency */ = {
			isa = PBXTargetDependency;
			name = "GXCoreUI-iOS";
			targetProxy = AE8B47731CFDE93E0053E946 /* PBXContainerItemProxy */;
		};
		AE8B47831CFDE96E0053E946 /* PBXTargetDependency */ = {
			isa = PBXTargetDependency;
			name = "GXCoreUI-watchOS";
			targetProxy = AE8B47821CFDE96E0053E946 /* PBXContainerItemProxy */;
		};
		AE8B47851CFDE9710053E946 /* PBXTargetDependency */ = {
			isa = PBXTargetDependency;
			name = "GXCoreUI-tvOS";
			targetProxy = AE8B47841CFDE9710053E946 /* PBXContainerItemProxy */;
		};
/* End PBXTargetDependency section */

/* Begin XCBuildConfiguration section */
		AE8B46DB1CFDDDFA0053E946 /* Debug */ = {
			isa = XCBuildConfiguration;
			baseConfigurationReference = AE8B46D61CFDDDFA0053E946 /* GXProjectDebug.xcconfig */;
			buildSettings = {
				CURRENT_PROJECT_VERSION = 1;
				VERSIONING_SYSTEM = "apple-generic";
				VERSION_INFO_PREFIX = "";
			};
			name = Debug;
		};
		AE8B46DC1CFDDDFA0053E946 /* Release */ = {
			isa = XCBuildConfiguration;
			baseConfigurationReference = AE8B46D71CFDDDFA0053E946 /* GXProjectRelease.xcconfig */;
			buildSettings = {
				CURRENT_PROJECT_VERSION = 1;
				VERSIONING_SYSTEM = "apple-generic";
				VERSION_INFO_PREFIX = "";
			};
			name = Release;
		};
		AE8B46DE1CFDDDFA0053E946 /* Debug */ = {
			isa = XCBuildConfiguration;
			baseConfigurationReference = AE8B46D81CFDDDFA0053E946 /* GXiOSTarget.xcconfig */;
			buildSettings = {
				APPLICATION_EXTENSION_API_ONLY = YES;
				DEFINES_MODULE = YES;
				DYLIB_COMPATIBILITY_VERSION = 1;
				DYLIB_CURRENT_VERSION = 1;
				DYLIB_INSTALL_NAME_BASE = "@rpath";
				FRAMEWORK_SEARCH_PATHS = (
					"$(inherited)",
					"\"$(BUILT_PRODUCTS_DIR)\"",
				);
				INFOPLIST_FILE = GXUCCharts/iOS/Info.plist;
				INSTALL_PATH = "$(LOCAL_LIBRARY_DIR)/Frameworks";
				LD_RUNPATH_SEARCH_PATHS = "$(inherited) @loader_path/Frameworks";
				OTHER_LDFLAGS = (
					"$(inherited)",
					"-ObjC",
				);
				PRODUCT_BUNDLE_IDENTIFIER = com.genexus.GXUCCharts;
				PRODUCT_NAME = GXUCCharts;
				SKIP_INSTALL = YES;
				SYMROOT = "$(SRCROOT)/../../Build/build";
				USER_HEADER_SEARCH_PATHS = "$(inherited) \"$(SRCROOT)/../../Freezer/CorePlot/Source/framework\" \"$(SRCROOT)/../../Freezer/CorePlot/Source/framework/Source\" \"$(SRCROOT)/../../Freezer/CorePlot/Source/framework/iPhoneOnly\"";
			};
			name = Debug;
		};
		AE8B46DF1CFDDDFA0053E946 /* Release */ = {
			isa = XCBuildConfiguration;
			baseConfigurationReference = AE8B46D81CFDDDFA0053E946 /* GXiOSTarget.xcconfig */;
			buildSettings = {
				APPLICATION_EXTENSION_API_ONLY = YES;
				DEFINES_MODULE = YES;
				DYLIB_COMPATIBILITY_VERSION = 1;
				DYLIB_CURRENT_VERSION = 1;
				DYLIB_INSTALL_NAME_BASE = "@rpath";
				FRAMEWORK_SEARCH_PATHS = (
					"$(inherited)",
					"\"$(BUILT_PRODUCTS_DIR)\"",
				);
				INFOPLIST_FILE = GXUCCharts/iOS/Info.plist;
				INSTALL_PATH = "$(LOCAL_LIBRARY_DIR)/Frameworks";
				LD_RUNPATH_SEARCH_PATHS = "$(inherited) @loader_path/Frameworks";
				OTHER_LDFLAGS = (
					"$(inherited)",
					"-ObjC",
				);
				PRODUCT_BUNDLE_IDENTIFIER = com.genexus.GXUCCharts;
				PRODUCT_NAME = GXUCCharts;
				SKIP_INSTALL = YES;
				SYMROOT = "$(SRCROOT)/../../Build/build";
				USER_HEADER_SEARCH_PATHS = "$(inherited) \"$(SRCROOT)/../../Freezer/CorePlot/Source/framework\" \"$(SRCROOT)/../../Freezer/CorePlot/Source/framework/Source\" \"$(SRCROOT)/../../Freezer/CorePlot/Source/framework/iPhoneOnly\"";
			};
			name = Release;
		};
		AE8B46E11CFDDDFA0053E946 /* Debug */ = {
			isa = XCBuildConfiguration;
			baseConfigurationReference = AE8B46D91CFDDDFA0053E946 /* GXwatchOSTarget.xcconfig */;
			buildSettings = {
				APPLICATION_EXTENSION_API_ONLY = YES;
				DEFINES_MODULE = YES;
				DYLIB_COMPATIBILITY_VERSION = 1;
				DYLIB_CURRENT_VERSION = 1;
				DYLIB_INSTALL_NAME_BASE = "@rpath";
				FRAMEWORK_SEARCH_PATHS = (
					"$(inherited)",
					"\"$(BUILT_PRODUCTS_DIR)\"",
				);
				INFOPLIST_FILE = GXUCCharts/watchOS/Info.plist;
				INSTALL_PATH = "$(LOCAL_LIBRARY_DIR)/Frameworks";
				LD_RUNPATH_SEARCH_PATHS = "$(inherited) @loader_path/Frameworks";
				PRODUCT_BUNDLE_IDENTIFIER = com.genexus.GXUCCharts;
				PRODUCT_NAME = GXUCCharts;
				SKIP_INSTALL = YES;
				SYMROOT = "$(SRCROOT)/../../Build/build";
			};
			name = Debug;
		};
		AE8B46E21CFDDDFA0053E946 /* Release */ = {
			isa = XCBuildConfiguration;
			baseConfigurationReference = AE8B46D91CFDDDFA0053E946 /* GXwatchOSTarget.xcconfig */;
			buildSettings = {
				APPLICATION_EXTENSION_API_ONLY = YES;
				DEFINES_MODULE = YES;
				DYLIB_COMPATIBILITY_VERSION = 1;
				DYLIB_CURRENT_VERSION = 1;
				DYLIB_INSTALL_NAME_BASE = "@rpath";
				FRAMEWORK_SEARCH_PATHS = (
					"$(inherited)",
					"\"$(BUILT_PRODUCTS_DIR)\"",
				);
				INFOPLIST_FILE = GXUCCharts/watchOS/Info.plist;
				INSTALL_PATH = "$(LOCAL_LIBRARY_DIR)/Frameworks";
				LD_RUNPATH_SEARCH_PATHS = "$(inherited) @loader_path/Frameworks";
				PRODUCT_BUNDLE_IDENTIFIER = com.genexus.GXUCCharts;
				PRODUCT_NAME = GXUCCharts;
				SKIP_INSTALL = YES;
				SYMROOT = "$(SRCROOT)/../../Build/build";
			};
			name = Release;
		};
		AE8B46E41CFDDDFA0053E946 /* Debug */ = {
			isa = XCBuildConfiguration;
			baseConfigurationReference = AE8B46DA1CFDDDFA0053E946 /* GXtvOSTarget.xcconfig */;
			buildSettings = {
				APPLICATION_EXTENSION_API_ONLY = YES;
				DEFINES_MODULE = YES;
				DYLIB_COMPATIBILITY_VERSION = 1;
				DYLIB_CURRENT_VERSION = 1;
				DYLIB_INSTALL_NAME_BASE = "@rpath";
				FRAMEWORK_SEARCH_PATHS = (
					"$(inherited)",
					"\"$(BUILT_PRODUCTS_DIR)\"",
				);
				INFOPLIST_FILE = GXUCCharts/tvOS/Info.plist;
				INSTALL_PATH = "$(LOCAL_LIBRARY_DIR)/Frameworks";
				LD_RUNPATH_SEARCH_PATHS = "$(inherited) @loader_path/Frameworks";
				PRODUCT_BUNDLE_IDENTIFIER = com.genexus.GXUCCharts;
				PRODUCT_NAME = GXUCCharts;
				SKIP_INSTALL = YES;
				SYMROOT = "$(SRCROOT)/../../Build/build";
			};
			name = Debug;
		};
		AE8B46E51CFDDDFA0053E946 /* Release */ = {
			isa = XCBuildConfiguration;
			baseConfigurationReference = AE8B46DA1CFDDDFA0053E946 /* GXtvOSTarget.xcconfig */;
			buildSettings = {
				APPLICATION_EXTENSION_API_ONLY = YES;
				DEFINES_MODULE = YES;
				DYLIB_COMPATIBILITY_VERSION = 1;
				DYLIB_CURRENT_VERSION = 1;
				DYLIB_INSTALL_NAME_BASE = "@rpath";
				FRAMEWORK_SEARCH_PATHS = (
					"$(inherited)",
					"\"$(BUILT_PRODUCTS_DIR)\"",
				);
				INFOPLIST_FILE = GXUCCharts/tvOS/Info.plist;
				INSTALL_PATH = "$(LOCAL_LIBRARY_DIR)/Frameworks";
				LD_RUNPATH_SEARCH_PATHS = "$(inherited) @loader_path/Frameworks";
				PRODUCT_BUNDLE_IDENTIFIER = com.genexus.GXUCCharts;
				PRODUCT_NAME = GXUCCharts;
				SKIP_INSTALL = YES;
				SYMROOT = "$(SRCROOT)/../../Build/build";
			};
			name = Release;
		};
/* End XCBuildConfiguration section */

/* Begin XCConfigurationList section */
		AE8B46961CFDDDFA0053E946 /* Build configuration list for PBXProject "GXUCCharts" */ = {
			isa = XCConfigurationList;
			buildConfigurations = (
				AE8B46DB1CFDDDFA0053E946 /* Debug */,
				AE8B46DC1CFDDDFA0053E946 /* Release */,
			);
			defaultConfigurationIsVisible = 0;
			defaultConfigurationName = Release;
		};
		AE8B46DD1CFDDDFA0053E946 /* Build configuration list for PBXNativeTarget "GXUCCharts-iOS" */ = {
			isa = XCConfigurationList;
			buildConfigurations = (
				AE8B46DE1CFDDDFA0053E946 /* Debug */,
				AE8B46DF1CFDDDFA0053E946 /* Release */,
			);
			defaultConfigurationIsVisible = 0;
			defaultConfigurationName = Release;
		};
		AE8B46E01CFDDDFA0053E946 /* Build configuration list for PBXNativeTarget "GXUCCharts-watchOS" */ = {
			isa = XCConfigurationList;
			buildConfigurations = (
				AE8B46E11CFDDDFA0053E946 /* Debug */,
				AE8B46E21CFDDDFA0053E946 /* Release */,
			);
			defaultConfigurationIsVisible = 0;
			defaultConfigurationName = Release;
		};
		AE8B46E31CFDDDFA0053E946 /* Build configuration list for PBXNativeTarget "GXUCCharts-tvOS" */ = {
			isa = XCConfigurationList;
			buildConfigurations = (
				AE8B46E41CFDDDFA0053E946 /* Debug */,
				AE8B46E51CFDDDFA0053E946 /* Release */,
			);
			defaultConfigurationIsVisible = 0;
			defaultConfigurationName = Release;
		};
/* End XCConfigurationList section */
	};
	rootObject = AE8B46931CFDDDFA0053E946 /* Project object */;
}
