// !$*UTF8*$!
{
	archiveVersion = 1;
	classes = {
	};
	objectVersion = 46;
	objects = {

/* Begin PBXAggregateTarget section */
		84634AF113C20E3C00A361B7 /* Build Universal Library */ = {
			isa = PBXAggregateTarget;
			buildConfigurationList = 84634AF213C20E3C00A361B7 /* Build configuration list for PBXAggregateTarget "Build Universal Library" */;
			buildPhases = (
				84634AF613C20E6600A361B7 /* Build Universal Library */,
			);
			dependencies = (
				AED12C7E1AC3323700FF4E03 /* PBXTargetDependency */,
			);
			name = "Build Universal Library";
			productName = "Build Universal Library";
		};
/* End PBXAggregateTarget section */

/* Begin PBXBuildFile section */
		84774B6813C62E6000E930A2 /* GXLinearGaugeShapeView.h in Headers */ = {isa = PBXBuildFile; fileRef = 84774B6613C62E6000E930A2 /* GXLinearGaugeShapeView.h */; };
		84774B6913C62E6000E930A2 /* GXLinearGaugeShapeView.m in Sources */ = {isa = PBXBuildFile; fileRef = 84774B6713C62E6000E930A2 /* GXLinearGaugeShapeView.m */; };
		84774B6A13C62E6000E930A2 /* GXLinearGaugeShapeView.m in Sources */ = {isa = PBXBuildFile; fileRef = 84774B6713C62E6000E930A2 /* GXLinearGaugeShapeView.m */; };
		84C00E1C13CCD2E300CBE670 /* GXLinearGaugeGradientView.h in Headers */ = {isa = PBXBuildFile; fileRef = 84C00E1A13CCD2E300CBE670 /* GXLinearGaugeGradientView.h */; };
		84C00E1D13CCD2E300CBE670 /* GXLinearGaugeGradientView.m in Sources */ = {isa = PBXBuildFile; fileRef = 84C00E1B13CCD2E300CBE670 /* GXLinearGaugeGradientView.m */; };
		84C00E1E13CCD2E300CBE670 /* GXLinearGaugeGradientView.m in Sources */ = {isa = PBXBuildFile; fileRef = 84C00E1B13CCD2E300CBE670 /* GXLinearGaugeGradientView.m */; };
		AEACF0571AD8358500162E21 /* YAJLIOS.framework in Frameworks */ = {isa = PBXBuildFile; fileRef = AEACF0561AD8358500162E21 /* YAJLIOS.framework */; };
		BB43DBBF13AFA588007A8D21 /* UIKit.framework in Frameworks */ = {isa = PBXBuildFile; fileRef = BB7E02BD13ABD1B900D4D6C4 /* UIKit.framework */; };
		BB43DBC013AFA593007A8D21 /* CoreGraphics.framework in Frameworks */ = {isa = PBXBuildFile; fileRef = BB7E02C013ABD1B900D4D6C4 /* CoreGraphics.framework */; };
		BB43DBC213AFA6EF007A8D21 /* GXFlexibleClient.framework in Frameworks */ = {isa = PBXBuildFile; fileRef = BB43DBC113AFA6EF007A8D21 /* GXFlexibleClient.framework */; };
		BB7E02B313ABD1B900D4D6C4 /* Foundation.framework in Frameworks */ = {isa = PBXBuildFile; fileRef = BB7E02B213ABD1B900D4D6C4 /* Foundation.framework */; };
		BB7E02BE13ABD1B900D4D6C4 /* UIKit.framework in Frameworks */ = {isa = PBXBuildFile; fileRef = BB7E02BD13ABD1B900D4D6C4 /* UIKit.framework */; };
		BB7E02BF13ABD1B900D4D6C4 /* Foundation.framework in Frameworks */ = {isa = PBXBuildFile; fileRef = BB7E02B213ABD1B900D4D6C4 /* Foundation.framework */; };
		BB7E02C113ABD1B900D4D6C4 /* CoreGraphics.framework in Frameworks */ = {isa = PBXBuildFile; fileRef = BB7E02C013ABD1B900D4D6C4 /* CoreGraphics.framework */; };
		BB7E02C413ABD1B900D4D6C4 /* libGXUC_LinearGauge.a in Frameworks */ = {isa = PBXBuildFile; fileRef = BB7E02AF13ABD1B900D4D6C4 /* libGXUC_LinearGauge.a */; };
		BB7E02CA13ABD1B900D4D6C4 /* InfoPlist.strings in Resources */ = {isa = PBXBuildFile; fileRef = BB7E02C813ABD1B900D4D6C4 /* InfoPlist.strings */; };
		BB7E02CD13ABD1B900D4D6C4 /* GXUC_LinearGaugeTests.h in Resources */ = {isa = PBXBuildFile; fileRef = BB7E02CC13ABD1B900D4D6C4 /* GXUC_LinearGaugeTests.h */; };
		BB7E02CF13ABD1B900D4D6C4 /* GXUC_LinearGaugeTests.m in Sources */ = {isa = PBXBuildFile; fileRef = BB7E02CE13ABD1B900D4D6C4 /* GXUC_LinearGaugeTests.m */; };
		BB7E095613ABDF2F00D4D6C4 /* GXControlLinearGauge.h in Headers */ = {isa = PBXBuildFile; fileRef = BB7E095413ABDF2F00D4D6C4 /* GXControlLinearGauge.h */; };
		BB7E095713ABDF2F00D4D6C4 /* GXControlLinearGauge.m in Sources */ = {isa = PBXBuildFile; fileRef = BB7E095513ABDF2F00D4D6C4 /* GXControlLinearGauge.m */; };
		BB7E095A13ABDFE200D4D6C4 /* GXLinearGaugeSpecification.h in Headers */ = {isa = PBXBuildFile; fileRef = BB7E095813ABDFE200D4D6C4 /* GXLinearGaugeSpecification.h */; };
		BB7E095B13ABDFE200D4D6C4 /* GXLinearGaugeSpecification.m in Sources */ = {isa = PBXBuildFile; fileRef = BB7E095913ABDFE200D4D6C4 /* GXLinearGaugeSpecification.m */; };
		BB7E095E13ABE20F00D4D6C4 /* GXLinearGaugeRangeSpec.h in Headers */ = {isa = PBXBuildFile; fileRef = BB7E095C13ABE20F00D4D6C4 /* GXLinearGaugeRangeSpec.h */; };
		BB7E095F13ABE20F00D4D6C4 /* GXLinearGaugeRangeSpec.m in Sources */ = {isa = PBXBuildFile; fileRef = BB7E095D13ABE20F00D4D6C4 /* GXLinearGaugeRangeSpec.m */; };
		BBB9F1E113ABF72000A24150 /* GXLinearGaugeView.h in Headers */ = {isa = PBXBuildFile; fileRef = BBB9F1DF13ABF72000A24150 /* GXLinearGaugeView.h */; };
		BBB9F1E213ABF72000A24150 /* GXLinearGaugeView.m in Sources */ = {isa = PBXBuildFile; fileRef = BBB9F1E013ABF72000A24150 /* GXLinearGaugeView.m */; };
/* End PBXBuildFile section */

/* Begin PBXContainerItemProxy section */
		AED12C7D1AC3323700FF4E03 /* PBXContainerItemProxy */ = {
			isa = PBXContainerItemProxy;
			containerPortal = BB7E02A613ABD1B900D4D6C4 /* Project object */;
			proxyType = 1;
			remoteGlobalIDString = BB7E02AE13ABD1B900D4D6C4;
			remoteInfo = GXUC_LinearGauge;
		};
		BB7E02C213ABD1B900D4D6C4 /* PBXContainerItemProxy */ = {
			isa = PBXContainerItemProxy;
			containerPortal = BB7E02A613ABD1B900D4D6C4 /* Project object */;
			proxyType = 1;
			remoteGlobalIDString = BB7E02AE13ABD1B900D4D6C4;
			remoteInfo = GXUC_LinearGauge;
		};
/* End PBXContainerItemProxy section */

/* Begin PBXFileReference section */
		84774B6613C62E6000E930A2 /* GXLinearGaugeShapeView.h */ = {isa = PBXFileReference; fileEncoding = 4; lastKnownFileType = sourcecode.c.h; path = GXLinearGaugeShapeView.h; sourceTree = "<group>"; };
		84774B6713C62E6000E930A2 /* GXLinearGaugeShapeView.m */ = {isa = PBXFileReference; fileEncoding = 4; lastKnownFileType = sourcecode.c.objc; path = GXLinearGaugeShapeView.m; sourceTree = "<group>"; };
		84C00E1A13CCD2E300CBE670 /* GXLinearGaugeGradientView.h */ = {isa = PBXFileReference; fileEncoding = 4; lastKnownFileType = sourcecode.c.h; lineEnding = 0; path = GXLinearGaugeGradientView.h; sourceTree = "<group>"; };
		84C00E1B13CCD2E300CBE670 /* GXLinearGaugeGradientView.m */ = {isa = PBXFileReference; fileEncoding = 4; lastKnownFileType = sourcecode.c.objc; path = GXLinearGaugeGradientView.m; sourceTree = "<group>"; };
		AEACF0561AD8358500162E21 /* YAJLIOS.framework */ = {isa = PBXFileReference; lastKnownFileType = wrapper.framework; name = YAJLIOS.framework; path = "../../Freezer/YAJL/build/(CONFIGURATION)-iphoneuniversal/YAJLIOS.framework"; sourceTree = "<group>"; };
		BB43DBC113AFA6EF007A8D21 /* GXFlexibleClient.framework */ = {isa = PBXFileReference; lastKnownFileType = wrapper.framework; name = GXFlexibleClient.framework; path = "../../GXFlexibleClient/build/$(CONFIGURATION)-iphoneuniversal/GXFlexibleClient.framework"; sourceTree = "<group>"; };
		BB7E02AF13ABD1B900D4D6C4 /* libGXUC_LinearGauge.a */ = {isa = PBXFileReference; explicitFileType = archive.ar; includeInIndex = 0; path = libGXUC_LinearGauge.a; sourceTree = BUILT_PRODUCTS_DIR; };
		BB7E02B213ABD1B900D4D6C4 /* Foundation.framework */ = {isa = PBXFileReference; lastKnownFileType = wrapper.framework; name = Foundation.framework; path = System/Library/Frameworks/Foundation.framework; sourceTree = SDKROOT; };
		BB7E02B613ABD1B900D4D6C4 /* GXUC_LinearGauge-Prefix.pch */ = {isa = PBXFileReference; lastKnownFileType = sourcecode.c.h; path = "GXUC_LinearGauge-Prefix.pch"; sourceTree = "<group>"; };
		BB7E02BC13ABD1B900D4D6C4 /* GXUC_LinearGaugeTests.octest */ = {isa = PBXFileReference; explicitFileType = wrapper.cfbundle; includeInIndex = 0; path = GXUC_LinearGaugeTests.octest; sourceTree = BUILT_PRODUCTS_DIR; };
		BB7E02BD13ABD1B900D4D6C4 /* UIKit.framework */ = {isa = PBXFileReference; lastKnownFileType = wrapper.framework; name = UIKit.framework; path = System/Library/Frameworks/UIKit.framework; sourceTree = SDKROOT; };
		BB7E02C013ABD1B900D4D6C4 /* CoreGraphics.framework */ = {isa = PBXFileReference; lastKnownFileType = wrapper.framework; name = CoreGraphics.framework; path = System/Library/Frameworks/CoreGraphics.framework; sourceTree = SDKROOT; };
		BB7E02C713ABD1B900D4D6C4 /* GXUC_LinearGaugeTests-Info.plist */ = {isa = PBXFileReference; lastKnownFileType = text.plist.xml; path = "GXUC_LinearGaugeTests-Info.plist"; sourceTree = "<group>"; };
		BB7E02C913ABD1B900D4D6C4 /* en */ = {isa = PBXFileReference; lastKnownFileType = text.plist.strings; name = en; path = en.lproj/InfoPlist.strings; sourceTree = "<group>"; };
		BB7E02CB13ABD1B900D4D6C4 /* GXUC_LinearGaugeTests-Prefix.pch */ = {isa = PBXFileReference; lastKnownFileType = sourcecode.c.h; path = "GXUC_LinearGaugeTests-Prefix.pch"; sourceTree = "<group>"; };
		BB7E02CC13ABD1B900D4D6C4 /* GXUC_LinearGaugeTests.h */ = {isa = PBXFileReference; lastKnownFileType = sourcecode.c.h; path = GXUC_LinearGaugeTests.h; sourceTree = "<group>"; };
		BB7E02CE13ABD1B900D4D6C4 /* GXUC_LinearGaugeTests.m */ = {isa = PBXFileReference; lastKnownFileType = sourcecode.c.objc; path = GXUC_LinearGaugeTests.m; sourceTree = "<group>"; };
		BB7E095413ABDF2F00D4D6C4 /* GXControlLinearGauge.h */ = {isa = PBXFileReference; fileEncoding = 4; lastKnownFileType = sourcecode.c.h; path = GXControlLinearGauge.h; sourceTree = "<group>"; };
		BB7E095513ABDF2F00D4D6C4 /* GXControlLinearGauge.m */ = {isa = PBXFileReference; fileEncoding = 4; lastKnownFileType = sourcecode.c.objc; path = GXControlLinearGauge.m; sourceTree = "<group>"; };
		BB7E095813ABDFE200D4D6C4 /* GXLinearGaugeSpecification.h */ = {isa = PBXFileReference; fileEncoding = 4; lastKnownFileType = sourcecode.c.h; path = GXLinearGaugeSpecification.h; sourceTree = "<group>"; };
		BB7E095913ABDFE200D4D6C4 /* GXLinearGaugeSpecification.m */ = {isa = PBXFileReference; fileEncoding = 4; lastKnownFileType = sourcecode.c.objc; path = GXLinearGaugeSpecification.m; sourceTree = "<group>"; };
		BB7E095C13ABE20F00D4D6C4 /* GXLinearGaugeRangeSpec.h */ = {isa = PBXFileReference; fileEncoding = 4; lastKnownFileType = sourcecode.c.h; path = GXLinearGaugeRangeSpec.h; sourceTree = "<group>"; };
		BB7E095D13ABE20F00D4D6C4 /* GXLinearGaugeRangeSpec.m */ = {isa = PBXFileReference; fileEncoding = 4; lastKnownFileType = sourcecode.c.objc; path = GXLinearGaugeRangeSpec.m; sourceTree = "<group>"; };
		BBB9F1DF13ABF72000A24150 /* GXLinearGaugeView.h */ = {isa = PBXFileReference; fileEncoding = 4; lastKnownFileType = sourcecode.c.h; path = GXLinearGaugeView.h; sourceTree = "<group>"; };
		BBB9F1E013ABF72000A24150 /* GXLinearGaugeView.m */ = {isa = PBXFileReference; fileEncoding = 4; lastKnownFileType = sourcecode.c.objc; path = GXLinearGaugeView.m; sourceTree = "<group>"; };
/* End PBXFileReference section */

/* Begin PBXFrameworksBuildPhase section */
		BB7E02AC13ABD1B900D4D6C4 /* Frameworks */ = {
			isa = PBXFrameworksBuildPhase;
			buildActionMask = 2147483647;
			files = (
				BB7E02B313ABD1B900D4D6C4 /* Foundation.framework in Frameworks */,
				BB43DBBF13AFA588007A8D21 /* UIKit.framework in Frameworks */,
				BB43DBC013AFA593007A8D21 /* CoreGraphics.framework in Frameworks */,
				BB43DBC213AFA6EF007A8D21 /* GXFlexibleClient.framework in Frameworks */,
				AEACF0571AD8358500162E21 /* YAJLIOS.framework in Frameworks */,
			);
			runOnlyForDeploymentPostprocessing = 0;
		};
		BB7E02B813ABD1B900D4D6C4 /* Frameworks */ = {
			isa = PBXFrameworksBuildPhase;
			buildActionMask = 2147483647;
			files = (
				BB7E02BE13ABD1B900D4D6C4 /* UIKit.framework in Frameworks */,
				BB7E02BF13ABD1B900D4D6C4 /* Foundation.framework in Frameworks */,
				BB7E02C113ABD1B900D4D6C4 /* CoreGraphics.framework in Frameworks */,
				BB7E02C413ABD1B900D4D6C4 /* libGXUC_LinearGauge.a in Frameworks */,
			);
			runOnlyForDeploymentPostprocessing = 0;
		};
/* End PBXFrameworksBuildPhase section */

/* Begin PBXGroup section */
		BB7E02A413ABD1B900D4D6C4 = {
			isa = PBXGroup;
			children = (
				BB7E02B413ABD1B900D4D6C4 /* GXUC_LinearGauge */,
				BB7E02C513ABD1B900D4D6C4 /* GXUC_LinearGaugeTests */,
				BB7E02B113ABD1B900D4D6C4 /* Frameworks */,
				BB7E02B013ABD1B900D4D6C4 /* Products */,
			);
			sourceTree = "<group>";
		};
		BB7E02B013ABD1B900D4D6C4 /* Products */ = {
			isa = PBXGroup;
			children = (
				BB7E02AF13ABD1B900D4D6C4 /* libGXUC_LinearGauge.a */,
				BB7E02BC13ABD1B900D4D6C4 /* GXUC_LinearGaugeTests.octest */,
			);
			name = Products;
			sourceTree = "<group>";
		};
		BB7E02B113ABD1B900D4D6C4 /* Frameworks */ = {
			isa = PBXGroup;
			children = (
				BB43DBC113AFA6EF007A8D21 /* GXFlexibleClient.framework */,
				AEACF0561AD8358500162E21 /* YAJLIOS.framework */,
				BB7E02B213ABD1B900D4D6C4 /* Foundation.framework */,
				BB7E02BD13ABD1B900D4D6C4 /* UIKit.framework */,
				BB7E02C013ABD1B900D4D6C4 /* CoreGraphics.framework */,
			);
			name = Frameworks;
			sourceTree = "<group>";
		};
		BB7E02B413ABD1B900D4D6C4 /* GXUC_LinearGauge */ = {
			isa = PBXGroup;
			children = (
				BB7E095313ABDEC800D4D6C4 /* LinearGauge */,
				BB7E02B513ABD1B900D4D6C4 /* Supporting Files */,
			);
			path = GXUC_LinearGauge;
			sourceTree = "<group>";
		};
		BB7E02B513ABD1B900D4D6C4 /* Supporting Files */ = {
			isa = PBXGroup;
			children = (
				BB7E02B613ABD1B900D4D6C4 /* GXUC_LinearGauge-Prefix.pch */,
			);
			name = "Supporting Files";
			sourceTree = "<group>";
		};
		BB7E02C513ABD1B900D4D6C4 /* GXUC_LinearGaugeTests */ = {
			isa = PBXGroup;
			children = (
				BB7E02CC13ABD1B900D4D6C4 /* GXUC_LinearGaugeTests.h */,
				BB7E02CE13ABD1B900D4D6C4 /* GXUC_LinearGaugeTests.m */,
				BB7E02C613ABD1B900D4D6C4 /* Supporting Files */,
			);
			path = GXUC_LinearGaugeTests;
			sourceTree = "<group>";
		};
		BB7E02C613ABD1B900D4D6C4 /* Supporting Files */ = {
			isa = PBXGroup;
			children = (
				BB7E02C713ABD1B900D4D6C4 /* GXUC_LinearGaugeTests-Info.plist */,
				BB7E02C813ABD1B900D4D6C4 /* InfoPlist.strings */,
				BB7E02CB13ABD1B900D4D6C4 /* GXUC_LinearGaugeTests-Prefix.pch */,
			);
			name = "Supporting Files";
			sourceTree = "<group>";
		};
		BB7E095313ABDEC800D4D6C4 /* LinearGauge */ = {
			isa = PBXGroup;
			children = (
				BB7E095413ABDF2F00D4D6C4 /* GXControlLinearGauge.h */,
				BB7E095513ABDF2F00D4D6C4 /* GXControlLinearGauge.m */,
				BB7E095813ABDFE200D4D6C4 /* GXLinearGaugeSpecification.h */,
				BB7E095913ABDFE200D4D6C4 /* GXLinearGaugeSpecification.m */,
				BB7E095C13ABE20F00D4D6C4 /* GXLinearGaugeRangeSpec.h */,
				BB7E095D13ABE20F00D4D6C4 /* GXLinearGaugeRangeSpec.m */,
				BBB9F1DF13ABF72000A24150 /* GXLinearGaugeView.h */,
				BBB9F1E013ABF72000A24150 /* GXLinearGaugeView.m */,
				84774B6613C62E6000E930A2 /* GXLinearGaugeShapeView.h */,
				84774B6713C62E6000E930A2 /* GXLinearGaugeShapeView.m */,
				84C00E1A13CCD2E300CBE670 /* GXLinearGaugeGradientView.h */,
				84C00E1B13CCD2E300CBE670 /* GXLinearGaugeGradientView.m */,
			);
			name = LinearGauge;
			sourceTree = "<group>";
		};
/* End PBXGroup section */

/* Begin PBXHeadersBuildPhase section */
		BB7E02AD13ABD1B900D4D6C4 /* Headers */ = {
			isa = PBXHeadersBuildPhase;
			buildActionMask = 2147483647;
			files = (
				BB7E095613ABDF2F00D4D6C4 /* GXControlLinearGauge.h in Headers */,
				BB7E095A13ABDFE200D4D6C4 /* GXLinearGaugeSpecification.h in Headers */,
				BB7E095E13ABE20F00D4D6C4 /* GXLinearGaugeRangeSpec.h in Headers */,
				BBB9F1E113ABF72000A24150 /* GXLinearGaugeView.h in Headers */,
				84774B6813C62E6000E930A2 /* GXLinearGaugeShapeView.h in Headers */,
				84C00E1C13CCD2E300CBE670 /* GXLinearGaugeGradientView.h in Headers */,
			);
			runOnlyForDeploymentPostprocessing = 0;
		};
/* End PBXHeadersBuildPhase section */

/* Begin PBXNativeTarget section */
		BB7E02AE13ABD1B900D4D6C4 /* GXUC_LinearGauge */ = {
			isa = PBXNativeTarget;
			buildConfigurationList = BB7E02D213ABD1B900D4D6C4 /* Build configuration list for PBXNativeTarget "GXUC_LinearGauge" */;
			buildPhases = (
				BB7E02AB13ABD1B900D4D6C4 /* Sources */,
				BB7E02AC13ABD1B900D4D6C4 /* Frameworks */,
				BB7E02AD13ABD1B900D4D6C4 /* Headers */,
			);
			buildRules = (
			);
			dependencies = (
			);
			name = GXUC_LinearGauge;
			productName = GXUC_LinearGauge;
			productReference = BB7E02AF13ABD1B900D4D6C4 /* libGXUC_LinearGauge.a */;
			productType = "com.apple.product-type.library.static";
		};
		BB7E02BB13ABD1B900D4D6C4 /* GXUC_LinearGaugeTests */ = {
			isa = PBXNativeTarget;
			buildConfigurationList = BB7E02D513ABD1B900D4D6C4 /* Build configuration list for PBXNativeTarget "GXUC_LinearGaugeTests" */;
			buildPhases = (
				BB7E02B713ABD1B900D4D6C4 /* Sources */,
				BB7E02B813ABD1B900D4D6C4 /* Frameworks */,
				BB7E02B913ABD1B900D4D6C4 /* Resources */,
				BB7E02BA13ABD1B900D4D6C4 /* ShellScript */,
			);
			buildRules = (
			);
			dependencies = (
				BB7E02C313ABD1B900D4D6C4 /* PBXTargetDependency */,
			);
			name = GXUC_LinearGaugeTests;
			productName = GXUC_LinearGaugeTests;
			productReference = BB7E02BC13ABD1B900D4D6C4 /* GXUC_LinearGaugeTests.octest */;
			productType = "com.apple.product-type.bundle.ocunit-test";
		};
/* End PBXNativeTarget section */

/* Begin PBXProject section */
		BB7E02A613ABD1B900D4D6C4 /* Project object */ = {
			isa = PBXProject;
			attributes = {
				LastUpgradeCheck = 0730;
			};
			buildConfigurationList = BB7E02A913ABD1B900D4D6C4 /* Build configuration list for PBXProject "GXUC_LinearGauge" */;
			compatibilityVersion = "Xcode 3.2";
			developmentRegion = English;
			hasScannedForEncodings = 0;
			knownRegions = (
				en,
			);
			mainGroup = BB7E02A413ABD1B900D4D6C4;
			productRefGroup = BB7E02B013ABD1B900D4D6C4 /* Products */;
			projectDirPath = "";
			projectRoot = "";
			targets = (
				BB7E02AE13ABD1B900D4D6C4 /* GXUC_LinearGauge */,
				BB7E02BB13ABD1B900D4D6C4 /* GXUC_LinearGaugeTests */,
				84634AF113C20E3C00A361B7 /* Build Universal Library */,
			);
		};
/* End PBXProject section */

/* Begin PBXResourcesBuildPhase section */
		BB7E02B913ABD1B900D4D6C4 /* Resources */ = {
			isa = PBXResourcesBuildPhase;
			buildActionMask = 2147483647;
			files = (
				BB7E02CA13ABD1B900D4D6C4 /* InfoPlist.strings in Resources */,
				BB7E02CD13ABD1B900D4D6C4 /* GXUC_LinearGaugeTests.h in Resources */,
			);
			runOnlyForDeploymentPostprocessing = 0;
		};
/* End PBXResourcesBuildPhase section */

/* Begin PBXShellScriptBuildPhase section */
		84634AF613C20E6600A361B7 /* Build Universal Library */ = {
			isa = PBXShellScriptBuildPhase;
			buildActionMask = 2147483647;
			files = (
			);
			inputPaths = (
			);
			name = "Build Universal Library";
			outputPaths = (
			);
			runOnlyForDeploymentPostprocessing = 0;
			shellPath = /bin/bash;
			shellScript = ". \"${SRCROOT}/../../GXFlexibleClient/Scripts/build_universal_library.sh\"";
			showEnvVarsInLog = 0;
		};
		BB7E02BA13ABD1B900D4D6C4 /* ShellScript */ = {
			isa = PBXShellScriptBuildPhase;
			buildActionMask = 2147483647;
			files = (
			);
			inputPaths = (
			);
			outputPaths = (
			);
			runOnlyForDeploymentPostprocessing = 0;
			shellPath = /bin/sh;
			shellScript = "# Run the unit tests in this test bundle.\n\"${SYSTEM_DEVELOPER_DIR}/Tools/RunUnitTests\"\n";
		};
/* End PBXShellScriptBuildPhase section */

/* Begin PBXSourcesBuildPhase section */
		BB7E02AB13ABD1B900D4D6C4 /* Sources */ = {
			isa = PBXSourcesBuildPhase;
			buildActionMask = 2147483647;
			files = (
				BB7E095713ABDF2F00D4D6C4 /* GXControlLinearGauge.m in Sources */,
				BB7E095B13ABDFE200D4D6C4 /* GXLinearGaugeSpecification.m in Sources */,
				BB7E095F13ABE20F00D4D6C4 /* GXLinearGaugeRangeSpec.m in Sources */,
				BBB9F1E213ABF72000A24150 /* GXLinearGaugeView.m in Sources */,
				84774B6913C62E6000E930A2 /* GXLinearGaugeShapeView.m in Sources */,
				84C00E1D13CCD2E300CBE670 /* GXLinearGaugeGradientView.m in Sources */,
			);
			runOnlyForDeploymentPostprocessing = 0;
		};
		BB7E02B713ABD1B900D4D6C4 /* Sources */ = {
			isa = PBXSourcesBuildPhase;
			buildActionMask = 2147483647;
			files = (
				BB7E02CF13ABD1B900D4D6C4 /* GXUC_LinearGaugeTests.m in Sources */,
				84774B6A13C62E6000E930A2 /* GXLinearGaugeShapeView.m in Sources */,
				84C00E1E13CCD2E300CBE670 /* GXLinearGaugeGradientView.m in Sources */,
			);
			runOnlyForDeploymentPostprocessing = 0;
		};
/* End PBXSourcesBuildPhase section */

/* Begin PBXTargetDependency section */
		AED12C7E1AC3323700FF4E03 /* PBXTargetDependency */ = {
			isa = PBXTargetDependency;
			target = BB7E02AE13ABD1B900D4D6C4 /* GXUC_LinearGauge */;
			targetProxy = AED12C7D1AC3323700FF4E03 /* PBXContainerItemProxy */;
		};
		BB7E02C313ABD1B900D4D6C4 /* PBXTargetDependency */ = {
			isa = PBXTargetDependency;
			target = BB7E02AE13ABD1B900D4D6C4 /* GXUC_LinearGauge */;
			targetProxy = BB7E02C213ABD1B900D4D6C4 /* PBXContainerItemProxy */;
		};
/* End PBXTargetDependency section */

/* Begin PBXVariantGroup section */
		BB7E02C813ABD1B900D4D6C4 /* InfoPlist.strings */ = {
			isa = PBXVariantGroup;
			children = (
				BB7E02C913ABD1B900D4D6C4 /* en */,
			);
			name = InfoPlist.strings;
			sourceTree = "<group>";
		};
/* End PBXVariantGroup section */

/* Begin XCBuildConfiguration section */
		84634AF313C20E3C00A361B7 /* Debug */ = {
			isa = XCBuildConfiguration;
			buildSettings = {
				EXECUTABLE_EXTENSION = a;
				EXECUTABLE_PREFIX = lib;
				PRODUCT_NAME = GXUC_LinearGauge;
				UNIVERSAL_LIBRARY_CONFIGURATION_BUILD_DIR = "$(SRCROOT)/build/$(CONFIGURATION)-iphoneuniversal";
			};
			name = Debug;
		};
		84634AF413C20E3C00A361B7 /* Release */ = {
			isa = XCBuildConfiguration;
			buildSettings = {
				EXECUTABLE_EXTENSION = a;
				EXECUTABLE_PREFIX = lib;
				PRODUCT_NAME = GXUC_LinearGauge;
				UNIVERSAL_LIBRARY_CONFIGURATION_BUILD_DIR = "$(SRCROOT)/build/$(CONFIGURATION)-iphoneuniversal";
			};
			name = Release;
		};
		AE1411D813C5316D00A26842 /* Distribution */ = {
			isa = XCBuildConfiguration;
			buildSettings = {
				CLANG_ENABLE_MODULES = YES;
				CLANG_ENABLE_OBJC_ARC = YES;
				CLANG_WARN_BOOL_CONVERSION = YES;
				CLANG_WARN_CONSTANT_CONVERSION = YES;
				CLANG_WARN_EMPTY_BODY = YES;
				CLANG_WARN_ENUM_CONVERSION = YES;
				CLANG_WARN_INT_CONVERSION = YES;
				CLANG_WARN_UNREACHABLE_CODE = YES;
				CLANG_WARN__DUPLICATE_METHOD_MATCH = YES;
				"CODE_SIGN_IDENTITY[sdk=iphoneos*]" = "iPhone Distribution";
				ENABLE_STRICT_OBJC_MSGSEND = YES;
				GCC_C_LANGUAGE_STANDARD = gnu99;
				GCC_NO_COMMON_BLOCKS = YES;
				GCC_VERSION = com.apple.compilers.llvm.clang.1_0;
				GCC_WARN_64_TO_32_BIT_CONVERSION = YES;
				GCC_WARN_ABOUT_MISSING_PROTOTYPES = YES;
				GCC_WARN_ABOUT_RETURN_TYPE = YES;
				GCC_WARN_UNDECLARED_SELECTOR = YES;
				GCC_WARN_UNINITIALIZED_AUTOS = YES;
				GCC_WARN_UNUSED_FUNCTION = YES;
				GCC_WARN_UNUSED_VARIABLE = YES;
				IPHONEOS_DEPLOYMENT_TARGET = 8.0;
				SDKROOT = iphoneos;
				TARGETED_DEVICE_FAMILY = "1,2";
			};
			name = Distribution;
		};
		AE1411D913C5316D00A26842 /* Distribution */ = {
			isa = XCBuildConfiguration;
			buildSettings = {
				ALWAYS_SEARCH_USER_PATHS = NO;
				DSTROOT = /tmp/GXUC_LinearGauge.dst;
				FRAMEWORK_SEARCH_PATHS = (
					"\"$(SRCROOT)/../../GXFlexibleClient/build/$(CONFIGURATION)-iphoneuniversal\"",
					"\"$(SRCROOT)/../../Freezer/YAJL/build/$(CONFIGURATION)-iphoneuniversal\"",
				);
				GCC_PRECOMPILE_PREFIX_HEADER = YES;
				GCC_PREFIX_HEADER = "GXUC_LinearGauge/GXUC_LinearGauge-Prefix.pch";
				OTHER_LDFLAGS = "-ObjC";
				PRODUCT_NAME = "$(TARGET_NAME)";
				SKIP_INSTALL = YES;
			};
			name = Distribution;
		};
		AE1411DA13C5316D00A26842 /* Distribution */ = {
			isa = XCBuildConfiguration;
			buildSettings = {
				ALWAYS_SEARCH_USER_PATHS = NO;
				FRAMEWORK_SEARCH_PATHS = (
					"$(SDKROOT)/Developer/Library/Frameworks",
					"$(DEVELOPER_LIBRARY_DIR)/Frameworks",
				);
				GCC_PRECOMPILE_PREFIX_HEADER = YES;
				GCC_PREFIX_HEADER = "GXUC_LinearGaugeTests/GXUC_LinearGaugeTests-Prefix.pch";
				INFOPLIST_FILE = "GXUC_LinearGaugeTests/GXUC_LinearGaugeTests-Info.plist";
				OTHER_LDFLAGS = (
					"-framework",
					SenTestingKit,
				);
				PRODUCT_BUNDLE_IDENTIFIER = "___VARIABLE_bundleIdentifierPrefix:bundleIdentifier___.${PRODUCT_NAME:rfc1034identifier}";
				PRODUCT_NAME = "$(TARGET_NAME)";
				WRAPPER_EXTENSION = octest;
			};
			name = Distribution;
		};
		AE1411DB13C5316D00A26842 /* Distribution */ = {
			isa = XCBuildConfiguration;
			buildSettings = {
				EXECUTABLE_EXTENSION = a;
				EXECUTABLE_PREFIX = lib;
				PRODUCT_NAME = GXUC_LinearGauge;
				UNIVERSAL_LIBRARY_CONFIGURATION_BUILD_DIR = "$(SRCROOT)/build/$(CONFIGURATION)-iphoneuniversal";
			};
			name = Distribution;
		};
		BB7E02D013ABD1B900D4D6C4 /* Debug */ = {
			isa = XCBuildConfiguration;
			buildSettings = {
				CLANG_ENABLE_MODULES = YES;
				CLANG_ENABLE_OBJC_ARC = YES;
				CLANG_WARN_BOOL_CONVERSION = YES;
				CLANG_WARN_CONSTANT_CONVERSION = YES;
				CLANG_WARN_EMPTY_BODY = YES;
				CLANG_WARN_ENUM_CONVERSION = YES;
				CLANG_WARN_INT_CONVERSION = YES;
				CLANG_WARN_UNREACHABLE_CODE = YES;
				CLANG_WARN__DUPLICATE_METHOD_MATCH = YES;
				"CODE_SIGN_IDENTITY[sdk=iphoneos*]" = "iPhone Developer";
				ENABLE_STRICT_OBJC_MSGSEND = YES;
				ENABLE_TESTABILITY = YES;
				GCC_C_LANGUAGE_STANDARD = gnu99;
				GCC_NO_COMMON_BLOCKS = YES;
				GCC_OPTIMIZATION_LEVEL = 0;
				GCC_PREPROCESSOR_DEFINITIONS = (
					DEBUG,
					"__WARN_UNSAFE_NEW_API_CALLS=1",
				);
				GCC_SYMBOLS_PRIVATE_EXTERN = NO;
				GCC_VERSION = com.apple.compilers.llvm.clang.1_0;
				GCC_WARN_64_TO_32_BIT_CONVERSION = YES;
				GCC_WARN_ABOUT_MISSING_PROTOTYPES = YES;
				GCC_WARN_ABOUT_RETURN_TYPE = YES;
				GCC_WARN_UNDECLARED_SELECTOR = YES;
				GCC_WARN_UNINITIALIZED_AUTOS = YES;
				GCC_WARN_UNUSED_FUNCTION = YES;
				GCC_WARN_UNUSED_VARIABLE = YES;
				IPHONEOS_DEPLOYMENT_TARGET = 8.0;
				SDKROOT = iphoneos;
				TARGETED_DEVICE_FAMILY = "1,2";
			};
			name = Debug;
		};
		BB7E02D113ABD1B900D4D6C4 /* Release */ = {
			isa = XCBuildConfiguration;
			buildSettings = {
				CLANG_ENABLE_MODULES = YES;
				CLANG_ENABLE_OBJC_ARC = YES;
				CLANG_WARN_BOOL_CONVERSION = YES;
				CLANG_WARN_CONSTANT_CONVERSION = YES;
				CLANG_WARN_EMPTY_BODY = YES;
				CLANG_WARN_ENUM_CONVERSION = YES;
				CLANG_WARN_INT_CONVERSION = YES;
				CLANG_WARN_UNREACHABLE_CODE = YES;
				CLANG_WARN__DUPLICATE_METHOD_MATCH = YES;
				"CODE_SIGN_IDENTITY[sdk=iphoneos*]" = "iPhone Developer";
				ENABLE_STRICT_OBJC_MSGSEND = YES;
				GCC_C_LANGUAGE_STANDARD = gnu99;
				GCC_NO_COMMON_BLOCKS = YES;
				GCC_VERSION = com.apple.compilers.llvm.clang.1_0;
				GCC_WARN_64_TO_32_BIT_CONVERSION = YES;
				GCC_WARN_ABOUT_MISSING_PROTOTYPES = YES;
				GCC_WARN_ABOUT_RETURN_TYPE = YES;
				GCC_WARN_UNDECLARED_SELECTOR = YES;
				GCC_WARN_UNINITIALIZED_AUTOS = YES;
				GCC_WARN_UNUSED_FUNCTION = YES;
				GCC_WARN_UNUSED_VARIABLE = YES;
				IPHONEOS_DEPLOYMENT_TARGET = 8.0;
				SDKROOT = iphoneos;
				TARGETED_DEVICE_FAMILY = "1,2";
			};
			name = Release;
		};
		BB7E02D313ABD1B900D4D6C4 /* Debug */ = {
			isa = XCBuildConfiguration;
			buildSettings = {
				ALWAYS_SEARCH_USER_PATHS = NO;
				DSTROOT = /tmp/GXUC_LinearGauge.dst;
				FRAMEWORK_SEARCH_PATHS = (
					"\"$(SRCROOT)/../../GXFlexibleClient/build/$(CONFIGURATION)-iphoneuniversal\"",
					"\"$(SRCROOT)/../../Freezer/YAJL/build/$(CONFIGURATION)-iphoneuniversal\"",
				);
				GCC_PRECOMPILE_PREFIX_HEADER = YES;
				GCC_PREFIX_HEADER = "GXUC_LinearGauge/GXUC_LinearGauge-Prefix.pch";
				OTHER_LDFLAGS = "-ObjC";
				PRODUCT_NAME = "$(TARGET_NAME)";
				SKIP_INSTALL = YES;
			};
			name = Debug;
		};
		BB7E02D413ABD1B900D4D6C4 /* Release */ = {
			isa = XCBuildConfiguration;
			buildSettings = {
				ALWAYS_SEARCH_USER_PATHS = NO;
				DSTROOT = /tmp/GXUC_LinearGauge.dst;
				FRAMEWORK_SEARCH_PATHS = (
					"\"$(SRCROOT)/../../GXFlexibleClient/build/$(CONFIGURATION)-iphoneuniversal\"",
					"\"$(SRCROOT)/../../Freezer/YAJL/build/$(CONFIGURATION)-iphoneuniversal\"",
				);
				GCC_PRECOMPILE_PREFIX_HEADER = YES;
				GCC_PREFIX_HEADER = "GXUC_LinearGauge/GXUC_LinearGauge-Prefix.pch";
				OTHER_LDFLAGS = "-ObjC";
				PRODUCT_NAME = "$(TARGET_NAME)";
				SKIP_INSTALL = YES;
			};
			name = Release;
		};
		BB7E02D613ABD1B900D4D6C4 /* Debug */ = {
			isa = XCBuildConfiguration;
			buildSettings = {
				ALWAYS_SEARCH_USER_PATHS = NO;
				FRAMEWORK_SEARCH_PATHS = (
					"$(SDKROOT)/Developer/Library/Frameworks",
					"$(DEVELOPER_LIBRARY_DIR)/Frameworks",
				);
				GCC_PRECOMPILE_PREFIX_HEADER = YES;
				GCC_PREFIX_HEADER = "GXUC_LinearGaugeTests/GXUC_LinearGaugeTests-Prefix.pch";
				INFOPLIST_FILE = "GXUC_LinearGaugeTests/GXUC_LinearGaugeTests-Info.plist";
				OTHER_LDFLAGS = (
					"-framework",
					SenTestingKit,
				);
				PRODUCT_BUNDLE_IDENTIFIER = "___VARIABLE_bundleIdentifierPrefix:bundleIdentifier___.${PRODUCT_NAME:rfc1034identifier}";
				PRODUCT_NAME = "$(TARGET_NAME)";
				WRAPPER_EXTENSION = octest;
			};
			name = Debug;
		};
		BB7E02D713ABD1B900D4D6C4 /* Release */ = {
			isa = XCBuildConfiguration;
			buildSettings = {
				ALWAYS_SEARCH_USER_PATHS = NO;
				FRAMEWORK_SEARCH_PATHS = (
					"$(SDKROOT)/Developer/Library/Frameworks",
					"$(DEVELOPER_LIBRARY_DIR)/Frameworks",
				);
				GCC_PRECOMPILE_PREFIX_HEADER = YES;
				GCC_PREFIX_HEADER = "GXUC_LinearGaugeTests/GXUC_LinearGaugeTests-Prefix.pch";
				INFOPLIST_FILE = "GXUC_LinearGaugeTests/GXUC_LinearGaugeTests-Info.plist";
				OTHER_LDFLAGS = (
					"-framework",
					SenTestingKit,
				);
				PRODUCT_BUNDLE_IDENTIFIER = "___VARIABLE_bundleIdentifierPrefix:bundleIdentifier___.${PRODUCT_NAME:rfc1034identifier}";
				PRODUCT_NAME = "$(TARGET_NAME)";
				WRAPPER_EXTENSION = octest;
			};
			name = Release;
		};
/* End XCBuildConfiguration section */

/* Begin XCConfigurationList section */
		84634AF213C20E3C00A361B7 /* Build configuration list for PBXAggregateTarget "Build Universal Library" */ = {
			isa = XCConfigurationList;
			buildConfigurations = (
				84634AF313C20E3C00A361B7 /* Debug */,
				84634AF413C20E3C00A361B7 /* Release */,
				AE1411DB13C5316D00A26842 /* Distribution */,
			);
			defaultConfigurationIsVisible = 0;
			defaultConfigurationName = Release;
		};
		BB7E02A913ABD1B900D4D6C4 /* Build configuration list for PBXProject "GXUC_LinearGauge" */ = {
			isa = XCConfigurationList;
			buildConfigurations = (
				BB7E02D013ABD1B900D4D6C4 /* Debug */,
				BB7E02D113ABD1B900D4D6C4 /* Release */,
				AE1411D813C5316D00A26842 /* Distribution */,
			);
			defaultConfigurationIsVisible = 0;
			defaultConfigurationName = Release;
		};
		BB7E02D213ABD1B900D4D6C4 /* Build configuration list for PBXNativeTarget "GXUC_LinearGauge" */ = {
			isa = XCConfigurationList;
			buildConfigurations = (
				BB7E02D313ABD1B900D4D6C4 /* Debug */,
				BB7E02D413ABD1B900D4D6C4 /* Release */,
				AE1411D913C5316D00A26842 /* Distribution */,
			);
			defaultConfigurationIsVisible = 0;
			defaultConfigurationName = Release;
		};
		BB7E02D513ABD1B900D4D6C4 /* Build configuration list for PBXNativeTarget "GXUC_LinearGaugeTests" */ = {
			isa = XCConfigurationList;
			buildConfigurations = (
				BB7E02D613ABD1B900D4D6C4 /* Debug */,
				BB7E02D713ABD1B900D4D6C4 /* Release */,
				AE1411DA13C5316D00A26842 /* Distribution */,
			);
			defaultConfigurationIsVisible = 0;
			defaultConfigurationName = Release;
		};
/* End XCConfigurationList section */
	};
	rootObject = BB7E02A613ABD1B900D4D6C4 /* Project object */;
}
