// !$*UTF8*$!
{
	archiveVersion = 1;
	classes = {
	};
	objectVersion = 46;
	objects = {

/* Begin PBXBuildFile section */
		57208F6E204490A400A861B3 /* GXLinearGaugeInnerViewCircular.m in Sources */ = {isa = PBXBuildFile; fileRef = 57208F6C204490A300A861B3 /* GXLinearGaugeInnerViewCircular.m */; };
		57208F6F204490A400A861B3 /* GXLinearGaugeInnerViewCircular.h in Headers */ = {isa = PBXBuildFile; fileRef = 57208F6D204490A400A861B3 /* GXLinearGaugeInnerViewCircular.h */; };
		57208F70204490FB00A861B3 /* GXLinearGaugeInnerViewCircular.h in Headers */ = {isa = PBXBuildFile; fileRef = 57208F6D204490A400A861B3 /* GXLinearGaugeInnerViewCircular.h */; };
		57208F71204490FB00A861B3 /* GXLinearGaugeInnerViewCircular.m in Sources */ = {isa = PBXBuildFile; fileRef = 57208F6C204490A300A861B3 /* GXLinearGaugeInnerViewCircular.m */; };
		AE45A3AE20E663B0003BF6E8 /* GXLinearGaugeInnerViewBase.h in Headers */ = {isa = PBXBuildFile; fileRef = AE45A3AC20E663B0003BF6E8 /* GXLinearGaugeInnerViewBase.h */; };
		AE45A3AF20E663B0003BF6E8 /* GXLinearGaugeInnerViewBase.h in Headers */ = {isa = PBXBuildFile; fileRef = AE45A3AC20E663B0003BF6E8 /* GXLinearGaugeInnerViewBase.h */; };
		AE45A3B020E663B0003BF6E8 /* GXLinearGaugeInnerViewBase.m in Sources */ = {isa = PBXBuildFile; fileRef = AE45A3AD20E663B0003BF6E8 /* GXLinearGaugeInnerViewBase.m */; };
		AE45A3B120E663B0003BF6E8 /* GXLinearGaugeInnerViewBase.m in Sources */ = {isa = PBXBuildFile; fileRef = AE45A3AD20E663B0003BF6E8 /* GXLinearGaugeInnerViewBase.m */; };
		AE7B02BE20E6673C0073CE54 /* GXLinearGaugeInnerViewDefault.h in Headers */ = {isa = PBXBuildFile; fileRef = AE7B02BC20E6673C0073CE54 /* GXLinearGaugeInnerViewDefault.h */; };
		AE7B02BF20E6673C0073CE54 /* GXLinearGaugeInnerViewDefault.h in Headers */ = {isa = PBXBuildFile; fileRef = AE7B02BC20E6673C0073CE54 /* GXLinearGaugeInnerViewDefault.h */; };
		AE7B02C020E6673C0073CE54 /* GXLinearGaugeInnerViewDefault.m in Sources */ = {isa = PBXBuildFile; fileRef = AE7B02BD20E6673C0073CE54 /* GXLinearGaugeInnerViewDefault.m */; };
		AE7B02C120E6673C0073CE54 /* GXLinearGaugeInnerViewDefault.m in Sources */ = {isa = PBXBuildFile; fileRef = AE7B02BD20E6673C0073CE54 /* GXLinearGaugeInnerViewDefault.m */; };
		AE8B46211CFDD72C0053E946 /* GXUCLinearGauge.h in Headers */ = {isa = PBXBuildFile; fileRef = AE8B46201CFDD72C0053E946 /* GXUCLinearGauge.h */; settings = {ATTRIBUTES = (Public, ); }; };
		AE8B46221CFDD72C0053E946 /* GXUCLinearGauge.h in Headers */ = {isa = PBXBuildFile; fileRef = AE8B46201CFDD72C0053E946 /* GXUCLinearGauge.h */; settings = {ATTRIBUTES = (Public, ); }; };
		AE8B46231CFDD72C0053E946 /* GXUCLinearGauge.h in Headers */ = {isa = PBXBuildFile; fileRef = AE8B46201CFDD72C0053E946 /* GXUCLinearGauge.h */; settings = {ATTRIBUTES = (Public, ); }; };
		AE8B46431CFDD8140053E946 /* GXCoreUI.framework in Frameworks */ = {isa = PBXBuildFile; fileRef = AE8B463C1CFDD7620053E946 /* GXCoreUI.framework */; };
		AE8B46521CFDD8360053E946 /* GXCoreUI.framework in Frameworks */ = {isa = PBXBuildFile; fileRef = AE8B463E1CFDD7620053E946 /* GXCoreUI.framework */; };
		AE8B46611CFDD8540053E946 /* GXCoreUI.framework in Frameworks */ = {isa = PBXBuildFile; fileRef = AE8B46401CFDD7620053E946 /* GXCoreUI.framework */; };
		AE8B467A1CFDD8A50053E946 /* GXControlLinearGauge.h in Headers */ = {isa = PBXBuildFile; fileRef = AE8B466E1CFDD8A50053E946 /* GXControlLinearGauge.h */; };
		AE8B467B1CFDD8A50053E946 /* GXControlLinearGauge.m in Sources */ = {isa = PBXBuildFile; fileRef = AE8B466F1CFDD8A50053E946 /* GXControlLinearGauge.m */; };
		AE8B467C1CFDD8A50053E946 /* GXLinearGaugeGradientView.h in Headers */ = {isa = PBXBuildFile; fileRef = AE8B46701CFDD8A50053E946 /* GXLinearGaugeGradientView.h */; };
		AE8B467D1CFDD8A50053E946 /* GXLinearGaugeGradientView.m in Sources */ = {isa = PBXBuildFile; fileRef = AE8B46711CFDD8A50053E946 /* GXLinearGaugeGradientView.m */; };
		AE8B467E1CFDD8A50053E946 /* GXLinearGaugeRangeSpec.h in Headers */ = {isa = PBXBuildFile; fileRef = AE8B46721CFDD8A50053E946 /* GXLinearGaugeRangeSpec.h */; };
		AE8B467F1CFDD8A50053E946 /* GXLinearGaugeRangeSpec.m in Sources */ = {isa = PBXBuildFile; fileRef = AE8B46731CFDD8A50053E946 /* GXLinearGaugeRangeSpec.m */; };
		AE8B46801CFDD8A50053E946 /* GXLinearGaugeShapeView.h in Headers */ = {isa = PBXBuildFile; fileRef = AE8B46741CFDD8A50053E946 /* GXLinearGaugeShapeView.h */; };
		AE8B46811CFDD8A50053E946 /* GXLinearGaugeShapeView.m in Sources */ = {isa = PBXBuildFile; fileRef = AE8B46751CFDD8A50053E946 /* GXLinearGaugeShapeView.m */; };
		AE8B46821CFDD8A50053E946 /* GXLinearGaugeSpecification.h in Headers */ = {isa = PBXBuildFile; fileRef = AE8B46761CFDD8A50053E946 /* GXLinearGaugeSpecification.h */; };
		AE8B46831CFDD8A50053E946 /* GXLinearGaugeSpecification.m in Sources */ = {isa = PBXBuildFile; fileRef = AE8B46771CFDD8A50053E946 /* GXLinearGaugeSpecification.m */; };
		AE8B46841CFDD8A50053E946 /* GXLinearGaugeView.h in Headers */ = {isa = PBXBuildFile; fileRef = AE8B46781CFDD8A50053E946 /* GXLinearGaugeView.h */; };
		AE8B46851CFDD8A50053E946 /* GXLinearGaugeView.m in Sources */ = {isa = PBXBuildFile; fileRef = AE8B46791CFDD8A50053E946 /* GXLinearGaugeView.m */; };
		AE8B46861CFDD8AF0053E946 /* GXControlLinearGauge.h in Headers */ = {isa = PBXBuildFile; fileRef = AE8B466E1CFDD8A50053E946 /* GXControlLinearGauge.h */; };
		AE8B46871CFDD8AF0053E946 /* GXControlLinearGauge.m in Sources */ = {isa = PBXBuildFile; fileRef = AE8B466F1CFDD8A50053E946 /* GXControlLinearGauge.m */; };
		AE8B46881CFDD8AF0053E946 /* GXLinearGaugeGradientView.h in Headers */ = {isa = PBXBuildFile; fileRef = AE8B46701CFDD8A50053E946 /* GXLinearGaugeGradientView.h */; };
		AE8B46891CFDD8AF0053E946 /* GXLinearGaugeGradientView.m in Sources */ = {isa = PBXBuildFile; fileRef = AE8B46711CFDD8A50053E946 /* GXLinearGaugeGradientView.m */; };
		AE8B468A1CFDD8AF0053E946 /* GXLinearGaugeRangeSpec.h in Headers */ = {isa = PBXBuildFile; fileRef = AE8B46721CFDD8A50053E946 /* GXLinearGaugeRangeSpec.h */; };
		AE8B468B1CFDD8AF0053E946 /* GXLinearGaugeRangeSpec.m in Sources */ = {isa = PBXBuildFile; fileRef = AE8B46731CFDD8A50053E946 /* GXLinearGaugeRangeSpec.m */; };
		AE8B468C1CFDD8AF0053E946 /* GXLinearGaugeShapeView.h in Headers */ = {isa = PBXBuildFile; fileRef = AE8B46741CFDD8A50053E946 /* GXLinearGaugeShapeView.h */; };
		AE8B468D1CFDD8AF0053E946 /* GXLinearGaugeShapeView.m in Sources */ = {isa = PBXBuildFile; fileRef = AE8B46751CFDD8A50053E946 /* GXLinearGaugeShapeView.m */; };
		AE8B468E1CFDD8AF0053E946 /* GXLinearGaugeSpecification.h in Headers */ = {isa = PBXBuildFile; fileRef = AE8B46761CFDD8A50053E946 /* GXLinearGaugeSpecification.h */; };
		AE8B468F1CFDD8AF0053E946 /* GXLinearGaugeSpecification.m in Sources */ = {isa = PBXBuildFile; fileRef = AE8B46771CFDD8A50053E946 /* GXLinearGaugeSpecification.m */; };
		AE8B46901CFDD8AF0053E946 /* GXLinearGaugeView.h in Headers */ = {isa = PBXBuildFile; fileRef = AE8B46781CFDD8A50053E946 /* GXLinearGaugeView.h */; };
		AE8B46911CFDD8AF0053E946 /* GXLinearGaugeView.m in Sources */ = {isa = PBXBuildFile; fileRef = AE8B46791CFDD8A50053E946 /* GXLinearGaugeView.m */; };
		AE983BA21D357F120014DD5C /* GXCoreBL.framework in Frameworks */ = {isa = PBXBuildFile; fileRef = AE983B9C1D357F120014DD5C /* GXCoreBL.framework */; };
		AE983BA31D357F120014DD5C /* GXCoreBL.framework in Frameworks */ = {isa = PBXBuildFile; fileRef = AE983B9C1D357F120014DD5C /* GXCoreBL.framework */; };
		AE983BA41D357F120014DD5C /* GXCoreBL.framework in Frameworks */ = {isa = PBXBuildFile; fileRef = AE983B9C1D357F120014DD5C /* GXCoreBL.framework */; };
		AE983BA51D357F120014DD5C /* GXDataLayer.framework in Frameworks */ = {isa = PBXBuildFile; fileRef = AE983B9D1D357F120014DD5C /* GXDataLayer.framework */; };
		AE983BA61D357F120014DD5C /* GXDataLayer.framework in Frameworks */ = {isa = PBXBuildFile; fileRef = AE983B9D1D357F120014DD5C /* GXDataLayer.framework */; };
		AE983BA71D357F120014DD5C /* GXDataLayer.framework in Frameworks */ = {isa = PBXBuildFile; fileRef = AE983B9D1D357F120014DD5C /* GXDataLayer.framework */; };
		AE983BA81D357F120014DD5C /* GXFoundation.framework in Frameworks */ = {isa = PBXBuildFile; fileRef = AE983B9E1D357F120014DD5C /* GXFoundation.framework */; };
		AE983BA91D357F120014DD5C /* GXFoundation.framework in Frameworks */ = {isa = PBXBuildFile; fileRef = AE983B9E1D357F120014DD5C /* GXFoundation.framework */; };
		AE983BAA1D357F120014DD5C /* GXFoundation.framework in Frameworks */ = {isa = PBXBuildFile; fileRef = AE983B9E1D357F120014DD5C /* GXFoundation.framework */; };
		AE983BAB1D357F120014DD5C /* GXObjectsModel.framework in Frameworks */ = {isa = PBXBuildFile; fileRef = AE983B9F1D357F120014DD5C /* GXObjectsModel.framework */; };
		AE983BAC1D357F120014DD5C /* GXObjectsModel.framework in Frameworks */ = {isa = PBXBuildFile; fileRef = AE983B9F1D357F120014DD5C /* GXObjectsModel.framework */; };
		AE983BAD1D357F120014DD5C /* GXObjectsModel.framework in Frameworks */ = {isa = PBXBuildFile; fileRef = AE983B9F1D357F120014DD5C /* GXObjectsModel.framework */; };
		AE983BAE1D357F120014DD5C /* GXStandardClasses.framework in Frameworks */ = {isa = PBXBuildFile; fileRef = AE983BA01D357F120014DD5C /* GXStandardClasses.framework */; };
		AE983BAF1D357F120014DD5C /* GXStandardClasses.framework in Frameworks */ = {isa = PBXBuildFile; fileRef = AE983BA01D357F120014DD5C /* GXStandardClasses.framework */; };
		AE983BB01D357F120014DD5C /* GXStandardClasses.framework in Frameworks */ = {isa = PBXBuildFile; fileRef = AE983BA01D357F120014DD5C /* GXStandardClasses.framework */; };
		AE983BB11D357F120014DD5C /* YAJL.framework in Frameworks */ = {isa = PBXBuildFile; fileRef = AE983BA11D357F120014DD5C /* YAJL.framework */; };
		AE983BB21D357F120014DD5C /* YAJL.framework in Frameworks */ = {isa = PBXBuildFile; fileRef = AE983BA11D357F120014DD5C /* YAJL.framework */; };
		AE983BB31D357F120014DD5C /* YAJL.framework in Frameworks */ = {isa = PBXBuildFile; fileRef = AE983BA11D357F120014DD5C /* YAJL.framework */; };
/* End PBXBuildFile section */

/* Begin PBXContainerItemProxy section */
		AE8B463B1CFDD7620053E946 /* PBXContainerItemProxy */ = {
			isa = PBXContainerItemProxy;
			containerPortal = AE8B46351CFDD7620053E946 /* GXCoreUI.xcodeproj */;
			proxyType = 2;
			remoteGlobalIDString = AE93276A1C6B9E9B00B090E4;
			remoteInfo = "GXCoreUI-iOS";
		};
		AE8B463D1CFDD7620053E946 /* PBXContainerItemProxy */ = {
			isa = PBXContainerItemProxy;
			containerPortal = AE8B46351CFDD7620053E946 /* GXCoreUI.xcodeproj */;
			proxyType = 2;
			remoteGlobalIDString = AE9327711C6B9E9B00B090E4;
			remoteInfo = "GXCoreUI-watchOS";
		};
		AE8B463F1CFDD7620053E946 /* PBXContainerItemProxy */ = {
			isa = PBXContainerItemProxy;
			containerPortal = AE8B46351CFDD7620053E946 /* GXCoreUI.xcodeproj */;
			proxyType = 2;
			remoteGlobalIDString = AE9327771C6B9E9B00B090E4;
			remoteInfo = "GXCoreUI-tvOS";
		};
		AE8B46411CFDD7680053E946 /* PBXContainerItemProxy */ = {
			isa = PBXContainerItemProxy;
			containerPortal = AE8B46351CFDD7620053E946 /* GXCoreUI.xcodeproj */;
			proxyType = 1;
			remoteGlobalIDString = AE9327691C6B9E9B00B090E4;
			remoteInfo = "GXCoreUI-iOS";
		};
		AE8B46501CFDD81F0053E946 /* PBXContainerItemProxy */ = {
			isa = PBXContainerItemProxy;
			containerPortal = AE8B46351CFDD7620053E946 /* GXCoreUI.xcodeproj */;
			proxyType = 1;
			remoteGlobalIDString = AE9327701C6B9E9B00B090E4;
			remoteInfo = "GXCoreUI-watchOS";
		};
		AE8B465F1CFDD8410053E946 /* PBXContainerItemProxy */ = {
			isa = PBXContainerItemProxy;
			containerPortal = AE8B46351CFDD7620053E946 /* GXCoreUI.xcodeproj */;
			proxyType = 1;
			remoteGlobalIDString = AE9327761C6B9E9B00B090E4;
			remoteInfo = "GXCoreUI-tvOS";
		};
/* End PBXContainerItemProxy section */

/* Begin PBXFileReference section */
		57208F6C204490A300A861B3 /* GXLinearGaugeInnerViewCircular.m */ = {isa = PBXFileReference; fileEncoding = 4; lastKnownFileType = sourcecode.c.objc; name = GXLinearGaugeInnerViewCircular.m; path = ../../GXUC_LinearGauge/GXUC_LinearGauge/GXLinearGaugeInnerViewCircular.m; sourceTree = "<group>"; };
		57208F6D204490A400A861B3 /* GXLinearGaugeInnerViewCircular.h */ = {isa = PBXFileReference; fileEncoding = 4; lastKnownFileType = sourcecode.c.h; name = GXLinearGaugeInnerViewCircular.h; path = ../../GXUC_LinearGauge/GXUC_LinearGauge/GXLinearGaugeInnerViewCircular.h; sourceTree = "<group>"; };
		AE45A3AC20E663B0003BF6E8 /* GXLinearGaugeInnerViewBase.h */ = {isa = PBXFileReference; lastKnownFileType = sourcecode.c.h; path = GXLinearGaugeInnerViewBase.h; sourceTree = "<group>"; };
		AE45A3AD20E663B0003BF6E8 /* GXLinearGaugeInnerViewBase.m */ = {isa = PBXFileReference; lastKnownFileType = sourcecode.c.objc; path = GXLinearGaugeInnerViewBase.m; sourceTree = "<group>"; };
		AE7B02BC20E6673C0073CE54 /* GXLinearGaugeInnerViewDefault.h */ = {isa = PBXFileReference; lastKnownFileType = sourcecode.c.h; path = GXLinearGaugeInnerViewDefault.h; sourceTree = "<group>"; };
		AE7B02BD20E6673C0073CE54 /* GXLinearGaugeInnerViewDefault.m */ = {isa = PBXFileReference; lastKnownFileType = sourcecode.c.objc; path = GXLinearGaugeInnerViewDefault.m; sourceTree = "<group>"; };
		AE8B45EC1CFDD72C0053E946 /* GXUCLinearGauge.framework */ = {isa = PBXFileReference; explicitFileType = wrapper.framework; includeInIndex = 0; path = GXUCLinearGauge.framework; sourceTree = BUILT_PRODUCTS_DIR; };
		AE8B46031CFDD72C0053E946 /* GXUCLinearGauge.framework */ = {isa = PBXFileReference; explicitFileType = wrapper.framework; includeInIndex = 0; path = GXUCLinearGauge.framework; sourceTree = BUILT_PRODUCTS_DIR; };
		AE8B46111CFDD72C0053E946 /* GXUCLinearGauge.framework */ = {isa = PBXFileReference; explicitFileType = wrapper.framework; includeInIndex = 0; path = GXUCLinearGauge.framework; sourceTree = BUILT_PRODUCTS_DIR; };
		AE8B461D1CFDD72C0053E946 /* Info.plist */ = {isa = PBXFileReference; lastKnownFileType = text.plist.xml; path = Info.plist; sourceTree = "<group>"; };
		AE8B461E1CFDD72C0053E946 /* Info.plist */ = {isa = PBXFileReference; lastKnownFileType = text.plist.xml; path = Info.plist; sourceTree = "<group>"; };
		AE8B461F1CFDD72C0053E946 /* Info.plist */ = {isa = PBXFileReference; lastKnownFileType = text.plist.xml; path = Info.plist; sourceTree = "<group>"; };
		AE8B46201CFDD72C0053E946 /* GXUCLinearGauge.h */ = {isa = PBXFileReference; lastKnownFileType = sourcecode.c.h; path = GXUCLinearGauge.h; sourceTree = "<group>"; };
		AE8B46251CFDD72C0053E946 /* GXProjectDebug.xcconfig */ = {isa = PBXFileReference; lastKnownFileType = text.xcconfig; name = GXProjectDebug.xcconfig; path = ../../../../xcConfigFiles/GXProjectDebug.xcconfig; sourceTree = "<group>"; };
		AE8B46261CFDD72C0053E946 /* GXProjectRelease.xcconfig */ = {isa = PBXFileReference; lastKnownFileType = text.xcconfig; name = GXProjectRelease.xcconfig; path = ../../../../xcConfigFiles/GXProjectRelease.xcconfig; sourceTree = "<group>"; };
		AE8B46271CFDD72C0053E946 /* GXiOSTarget.xcconfig */ = {isa = PBXFileReference; lastKnownFileType = text.xcconfig; name = GXiOSTarget.xcconfig; path = ../../../../xcConfigFiles/GXiOSTarget.xcconfig; sourceTree = "<group>"; };
		AE8B46281CFDD72C0053E946 /* GXwatchOSTarget.xcconfig */ = {isa = PBXFileReference; lastKnownFileType = text.xcconfig; name = GXwatchOSTarget.xcconfig; path = ../../../../xcConfigFiles/GXwatchOSTarget.xcconfig; sourceTree = "<group>"; };
		AE8B46291CFDD72C0053E946 /* GXtvOSTarget.xcconfig */ = {isa = PBXFileReference; lastKnownFileType = text.xcconfig; name = GXtvOSTarget.xcconfig; path = ../../../../xcConfigFiles/GXtvOSTarget.xcconfig; sourceTree = "<group>"; };
		AE8B46351CFDD7620053E946 /* GXCoreUI.xcodeproj */ = {isa = PBXFileReference; lastKnownFileType = "wrapper.pb-project"; name = GXCoreUI.xcodeproj; path = ../../GXFlexibleClient/GXCoreUI/GXCoreUI.xcodeproj; sourceTree = "<group>"; };
		AE8B466E1CFDD8A50053E946 /* GXControlLinearGauge.h */ = {isa = PBXFileReference; fileEncoding = 4; lastKnownFileType = sourcecode.c.h; name = GXControlLinearGauge.h; path = ../../GXUC_LinearGauge/GXUC_LinearGauge/GXControlLinearGauge.h; sourceTree = "<group>"; };
		AE8B466F1CFDD8A50053E946 /* GXControlLinearGauge.m */ = {isa = PBXFileReference; fileEncoding = 4; lastKnownFileType = sourcecode.c.objc; name = GXControlLinearGauge.m; path = ../../GXUC_LinearGauge/GXUC_LinearGauge/GXControlLinearGauge.m; sourceTree = "<group>"; };
		AE8B46701CFDD8A50053E946 /* GXLinearGaugeGradientView.h */ = {isa = PBXFileReference; fileEncoding = 4; lastKnownFileType = sourcecode.c.h; name = GXLinearGaugeGradientView.h; path = ../../GXUC_LinearGauge/GXUC_LinearGauge/GXLinearGaugeGradientView.h; sourceTree = "<group>"; };
		AE8B46711CFDD8A50053E946 /* GXLinearGaugeGradientView.m */ = {isa = PBXFileReference; fileEncoding = 4; lastKnownFileType = sourcecode.c.objc; name = GXLinearGaugeGradientView.m; path = ../../GXUC_LinearGauge/GXUC_LinearGauge/GXLinearGaugeGradientView.m; sourceTree = "<group>"; };
		AE8B46721CFDD8A50053E946 /* GXLinearGaugeRangeSpec.h */ = {isa = PBXFileReference; fileEncoding = 4; lastKnownFileType = sourcecode.c.h; name = GXLinearGaugeRangeSpec.h; path = ../../GXUC_LinearGauge/GXUC_LinearGauge/GXLinearGaugeRangeSpec.h; sourceTree = "<group>"; };
		AE8B46731CFDD8A50053E946 /* GXLinearGaugeRangeSpec.m */ = {isa = PBXFileReference; fileEncoding = 4; lastKnownFileType = sourcecode.c.objc; name = GXLinearGaugeRangeSpec.m; path = ../../GXUC_LinearGauge/GXUC_LinearGauge/GXLinearGaugeRangeSpec.m; sourceTree = "<group>"; };
		AE8B46741CFDD8A50053E946 /* GXLinearGaugeShapeView.h */ = {isa = PBXFileReference; fileEncoding = 4; lastKnownFileType = sourcecode.c.h; name = GXLinearGaugeShapeView.h; path = ../../GXUC_LinearGauge/GXUC_LinearGauge/GXLinearGaugeShapeView.h; sourceTree = "<group>"; };
		AE8B46751CFDD8A50053E946 /* GXLinearGaugeShapeView.m */ = {isa = PBXFileReference; fileEncoding = 4; lastKnownFileType = sourcecode.c.objc; name = GXLinearGaugeShapeView.m; path = ../../GXUC_LinearGauge/GXUC_LinearGauge/GXLinearGaugeShapeView.m; sourceTree = "<group>"; };
		AE8B46761CFDD8A50053E946 /* GXLinearGaugeSpecification.h */ = {isa = PBXFileReference; fileEncoding = 4; lastKnownFileType = sourcecode.c.h; name = GXLinearGaugeSpecification.h; path = ../../GXUC_LinearGauge/GXUC_LinearGauge/GXLinearGaugeSpecification.h; sourceTree = "<group>"; };
		AE8B46771CFDD8A50053E946 /* GXLinearGaugeSpecification.m */ = {isa = PBXFileReference; fileEncoding = 4; lastKnownFileType = sourcecode.c.objc; name = GXLinearGaugeSpecification.m; path = ../../GXUC_LinearGauge/GXUC_LinearGauge/GXLinearGaugeSpecification.m; sourceTree = "<group>"; };
		AE8B46781CFDD8A50053E946 /* GXLinearGaugeView.h */ = {isa = PBXFileReference; fileEncoding = 4; lastKnownFileType = sourcecode.c.h; name = GXLinearGaugeView.h; path = ../../GXUC_LinearGauge/GXUC_LinearGauge/GXLinearGaugeView.h; sourceTree = "<group>"; };
		AE8B46791CFDD8A50053E946 /* GXLinearGaugeView.m */ = {isa = PBXFileReference; fileEncoding = 4; lastKnownFileType = sourcecode.c.objc; name = GXLinearGaugeView.m; path = ../../GXUC_LinearGauge/GXUC_LinearGauge/GXLinearGaugeView.m; sourceTree = "<group>"; };
		AE983B9C1D357F120014DD5C /* GXCoreBL.framework */ = {isa = PBXFileReference; lastKnownFileType = wrapper.framework; path = GXCoreBL.framework; sourceTree = BUILT_PRODUCTS_DIR; };
		AE983B9D1D357F120014DD5C /* GXDataLayer.framework */ = {isa = PBXFileReference; lastKnownFileType = wrapper.framework; path = GXDataLayer.framework; sourceTree = BUILT_PRODUCTS_DIR; };
		AE983B9E1D357F120014DD5C /* GXFoundation.framework */ = {isa = PBXFileReference; lastKnownFileType = wrapper.framework; path = GXFoundation.framework; sourceTree = BUILT_PRODUCTS_DIR; };
		AE983B9F1D357F120014DD5C /* GXObjectsModel.framework */ = {isa = PBXFileReference; lastKnownFileType = wrapper.framework; path = GXObjectsModel.framework; sourceTree = BUILT_PRODUCTS_DIR; };
		AE983BA01D357F120014DD5C /* GXStandardClasses.framework */ = {isa = PBXFileReference; lastKnownFileType = wrapper.framework; path = GXStandardClasses.framework; sourceTree = BUILT_PRODUCTS_DIR; };
		AE983BA11D357F120014DD5C /* YAJL.framework */ = {isa = PBXFileReference; lastKnownFileType = wrapper.framework; path = YAJL.framework; sourceTree = BUILT_PRODUCTS_DIR; };
/* End PBXFileReference section */

/* Begin PBXFrameworksBuildPhase section */
		AE8B45E71CFDD72C0053E946 /* Frameworks */ = {
			isa = PBXFrameworksBuildPhase;
			buildActionMask = 2147483647;
			files = (
				AE983BA81D357F120014DD5C /* GXFoundation.framework in Frameworks */,
				AE983BA21D357F120014DD5C /* GXCoreBL.framework in Frameworks */,
				AE983BB11D357F120014DD5C /* YAJL.framework in Frameworks */,
				AE8B46431CFDD8140053E946 /* GXCoreUI.framework in Frameworks */,
				AE983BAE1D357F120014DD5C /* GXStandardClasses.framework in Frameworks */,
				AE983BA51D357F120014DD5C /* GXDataLayer.framework in Frameworks */,
				AE983BAB1D357F120014DD5C /* GXObjectsModel.framework in Frameworks */,
			);
			runOnlyForDeploymentPostprocessing = 0;
		};
		AE8B45FE1CFDD72C0053E946 /* Frameworks */ = {
			isa = PBXFrameworksBuildPhase;
			buildActionMask = 2147483647;
			files = (
				AE983BA91D357F120014DD5C /* GXFoundation.framework in Frameworks */,
				AE983BA31D357F120014DD5C /* GXCoreBL.framework in Frameworks */,
				AE983BB21D357F120014DD5C /* YAJL.framework in Frameworks */,
				AE8B46521CFDD8360053E946 /* GXCoreUI.framework in Frameworks */,
				AE983BAF1D357F120014DD5C /* GXStandardClasses.framework in Frameworks */,
				AE983BA61D357F120014DD5C /* GXDataLayer.framework in Frameworks */,
				AE983BAC1D357F120014DD5C /* GXObjectsModel.framework in Frameworks */,
			);
			runOnlyForDeploymentPostprocessing = 0;
		};
		AE8B460C1CFDD72C0053E946 /* Frameworks */ = {
			isa = PBXFrameworksBuildPhase;
			buildActionMask = 2147483647;
			files = (
				AE983BAA1D357F120014DD5C /* GXFoundation.framework in Frameworks */,
				AE983BA41D357F120014DD5C /* GXCoreBL.framework in Frameworks */,
				AE983BB31D357F120014DD5C /* YAJL.framework in Frameworks */,
				AE8B46611CFDD8540053E946 /* GXCoreUI.framework in Frameworks */,
				AE983BB01D357F120014DD5C /* GXStandardClasses.framework in Frameworks */,
				AE983BA71D357F120014DD5C /* GXDataLayer.framework in Frameworks */,
				AE983BAD1D357F120014DD5C /* GXObjectsModel.framework in Frameworks */,
			);
			runOnlyForDeploymentPostprocessing = 0;
		};
/* End PBXFrameworksBuildPhase section */

/* Begin PBXGroup section */
		AE8B45E11CFDD72C0053E946 = {
			isa = PBXGroup;
			children = (
				AE8B46191CFDD72C0053E946 /* GXUCLinearGauge */,
				AE8B45EE1CFDD72C0053E946 /* Frameworks */,
				AE8B45ED1CFDD72C0053E946 /* Products */,
			);
			sourceTree = "<group>";
		};
		AE8B45ED1CFDD72C0053E946 /* Products */ = {
			isa = PBXGroup;
			children = (
				AE8B45EC1CFDD72C0053E946 /* GXUCLinearGauge.framework */,
				AE8B46031CFDD72C0053E946 /* GXUCLinearGauge.framework */,
				AE8B46111CFDD72C0053E946 /* GXUCLinearGauge.framework */,
			);
			name = Products;
			sourceTree = "<group>";
		};
		AE8B45EE1CFDD72C0053E946 /* Frameworks */ = {
			isa = PBXGroup;
			children = (
				AE983B9C1D357F120014DD5C /* GXCoreBL.framework */,
				AE983B9D1D357F120014DD5C /* GXDataLayer.framework */,
				AE983B9E1D357F120014DD5C /* GXFoundation.framework */,
				AE983B9F1D357F120014DD5C /* GXObjectsModel.framework */,
				AE983BA01D357F120014DD5C /* GXStandardClasses.framework */,
				AE983BA11D357F120014DD5C /* YAJL.framework */,
				AE8B46351CFDD7620053E946 /* GXCoreUI.xcodeproj */,
			);
			name = Frameworks;
			sourceTree = "<group>";
		};
		AE8B46191CFDD72C0053E946 /* GXUCLinearGauge */ = {
			isa = PBXGroup;
			children = (
				AE8B46241CFDD72C0053E946 /* Config */,
				AE8B461C1CFDD72C0053E946 /* iOS */,
				AE8B461B1CFDD72C0053E946 /* watchOS */,
				AE8B461A1CFDD72C0053E946 /* tvOS */,
				AE8B46201CFDD72C0053E946 /* GXUCLinearGauge.h */,
				AE8B466E1CFDD8A50053E946 /* GXControlLinearGauge.h */,
				AE8B466F1CFDD8A50053E946 /* GXControlLinearGauge.m */,
				AE8B46701CFDD8A50053E946 /* GXLinearGaugeGradientView.h */,
				AE8B46711CFDD8A50053E946 /* GXLinearGaugeGradientView.m */,
				AE8B46721CFDD8A50053E946 /* GXLinearGaugeRangeSpec.h */,
				AE8B46731CFDD8A50053E946 /* GXLinearGaugeRangeSpec.m */,
				AE8B46741CFDD8A50053E946 /* GXLinearGaugeShapeView.h */,
				AE8B46751CFDD8A50053E946 /* GXLinearGaugeShapeView.m */,
				AE8B46761CFDD8A50053E946 /* GXLinearGaugeSpecification.h */,
				AE8B46771CFDD8A50053E946 /* GXLinearGaugeSpecification.m */,
				AE8B46781CFDD8A50053E946 /* GXLinearGaugeView.h */,
				AE8B46791CFDD8A50053E946 /* GXLinearGaugeView.m */,
				AE45A3AC20E663B0003BF6E8 /* GXLinearGaugeInnerViewBase.h */,
				AE45A3AD20E663B0003BF6E8 /* GXLinearGaugeInnerViewBase.m */,
				AE7B02BC20E6673C0073CE54 /* GXLinearGaugeInnerViewDefault.h */,
				AE7B02BD20E6673C0073CE54 /* GXLinearGaugeInnerViewDefault.m */,
				57208F6D204490A400A861B3 /* GXLinearGaugeInnerViewCircular.h */,
				57208F6C204490A300A861B3 /* GXLinearGaugeInnerViewCircular.m */,
			);
			path = GXUCLinearGauge;
			sourceTree = "<group>";
		};
		AE8B461A1CFDD72C0053E946 /* tvOS */ = {
			isa = PBXGroup;
			children = (
				AE8B461F1CFDD72C0053E946 /* Info.plist */,
			);
			path = tvOS;
			sourceTree = "<group>";
		};
		AE8B461B1CFDD72C0053E946 /* watchOS */ = {
			isa = PBXGroup;
			children = (
				AE8B461E1CFDD72C0053E946 /* Info.plist */,
			);
			path = watchOS;
			sourceTree = "<group>";
		};
		AE8B461C1CFDD72C0053E946 /* iOS */ = {
			isa = PBXGroup;
			children = (
				AE8B461D1CFDD72C0053E946 /* Info.plist */,
			);
			path = iOS;
			sourceTree = "<group>";
		};
		AE8B46241CFDD72C0053E946 /* Config */ = {
			isa = PBXGroup;
			children = (
				AE8B46251CFDD72C0053E946 /* GXProjectDebug.xcconfig */,
				AE8B46261CFDD72C0053E946 /* GXProjectRelease.xcconfig */,
				AE8B46271CFDD72C0053E946 /* GXiOSTarget.xcconfig */,
				AE8B46281CFDD72C0053E946 /* GXwatchOSTarget.xcconfig */,
				AE8B46291CFDD72C0053E946 /* GXtvOSTarget.xcconfig */,
			);
			path = Config;
			sourceTree = "<group>";
		};
		AE8B46361CFDD7620053E946 /* Products */ = {
			isa = PBXGroup;
			children = (
				AE8B463C1CFDD7620053E946 /* GXCoreUI.framework */,
				AE8B463E1CFDD7620053E946 /* GXCoreUI.framework */,
				AE8B46401CFDD7620053E946 /* GXCoreUI.framework */,
			);
			name = Products;
			sourceTree = "<group>";
		};
/* End PBXGroup section */

/* Begin PBXHeadersBuildPhase section */
		AE8B45E81CFDD72C0053E946 /* Headers */ = {
			isa = PBXHeadersBuildPhase;
			buildActionMask = 2147483647;
			files = (
				AE45A3AE20E663B0003BF6E8 /* GXLinearGaugeInnerViewBase.h in Headers */,
				AE8B46801CFDD8A50053E946 /* GXLinearGaugeShapeView.h in Headers */,
				57208F6F204490A400A861B3 /* GXLinearGaugeInnerViewCircular.h in Headers */,
				AE8B467C1CFDD8A50053E946 /* GXLinearGaugeGradientView.h in Headers */,
				AE7B02BE20E6673C0073CE54 /* GXLinearGaugeInnerViewDefault.h in Headers */,
				AE8B467E1CFDD8A50053E946 /* GXLinearGaugeRangeSpec.h in Headers */,
				AE8B467A1CFDD8A50053E946 /* GXControlLinearGauge.h in Headers */,
				AE8B46821CFDD8A50053E946 /* GXLinearGaugeSpecification.h in Headers */,
				AE8B46211CFDD72C0053E946 /* GXUCLinearGauge.h in Headers */,
				AE8B46841CFDD8A50053E946 /* GXLinearGaugeView.h in Headers */,
			);
			runOnlyForDeploymentPostprocessing = 0;
		};
		AE8B45FF1CFDD72C0053E946 /* Headers */ = {
			isa = PBXHeadersBuildPhase;
			buildActionMask = 2147483647;
			files = (
				AE8B46221CFDD72C0053E946 /* GXUCLinearGauge.h in Headers */,
			);
			runOnlyForDeploymentPostprocessing = 0;
		};
		AE8B460D1CFDD72C0053E946 /* Headers */ = {
			isa = PBXHeadersBuildPhase;
			buildActionMask = 2147483647;
			files = (
				AE45A3AF20E663B0003BF6E8 /* GXLinearGaugeInnerViewBase.h in Headers */,
				AE8B468C1CFDD8AF0053E946 /* GXLinearGaugeShapeView.h in Headers */,
				57208F70204490FB00A861B3 /* GXLinearGaugeInnerViewCircular.h in Headers */,
				AE8B46881CFDD8AF0053E946 /* GXLinearGaugeGradientView.h in Headers */,
				AE7B02BF20E6673C0073CE54 /* GXLinearGaugeInnerViewDefault.h in Headers */,
				AE8B468A1CFDD8AF0053E946 /* GXLinearGaugeRangeSpec.h in Headers */,
				AE8B46861CFDD8AF0053E946 /* GXControlLinearGauge.h in Headers */,
				AE8B468E1CFDD8AF0053E946 /* GXLinearGaugeSpecification.h in Headers */,
				AE8B46231CFDD72C0053E946 /* GXUCLinearGauge.h in Headers */,
				AE8B46901CFDD8AF0053E946 /* GXLinearGaugeView.h in Headers */,
			);
			runOnlyForDeploymentPostprocessing = 0;
		};
/* End PBXHeadersBuildPhase section */

/* Begin PBXNativeTarget section */
		AE8B45EB1CFDD72C0053E946 /* GXUCLinearGauge-iOS */ = {
			isa = PBXNativeTarget;
			buildConfigurationList = AE8B462C1CFDD72C0053E946 /* Build configuration list for PBXNativeTarget "GXUCLinearGauge-iOS" */;
			buildPhases = (
				AE8B45E61CFDD72C0053E946 /* Sources */,
				AE8B45E71CFDD72C0053E946 /* Frameworks */,
				AE8B45E81CFDD72C0053E946 /* Headers */,
				AE8B45E91CFDD72C0053E946 /* Resources */,
			);
			buildRules = (
			);
			dependencies = (
				AE8B46421CFDD7680053E946 /* PBXTargetDependency */,
			);
			name = "GXUCLinearGauge-iOS";
			productName = "GXUCLinearGauge-iOS";
			productReference = AE8B45EC1CFDD72C0053E946 /* GXUCLinearGauge.framework */;
			productType = "com.apple.product-type.framework";
		};
		AE8B46021CFDD72C0053E946 /* GXUCLinearGauge-watchOS */ = {
			isa = PBXNativeTarget;
			buildConfigurationList = AE8B462F1CFDD72C0053E946 /* Build configuration list for PBXNativeTarget "GXUCLinearGauge-watchOS" */;
			buildPhases = (
				AE8B45FD1CFDD72C0053E946 /* Sources */,
				AE8B45FE1CFDD72C0053E946 /* Frameworks */,
				AE8B45FF1CFDD72C0053E946 /* Headers */,
				AE8B46001CFDD72C0053E946 /* Resources */,
			);
			buildRules = (
			);
			dependencies = (
				AE8B46511CFDD81F0053E946 /* PBXTargetDependency */,
			);
			name = "GXUCLinearGauge-watchOS";
			productName = "GXUCLinearGauge-watchOS";
			productReference = AE8B46031CFDD72C0053E946 /* GXUCLinearGauge.framework */;
			productType = "com.apple.product-type.framework";
		};
		AE8B46101CFDD72C0053E946 /* GXUCLinearGauge-tvOS */ = {
			isa = PBXNativeTarget;
			buildConfigurationList = AE8B46321CFDD72C0053E946 /* Build configuration list for PBXNativeTarget "GXUCLinearGauge-tvOS" */;
			buildPhases = (
				AE8B460B1CFDD72C0053E946 /* Sources */,
				AE8B460C1CFDD72C0053E946 /* Frameworks */,
				AE8B460D1CFDD72C0053E946 /* Headers */,
				AE8B460E1CFDD72C0053E946 /* Resources */,
			);
			buildRules = (
			);
			dependencies = (
				AE8B46601CFDD8410053E946 /* PBXTargetDependency */,
			);
			name = "GXUCLinearGauge-tvOS";
			productName = "GXUCLinearGauge-tvOS";
			productReference = AE8B46111CFDD72C0053E946 /* GXUCLinearGauge.framework */;
			productType = "com.apple.product-type.framework";
		};
/* End PBXNativeTarget section */

/* Begin PBXProject section */
		AE8B45E21CFDD72C0053E946 /* Project object */ = {
			isa = PBXProject;
			attributes = {
				CLASSPREFIX = GX;
				LastUpgradeCheck = 0800;
				ORGANIZATIONNAME = GeneXus;
				TargetAttributes = {
					AE8B45EB1CFDD72C0053E946 = {
						CreatedOnToolsVersion = 7.3.1;
						LastSwiftMigration = 0920;
					};
					AE8B46021CFDD72C0053E946 = {
						CreatedOnToolsVersion = 7.3.1;
					};
					AE8B46101CFDD72C0053E946 = {
						CreatedOnToolsVersion = 7.3.1;
					};
				};
			};
			buildConfigurationList = AE8B45E51CFDD72C0053E946 /* Build configuration list for PBXProject "GXUCLinearGauge" */;
			compatibilityVersion = "Xcode 3.2";
			developmentRegion = en;
			hasScannedForEncodings = 0;
			knownRegions = (
				en,
				Base,
			);
			mainGroup = AE8B45E11CFDD72C0053E946;
			productRefGroup = AE8B45ED1CFDD72C0053E946 /* Products */;
			projectDirPath = "";
			projectReferences = (
				{
					ProductGroup = AE8B46361CFDD7620053E946 /* Products */;
					ProjectRef = AE8B46351CFDD7620053E946 /* GXCoreUI.xcodeproj */;
				},
			);
			projectRoot = "";
			targets = (
				AE8B45EB1CFDD72C0053E946 /* GXUCLinearGauge-iOS */,
				AE8B46021CFDD72C0053E946 /* GXUCLinearGauge-watchOS */,
				AE8B46101CFDD72C0053E946 /* GXUCLinearGauge-tvOS */,
			);
		};
/* End PBXProject section */

/* Begin PBXReferenceProxy section */
		AE8B463C1CFDD7620053E946 /* GXCoreUI.framework */ = {
			isa = PBXReferenceProxy;
			fileType = wrapper.framework;
			path = GXCoreUI.framework;
			remoteRef = AE8B463B1CFDD7620053E946 /* PBXContainerItemProxy */;
			sourceTree = BUILT_PRODUCTS_DIR;
		};
		AE8B463E1CFDD7620053E946 /* GXCoreUI.framework */ = {
			isa = PBXReferenceProxy;
			fileType = wrapper.framework;
			path = GXCoreUI.framework;
			remoteRef = AE8B463D1CFDD7620053E946 /* PBXContainerItemProxy */;
			sourceTree = BUILT_PRODUCTS_DIR;
		};
		AE8B46401CFDD7620053E946 /* GXCoreUI.framework */ = {
			isa = PBXReferenceProxy;
			fileType = wrapper.framework;
			path = GXCoreUI.framework;
			remoteRef = AE8B463F1CFDD7620053E946 /* PBXContainerItemProxy */;
			sourceTree = BUILT_PRODUCTS_DIR;
		};
/* End PBXReferenceProxy section */

/* Begin PBXResourcesBuildPhase section */
		AE8B45E91CFDD72C0053E946 /* Resources */ = {
			isa = PBXResourcesBuildPhase;
			buildActionMask = 2147483647;
			files = (
			);
			runOnlyForDeploymentPostprocessing = 0;
		};
		AE8B46001CFDD72C0053E946 /* Resources */ = {
			isa = PBXResourcesBuildPhase;
			buildActionMask = 2147483647;
			files = (
			);
			runOnlyForDeploymentPostprocessing = 0;
		};
		AE8B460E1CFDD72C0053E946 /* Resources */ = {
			isa = PBXResourcesBuildPhase;
			buildActionMask = 2147483647;
			files = (
			);
			runOnlyForDeploymentPostprocessing = 0;
		};
/* End PBXResourcesBuildPhase section */

/* Begin PBXSourcesBuildPhase section */
		AE8B45E61CFDD72C0053E946 /* Sources */ = {
			isa = PBXSourcesBuildPhase;
			buildActionMask = 2147483647;
			files = (
				AE7B02C020E6673C0073CE54 /* GXLinearGaugeInnerViewDefault.m in Sources */,
				AE8B467D1CFDD8A50053E946 /* GXLinearGaugeGradientView.m in Sources */,
				AE8B467F1CFDD8A50053E946 /* GXLinearGaugeRangeSpec.m in Sources */,
				AE8B46811CFDD8A50053E946 /* GXLinearGaugeShapeView.m in Sources */,
				57208F6E204490A400A861B3 /* GXLinearGaugeInnerViewCircular.m in Sources */,
				AE45A3B020E663B0003BF6E8 /* GXLinearGaugeInnerViewBase.m in Sources */,
				AE8B46831CFDD8A50053E946 /* GXLinearGaugeSpecification.m in Sources */,
				AE8B46851CFDD8A50053E946 /* GXLinearGaugeView.m in Sources */,
				AE8B467B1CFDD8A50053E946 /* GXControlLinearGauge.m in Sources */,
			);
			runOnlyForDeploymentPostprocessing = 0;
		};
		AE8B45FD1CFDD72C0053E946 /* Sources */ = {
			isa = PBXSourcesBuildPhase;
			buildActionMask = 2147483647;
			files = (
			);
			runOnlyForDeploymentPostprocessing = 0;
		};
		AE8B460B1CFDD72C0053E946 /* Sources */ = {
			isa = PBXSourcesBuildPhase;
			buildActionMask = 2147483647;
			files = (
				AE7B02C120E6673C0073CE54 /* GXLinearGaugeInnerViewDefault.m in Sources */,
				AE8B46891CFDD8AF0053E946 /* GXLinearGaugeGradientView.m in Sources */,
				AE8B468B1CFDD8AF0053E946 /* GXLinearGaugeRangeSpec.m in Sources */,
				AE8B468D1CFDD8AF0053E946 /* GXLinearGaugeShapeView.m in Sources */,
				57208F71204490FB00A861B3 /* GXLinearGaugeInnerViewCircular.m in Sources */,
				AE45A3B120E663B0003BF6E8 /* GXLinearGaugeInnerViewBase.m in Sources */,
				AE8B468F1CFDD8AF0053E946 /* GXLinearGaugeSpecification.m in Sources */,
				AE8B46911CFDD8AF0053E946 /* GXLinearGaugeView.m in Sources */,
				AE8B46871CFDD8AF0053E946 /* GXControlLinearGauge.m in Sources */,
			);
			runOnlyForDeploymentPostprocessing = 0;
		};
/* End PBXSourcesBuildPhase section */

/* Begin PBXTargetDependency section */
		AE8B46421CFDD7680053E946 /* PBXTargetDependency */ = {
			isa = PBXTargetDependency;
			name = "GXCoreUI-iOS";
			targetProxy = AE8B46411CFDD7680053E946 /* PBXContainerItemProxy */;
		};
		AE8B46511CFDD81F0053E946 /* PBXTargetDependency */ = {
			isa = PBXTargetDependency;
			name = "GXCoreUI-watchOS";
			targetProxy = AE8B46501CFDD81F0053E946 /* PBXContainerItemProxy */;
		};
		AE8B46601CFDD8410053E946 /* PBXTargetDependency */ = {
			isa = PBXTargetDependency;
			name = "GXCoreUI-tvOS";
			targetProxy = AE8B465F1CFDD8410053E946 /* PBXContainerItemProxy */;
		};
/* End PBXTargetDependency section */

/* Begin XCBuildConfiguration section */
		AE8B462A1CFDD72C0053E946 /* Debug */ = {
			isa = XCBuildConfiguration;
			baseConfigurationReference = AE8B46251CFDD72C0053E946 /* GXProjectDebug.xcconfig */;
			buildSettings = {
				CURRENT_PROJECT_VERSION = 1;
				VERSIONING_SYSTEM = "apple-generic";
				VERSION_INFO_PREFIX = "";
			};
			name = Debug;
		};
		AE8B462B1CFDD72C0053E946 /* Release */ = {
			isa = XCBuildConfiguration;
			baseConfigurationReference = AE8B46261CFDD72C0053E946 /* GXProjectRelease.xcconfig */;
			buildSettings = {
				CURRENT_PROJECT_VERSION = 1;
				VERSIONING_SYSTEM = "apple-generic";
				VERSION_INFO_PREFIX = "";
			};
			name = Release;
		};
		AE8B462D1CFDD72C0053E946 /* Debug */ = {
			isa = XCBuildConfiguration;
			baseConfigurationReference = AE8B46271CFDD72C0053E946 /* GXiOSTarget.xcconfig */;
			buildSettings = {
				APPLICATION_EXTENSION_API_ONLY = YES;
				DEFINES_MODULE = YES;
				DYLIB_COMPATIBILITY_VERSION = 1;
				DYLIB_CURRENT_VERSION = 1;
				DYLIB_INSTALL_NAME_BASE = "@rpath";
				FRAMEWORK_SEARCH_PATHS = (
					"$(inherited)",
					"\"$(BUILT_PRODUCTS_DIR)\"",
				);
				INFOPLIST_FILE = GXUCLinearGauge/iOS/Info.plist;
				INSTALL_PATH = "$(LOCAL_LIBRARY_DIR)/Frameworks";
				LD_RUNPATH_SEARCH_PATHS = "$(inherited) @loader_path/Frameworks";
				PRODUCT_BUNDLE_IDENTIFIER = com.genexus.GXUCLinearGauge;
				PRODUCT_NAME = GXUCLinearGauge;
				SKIP_INSTALL = YES;
				SYMROOT = "$(SRCROOT)/../../Build/build";
			};
			name = Debug;
		};
		AE8B462E1CFDD72C0053E946 /* Release */ = {
			isa = XCBuildConfiguration;
			baseConfigurationReference = AE8B46271CFDD72C0053E946 /* GXiOSTarget.xcconfig */;
			buildSettings = {
				APPLICATION_EXTENSION_API_ONLY = YES;
				DEFINES_MODULE = YES;
				DYLIB_COMPATIBILITY_VERSION = 1;
				DYLIB_CURRENT_VERSION = 1;
				DYLIB_INSTALL_NAME_BASE = "@rpath";
				FRAMEWORK_SEARCH_PATHS = (
					"$(inherited)",
					"\"$(BUILT_PRODUCTS_DIR)\"",
				);
				INFOPLIST_FILE = GXUCLinearGauge/iOS/Info.plist;
				INSTALL_PATH = "$(LOCAL_LIBRARY_DIR)/Frameworks";
				LD_RUNPATH_SEARCH_PATHS = "$(inherited) @loader_path/Frameworks";
				PRODUCT_BUNDLE_IDENTIFIER = com.genexus.GXUCLinearGauge;
				PRODUCT_NAME = GXUCLinearGauge;
				SKIP_INSTALL = YES;
				SYMROOT = "$(SRCROOT)/../../Build/build";
			};
			name = Release;
		};
		AE8B46301CFDD72C0053E946 /* Debug */ = {
			isa = XCBuildConfiguration;
			baseConfigurationReference = AE8B46281CFDD72C0053E946 /* GXwatchOSTarget.xcconfig */;
			buildSettings = {
				APPLICATION_EXTENSION_API_ONLY = YES;
				DEFINES_MODULE = YES;
				DYLIB_COMPATIBILITY_VERSION = 1;
				DYLIB_CURRENT_VERSION = 1;
				DYLIB_INSTALL_NAME_BASE = "@rpath";
				FRAMEWORK_SEARCH_PATHS = (
					"$(inherited)",
					"\"$(BUILT_PRODUCTS_DIR)\"",
				);
				INFOPLIST_FILE = GXUCLinearGauge/watchOS/Info.plist;
				INSTALL_PATH = "$(LOCAL_LIBRARY_DIR)/Frameworks";
				LD_RUNPATH_SEARCH_PATHS = "$(inherited) @loader_path/Frameworks";
				PRODUCT_BUNDLE_IDENTIFIER = com.genexus.GXUCLinearGauge;
				PRODUCT_NAME = GXUCLinearGauge;
				SKIP_INSTALL = YES;
				SYMROOT = "$(SRCROOT)/../../Build/build";
			};
			name = Debug;
		};
		AE8B46311CFDD72C0053E946 /* Release */ = {
			isa = XCBuildConfiguration;
			baseConfigurationReference = AE8B46281CFDD72C0053E946 /* GXwatchOSTarget.xcconfig */;
			buildSettings = {
				APPLICATION_EXTENSION_API_ONLY = YES;
				DEFINES_MODULE = YES;
				DYLIB_COMPATIBILITY_VERSION = 1;
				DYLIB_CURRENT_VERSION = 1;
				DYLIB_INSTALL_NAME_BASE = "@rpath";
				FRAMEWORK_SEARCH_PATHS = (
					"$(inherited)",
					"\"$(BUILT_PRODUCTS_DIR)\"",
				);
				INFOPLIST_FILE = GXUCLinearGauge/watchOS/Info.plist;
				INSTALL_PATH = "$(LOCAL_LIBRARY_DIR)/Frameworks";
				LD_RUNPATH_SEARCH_PATHS = "$(inherited) @loader_path/Frameworks";
				PRODUCT_BUNDLE_IDENTIFIER = com.genexus.GXUCLinearGauge;
				PRODUCT_NAME = GXUCLinearGauge;
				SKIP_INSTALL = YES;
				SYMROOT = "$(SRCROOT)/../../Build/build";
			};
			name = Release;
		};
		AE8B46331CFDD72C0053E946 /* Debug */ = {
			isa = XCBuildConfiguration;
			baseConfigurationReference = AE8B46291CFDD72C0053E946 /* GXtvOSTarget.xcconfig */;
			buildSettings = {
				APPLICATION_EXTENSION_API_ONLY = YES;
				DEFINES_MODULE = YES;
				DYLIB_COMPATIBILITY_VERSION = 1;
				DYLIB_CURRENT_VERSION = 1;
				DYLIB_INSTALL_NAME_BASE = "@rpath";
				FRAMEWORK_SEARCH_PATHS = (
					"$(inherited)",
					"\"$(BUILT_PRODUCTS_DIR)\"",
				);
				INFOPLIST_FILE = GXUCLinearGauge/tvOS/Info.plist;
				INSTALL_PATH = "$(LOCAL_LIBRARY_DIR)/Frameworks";
				LD_RUNPATH_SEARCH_PATHS = "$(inherited) @loader_path/Frameworks";
				PRODUCT_BUNDLE_IDENTIFIER = com.genexus.GXUCLinearGauge;
				PRODUCT_NAME = GXUCLinearGauge;
				SKIP_INSTALL = YES;
				SYMROOT = "$(SRCROOT)/../../Build/build";
			};
			name = Debug;
		};
		AE8B46341CFDD72C0053E946 /* Release */ = {
			isa = XCBuildConfiguration;
			baseConfigurationReference = AE8B46291CFDD72C0053E946 /* GXtvOSTarget.xcconfig */;
			buildSettings = {
				APPLICATION_EXTENSION_API_ONLY = YES;
				DEFINES_MODULE = YES;
				DYLIB_COMPATIBILITY_VERSION = 1;
				DYLIB_CURRENT_VERSION = 1;
				DYLIB_INSTALL_NAME_BASE = "@rpath";
				FRAMEWORK_SEARCH_PATHS = (
					"$(inherited)",
					"\"$(BUILT_PRODUCTS_DIR)\"",
				);
				INFOPLIST_FILE = GXUCLinearGauge/tvOS/Info.plist;
				INSTALL_PATH = "$(LOCAL_LIBRARY_DIR)/Frameworks";
				LD_RUNPATH_SEARCH_PATHS = "$(inherited) @loader_path/Frameworks";
				PRODUCT_BUNDLE_IDENTIFIER = com.genexus.GXUCLinearGauge;
				PRODUCT_NAME = GXUCLinearGauge;
				SKIP_INSTALL = YES;
				SYMROOT = "$(SRCROOT)/../../Build/build";
			};
			name = Release;
		};
/* End XCBuildConfiguration section */

/* Begin XCConfigurationList section */
		AE8B45E51CFDD72C0053E946 /* Build configuration list for PBXProject "GXUCLinearGauge" */ = {
			isa = XCConfigurationList;
			buildConfigurations = (
				AE8B462A1CFDD72C0053E946 /* Debug */,
				AE8B462B1CFDD72C0053E946 /* Release */,
			);
			defaultConfigurationIsVisible = 0;
			defaultConfigurationName = Release;
		};
		AE8B462C1CFDD72C0053E946 /* Build configuration list for PBXNativeTarget "GXUCLinearGauge-iOS" */ = {
			isa = XCConfigurationList;
			buildConfigurations = (
				AE8B462D1CFDD72C0053E946 /* Debug */,
				AE8B462E1CFDD72C0053E946 /* Release */,
			);
			defaultConfigurationIsVisible = 0;
			defaultConfigurationName = Release;
		};
		AE8B462F1CFDD72C0053E946 /* Build configuration list for PBXNativeTarget "GXUCLinearGauge-watchOS" */ = {
			isa = XCConfigurationList;
			buildConfigurations = (
				AE8B46301CFDD72C0053E946 /* Debug */,
				AE8B46311CFDD72C0053E946 /* Release */,
			);
			defaultConfigurationIsVisible = 0;
			defaultConfigurationName = Release;
		};
		AE8B46321CFDD72C0053E946 /* Build configuration list for PBXNativeTarget "GXUCLinearGauge-tvOS" */ = {
			isa = XCConfigurationList;
			buildConfigurations = (
				AE8B46331CFDD72C0053E946 /* Debug */,
				AE8B46341CFDD72C0053E946 /* Release */,
			);
			defaultConfigurationIsVisible = 0;
			defaultConfigurationName = Release;
		};
/* End XCConfigurationList section */
	};
	rootObject = AE8B45E21CFDD72C0053E946 /* Project object */;
}
